// !$*UTF8*$!
{
	archiveVersion = 1;
	classes = {
	};
	objectVersion = 46;
	objects = {

/* Begin PBXBuildFile section */
		293D30E21666773A722BAD04 /* MessageModel.swift in Sources */ = {isa = PBXBuildFile; fileRef = 293D3D8D5FB143EB07670E7E /* MessageModel.swift */; };
		293D3169AA27E45448B8D05C /* MessageSearchQueryModel.swift in Sources */ = {isa = PBXBuildFile; fileRef = 293D3388661F1E0C3B0C7FF9 /* MessageSearchQueryModel.swift */; };
		293D3854460CEF2AB74371C6 /* MessageCategory.swift in Sources */ = {isa = PBXBuildFile; fileRef = 293D3FA48E72707523A5E49C /* MessageCategory.swift */; };
		293D3D16DC673B329BDD8E7E /* MessageListModel.swift in Sources */ = {isa = PBXBuildFile; fileRef = 293D3EDD221DE1D0BEFA736D /* MessageListModel.swift */; };
		350644C31BD7783300D51D5C /* ListHeaderView.swift in Sources */ = {isa = PBXBuildFile; fileRef = 350644C21BD7783300D51D5C /* ListHeaderView.swift */; };
		350644C61BD7788400D51D5C /* ListHeaderView.xib in Resources */ = {isa = PBXBuildFile; fileRef = 350644C51BD7788400D51D5C /* ListHeaderView.xib */; };
		350644C81BD784A800D51D5C /* DateHeaderView.swift in Sources */ = {isa = PBXBuildFile; fileRef = 350644C71BD784A800D51D5C /* DateHeaderView.swift */; };
		350644CA1BD784B300D51D5C /* DateHeaderView.xib in Resources */ = {isa = PBXBuildFile; fileRef = 350644C91BD784B300D51D5C /* DateHeaderView.xib */; };
		350943641C070FCF0032CD8A /* LoginTableViewController.swift in Sources */ = {isa = PBXBuildFile; fileRef = 350943631C070FCF0032CD8A /* LoginTableViewController.swift */; };
		350943681C0732880032CD8A /* LogoTableViewCell.swift in Sources */ = {isa = PBXBuildFile; fileRef = 350943671C0732880032CD8A /* LogoTableViewCell.swift */; };
		3509436A1C0739430032CD8A /* InputTableViewCell.swift in Sources */ = {isa = PBXBuildFile; fileRef = 350943691C0739430032CD8A /* InputTableViewCell.swift */; };
		3509436C1C0744480032CD8A /* RememberMeTableViewCell.swift in Sources */ = {isa = PBXBuildFile; fileRef = 3509436B1C0744480032CD8A /* RememberMeTableViewCell.swift */; };
		3509436E1C07466C0032CD8A /* SignInTableViewCell.swift in Sources */ = {isa = PBXBuildFile; fileRef = 3509436D1C07466C0032CD8A /* SignInTableViewCell.swift */; };
		350943701C074E180032CD8A /* LoginUserTableViewCell.swift in Sources */ = {isa = PBXBuildFile; fileRef = 3509436F1C074E180032CD8A /* LoginUserTableViewCell.swift */; };
		3516FFA31BE7940000865EB9 /* ComposerReadDateTableViewCell.swift in Sources */ = {isa = PBXBuildFile; fileRef = 3516FFA21BE7940000865EB9 /* ComposerReadDateTableViewCell.swift */; };
		351793031C05E065001191E1 /* OwnUserProfileQueryModel.swift in Sources */ = {isa = PBXBuildFile; fileRef = 351793021C05E065001191E1 /* OwnUserProfileQueryModel.swift */; };
		351E8EC81BE3700F00690669 /* ComposerTopicTableViewCell.swift in Sources */ = {isa = PBXBuildFile; fileRef = 351E8EC71BE3700F00690669 /* ComposerTopicTableViewCell.swift */; };
		351E8ECC1BE3C2AC00690669 /* ComposerBodyTableViewCell.swift in Sources */ = {isa = PBXBuildFile; fileRef = 351E8ECB1BE3C2AC00690669 /* ComposerBodyTableViewCell.swift */; };
		352B52951BFB47910060C34B /* ReplyListModel.swift in Sources */ = {isa = PBXBuildFile; fileRef = 352B52941BFB47910060C34B /* ReplyListModel.swift */; };
		3532472F1BEC9DA000733B1A /* AddRecipientHeaderView.swift in Sources */ = {isa = PBXBuildFile; fileRef = 3532472E1BEC9DA000733B1A /* AddRecipientHeaderView.swift */; };
		353247311BEC9DAC00733B1A /* AddRecipientHeaderView.xib in Resources */ = {isa = PBXBuildFile; fileRef = 353247301BEC9DAC00733B1A /* AddRecipientHeaderView.xib */; };
		353C04FB1BE2490F00C92352 /* LocalizationService.swift in Sources */ = {isa = PBXBuildFile; fileRef = 353C04FA1BE2490F00C92352 /* LocalizationService.swift */; };
		353C04FE1BE253BF00C92352 /* Localizable.strings in Resources */ = {isa = PBXBuildFile; fileRef = 353C05001BE253BF00C92352 /* Localizable.strings */; };
		353C05051BE25D0800C92352 /* MainTabBarController.swift in Sources */ = {isa = PBXBuildFile; fileRef = 353C05041BE25D0800C92352 /* MainTabBarController.swift */; };
		355FF06E1BDF697B0070B600 /* SearchNewsQueryModel.swift in Sources */ = {isa = PBXBuildFile; fileRef = 355FF06D1BDF697B0070B600 /* SearchNewsQueryModel.swift */; };
		35610F5D1BF4BAB6007BE698 /* MessageDetailViewController.swift in Sources */ = {isa = PBXBuildFile; fileRef = 35610F5C1BF4BAB6007BE698 /* MessageDetailViewController.swift */; };
		3563B9981BD117BE009BE696 /* UserTableViewCell.swift in Sources */ = {isa = PBXBuildFile; fileRef = 3563B9971BD117BE009BE696 /* UserTableViewCell.swift */; };
		3563B99A1BD11B43009BE696 /* NewsDetailViewController.swift in Sources */ = {isa = PBXBuildFile; fileRef = 3563B9991BD11B43009BE696 /* NewsDetailViewController.swift */; };
		3563B99E1BD1288A009BE696 /* ImageTableViewCell.swift in Sources */ = {isa = PBXBuildFile; fileRef = 3563B99D1BD12889009BE696 /* ImageTableViewCell.swift */; };
		3563B9A01BD12CCB009BE696 /* TitleTableViewCell.swift in Sources */ = {isa = PBXBuildFile; fileRef = 3563B99F1BD12CCB009BE696 /* TitleTableViewCell.swift */; };
		3563B9A21BD12E40009BE696 /* DescriptionTableViewCell.swift in Sources */ = {isa = PBXBuildFile; fileRef = 3563B9A11BD12E40009BE696 /* DescriptionTableViewCell.swift */; };
		3563B9A41BD12FAE009BE696 /* HashtagAndTimeTableViewCell.swift in Sources */ = {isa = PBXBuildFile; fileRef = 3563B9A31BD12FAE009BE696 /* HashtagAndTimeTableViewCell.swift */; };
		35690C6B1BF9D5F3006055EB /* MessageTableViewCell.swift in Sources */ = {isa = PBXBuildFile; fileRef = 35690C691BF9D5F3006055EB /* MessageTableViewCell.swift */; };
		3584F0F01BEB48CC00AB20B2 /* ComposeReportsHeaderView.swift in Sources */ = {isa = PBXBuildFile; fileRef = 3584F0EF1BEB48CC00AB20B2 /* ComposeReportsHeaderView.swift */; };
		3584F0F21BEB48DD00AB20B2 /* ComposeReportsHeaderView.xib in Resources */ = {isa = PBXBuildFile; fileRef = 3584F0F11BEB48DD00AB20B2 /* ComposeReportsHeaderView.xib */; };
		3591D0101BEA085500AE4884 /* KeychainWrapper.swift in Sources */ = {isa = PBXBuildFile; fileRef = 3591D00F1BEA085500AE4884 /* KeychainWrapper.swift */; };
		35A3498A1BF5E6C100CD0DEB /* MessageDetailCommentTableViewCell.swift in Sources */ = {isa = PBXBuildFile; fileRef = 35A349891BF5E6C100CD0DEB /* MessageDetailCommentTableViewCell.swift */; };
		35AF6F1E1BFB518D00600B6F /* SearchReplyListModel.swift in Sources */ = {isa = PBXBuildFile; fileRef = 35AF6F1D1BFB518D00600B6F /* SearchReplyListModel.swift */; };
		35D6EA371BEBA2D20084559B /* AddRecipientViewController.swift in Sources */ = {isa = PBXBuildFile; fileRef = 35D6EA361BEBA2D20084559B /* AddRecipientViewController.swift */; };
		35DDBEB91BF3700F00791F79 /* ReplayViewController.swift in Sources */ = {isa = PBXBuildFile; fileRef = 35DDBEB81BF3700F00791F79 /* ReplayViewController.swift */; };
		35DDBEBB1BF3951D00791F79 /* CreateReplyModel.swift in Sources */ = {isa = PBXBuildFile; fileRef = 35DDBEBA1BF3951D00791F79 /* CreateReplyModel.swift */; };
		35E560B41C0370B800F26C70 /* MyProfileViewController.swift in Sources */ = {isa = PBXBuildFile; fileRef = 35E560B31C0370B800F26C70 /* MyProfileViewController.swift */; };
		35E775D51BFDE9AA000A0BA7 /* MessageCreateReplyModel.swift in Sources */ = {isa = PBXBuildFile; fileRef = 35E775D41BFDE9AA000A0BA7 /* MessageCreateReplyModel.swift */; };
		35EE4E971BE89CBD00740A03 /* NewMessageModel.swift in Sources */ = {isa = PBXBuildFile; fileRef = 35EE4E961BE89CBD00740A03 /* NewMessageModel.swift */; };
		35EE4E991BE8DDD400740A03 /* CategoriesListModel.swift in Sources */ = {isa = PBXBuildFile; fileRef = 35EE4E981BE8DDD400740A03 /* CategoriesListModel.swift */; };
		35FAAE931BFB2DAD0006B915 /* ReplyModel.swift in Sources */ = {isa = PBXBuildFile; fileRef = 35FAAE921BFB2DAD0006B915 /* ReplyModel.swift */; };
		35FF25DF1BECF62600B1D734 /* BusinessUnitModel.swift in Sources */ = {isa = PBXBuildFile; fileRef = 35FF25DE1BECF62600B1D734 /* BusinessUnitModel.swift */; };
		35FF25E11BECF93C00B1D734 /* BusinessUnitListModel.swift in Sources */ = {isa = PBXBuildFile; fileRef = 35FF25E01BECF93C00B1D734 /* BusinessUnitListModel.swift */; };
		35FF25E31BECFAB300B1D734 /* JobClassificationModel.swift in Sources */ = {isa = PBXBuildFile; fileRef = 35FF25E21BECFAB300B1D734 /* JobClassificationModel.swift */; };
		35FF25E51BECFBDC00B1D734 /* JobClassificationListModel.swift in Sources */ = {isa = PBXBuildFile; fileRef = 35FF25E41BECFBDC00B1D734 /* JobClassificationListModel.swift */; };
		35FF25E71BECFDF400B1D734 /* PermissionGroupsModel.swift in Sources */ = {isa = PBXBuildFile; fileRef = 35FF25E61BECFDF400B1D734 /* PermissionGroupsModel.swift */; };
		35FF25E91BECFE6300B1D734 /* PermissionGroupsListModel.swift in Sources */ = {isa = PBXBuildFile; fileRef = 35FF25E81BECFE6300B1D734 /* PermissionGroupsListModel.swift */; };
		3DD1FF321BE39FC0005C4339 /* NewsCategoryModel.swift in Sources */ = {isa = PBXBuildFile; fileRef = 3DD1FF311BE39FC0005C4339 /* NewsCategoryModel.swift */; };
		3DEFA79D1BD5040A00596A2B /* FilterNewsViewController.swift in Sources */ = {isa = PBXBuildFile; fileRef = 3DEFA79C1BD5040A00596A2B /* FilterNewsViewController.swift */; };
		3DEFA79F1BD5056E00596A2B /* DatePickerTableViewCell.swift in Sources */ = {isa = PBXBuildFile; fileRef = 3DEFA79E1BD5056E00596A2B /* DatePickerTableViewCell.swift */; };
		3DEFA7A11BD50B7100596A2B /* CategoryTableViewCell.swift in Sources */ = {isa = PBXBuildFile; fileRef = 3DEFA7A01BD50B7100596A2B /* CategoryTableViewCell.swift */; };
		400327D51BE817FC00D2BEAE /* UserProfileModel.swift in Sources */ = {isa = PBXBuildFile; fileRef = 400327D41BE817FC00D2BEAE /* UserProfileModel.swift */; };
		4012FFAF1BF5D4CE002B1711 /* SeparatorView.swift in Sources */ = {isa = PBXBuildFile; fileRef = 4012FFAE1BF5D4CE002B1711 /* SeparatorView.swift */; };
		4012FFB31BF62EA1002B1711 /* MessageCategoryCollectionViewCell.swift in Sources */ = {isa = PBXBuildFile; fileRef = 4012FFB21BF62EA1002B1711 /* MessageCategoryCollectionViewCell.swift */; };
		4014E4EC1BD0FD4F00837B3E /* NewsTableViewCell.swift in Sources */ = {isa = PBXBuildFile; fileRef = 4014E4EB1BD0FD4F00837B3E /* NewsTableViewCell.swift */; };
		4015F8701BFB23720030927E /* RoleModel.swift in Sources */ = {isa = PBXBuildFile; fileRef = 4015F86F1BFB23720030927E /* RoleModel.swift */; };
		4015F8721BFB27BB0030927E /* RoleListModel.swift in Sources */ = {isa = PBXBuildFile; fileRef = 4015F8711BFB27BB0030927E /* RoleListModel.swift */; };
		4015F8741BFB40C60030927E /* BaseMessageModel.swift in Sources */ = {isa = PBXBuildFile; fileRef = 4015F8731BFB40C60030927E /* BaseMessageModel.swift */; };
		4015F8771BFB88ED0030927E /* RecipientsCountModel.swift in Sources */ = {isa = PBXBuildFile; fileRef = 4015F8761BFB88ED0030927E /* RecipientsCountModel.swift */; };
		4018CD671C04571A007648E2 /* iTacitTests.swift in Sources */ = {isa = PBXBuildFile; fileRef = 4018CD661C04571A007648E2 /* iTacitTests.swift */; };
		4018CD6F1C04575D007648E2 /* GreetingTests.swift in Sources */ = {isa = PBXBuildFile; fileRef = 4018CD6E1C04575D007648E2 /* GreetingTests.swift */; };
		4018CD711C049816007648E2 /* ActivityFeedTableViewCell.swift in Sources */ = {isa = PBXBuildFile; fileRef = 4018CD701C049816007648E2 /* ActivityFeedTableViewCell.swift */; };
		4018CD741C04BB91007648E2 /* RemoteImageTableViewCell.swift in Sources */ = {isa = PBXBuildFile; fileRef = 4018CD731C04BB91007648E2 /* RemoteImageTableViewCell.swift */; };
		4018CD761C04C440007648E2 /* ActivityReplyModel.swift in Sources */ = {isa = PBXBuildFile; fileRef = 4018CD751C04C440007648E2 /* ActivityReplyModel.swift */; };
		4018CD791C04C924007648E2 /* ActivityMessageModel.swift in Sources */ = {isa = PBXBuildFile; fileRef = 4018CD781C04C924007648E2 /* ActivityMessageModel.swift */; };
		4027C0601C06094700E114A1 /* SharedStorage.swift in Sources */ = {isa = PBXBuildFile; fileRef = 4027C05F1C06094700E114A1 /* SharedStorage.swift */; };
		4028C2F11BFDFA2A007A2939 /* RecipientsViewController.swift in Sources */ = {isa = PBXBuildFile; fileRef = 4028C2F01BFDFA2A007A2939 /* RecipientsViewController.swift */; };
		4028C2F31BFE1024007A2939 /* RecipientModel.swift in Sources */ = {isa = PBXBuildFile; fileRef = 4028C2F21BFE1024007A2939 /* RecipientModel.swift */; };
		4028C2F51BFE132E007A2939 /* RecipientListModel.swift in Sources */ = {isa = PBXBuildFile; fileRef = 4028C2F41BFE132E007A2939 /* RecipientListModel.swift */; };
		4028C2F71BFE1FAF007A2939 /* RecipientSearchQuery.swift in Sources */ = {isa = PBXBuildFile; fileRef = 4028C2F61BFE1FAF007A2939 /* RecipientSearchQuery.swift */; };
		402B633E1BEDFC2300372201 /* TimeAgoExtension.swift in Sources */ = {isa = PBXBuildFile; fileRef = 402B633D1BEDFC2300372201 /* TimeAgoExtension.swift */; };
		402F3D401BFF1640003C00C0 /* PagingViewController.swift in Sources */ = {isa = PBXBuildFile; fileRef = 402F3D3F1BFF1640003C00C0 /* PagingViewController.swift */; };
		402F3D421BFF6546003C00C0 /* ShowMoreTextView.swift in Sources */ = {isa = PBXBuildFile; fileRef = 402F3D411BFF6546003C00C0 /* ShowMoreTextView.swift */; };
		40317D2A1C06FFEB003321F4 /* BannerModel.swift in Sources */ = {isa = PBXBuildFile; fileRef = 40317D291C06FFEB003321F4 /* BannerModel.swift */; };
		40317D2C1C070242003321F4 /* BannerListModel.swift in Sources */ = {isa = PBXBuildFile; fileRef = 40317D2B1C070242003321F4 /* BannerListModel.swift */; };
		40317D311C0741DD003321F4 /* BannerViewController.swift in Sources */ = {isa = PBXBuildFile; fileRef = 40317D301C0741DD003321F4 /* BannerViewController.swift */; };
		40317D331C0750B9003321F4 /* ActivityFeedModel.swift in Sources */ = {isa = PBXBuildFile; fileRef = 40317D321C0750B9003321F4 /* ActivityFeedModel.swift */; };
		40440DB21BDBCC9C00FADF6E /* InputCollectionViewCell.swift in Sources */ = {isa = PBXBuildFile; fileRef = 40440DAD1BDBCC9C00FADF6E /* InputCollectionViewCell.swift */; };
		40440DB31BDBCC9C00FADF6E /* InputCollectionViewCell.xib in Resources */ = {isa = PBXBuildFile; fileRef = 40440DAE1BDBCC9C00FADF6E /* InputCollectionViewCell.xib */; };
		40440DB41BDBCC9C00FADF6E /* TextCollectionViewCell.swift in Sources */ = {isa = PBXBuildFile; fileRef = 40440DB01BDBCC9C00FADF6E /* TextCollectionViewCell.swift */; };
		40440DB51BDBCC9C00FADF6E /* TextCollectionViewCell.xib in Resources */ = {isa = PBXBuildFile; fileRef = 40440DB11BDBCC9C00FADF6E /* TextCollectionViewCell.xib */; };
		40440DB91BDBCCA200FADF6E /* AutocompletionTableViewCell.swift in Sources */ = {isa = PBXBuildFile; fileRef = 40440DB71BDBCCA200FADF6E /* AutocompletionTableViewCell.swift */; };
		40440DBA1BDBCCA200FADF6E /* AutocompletionTableViewCell.xib in Resources */ = {isa = PBXBuildFile; fileRef = 40440DB81BDBCCA200FADF6E /* AutocompletionTableViewCell.xib */; };
		40440DBC1BDBCD0E00FADF6E /* CollectionViewLeftAlignedFlowLayout.swift in Sources */ = {isa = PBXBuildFile; fileRef = 40440DBB1BDBCD0E00FADF6E /* CollectionViewLeftAlignedFlowLayout.swift */; };
		40440DBE1BDBCDDE00FADF6E /* ExtendedTextField.swift in Sources */ = {isa = PBXBuildFile; fileRef = 40440DBD1BDBCDDE00FADF6E /* ExtendedTextField.swift */; };
		40440DC31BDBCE2F00FADF6E /* TagSearchControl.swift in Sources */ = {isa = PBXBuildFile; fileRef = 40440DC01BDBCE2F00FADF6E /* TagSearchControl.swift */; };
		40440DC41BDBCE2F00FADF6E /* TagSearchControl.xib in Resources */ = {isa = PBXBuildFile; fileRef = 40440DC11BDBCE2F00FADF6E /* TagSearchControl.xib */; };
		40440DC51BDBCE2F00FADF6E /* TagTextField.swift in Sources */ = {isa = PBXBuildFile; fileRef = 40440DC21BDBCE2F00FADF6E /* TagTextField.swift */; };
		4056D5771BE89B290076B970 /* ImageCacheManager.swift in Sources */ = {isa = PBXBuildFile; fileRef = 4056D5761BE89B290076B970 /* ImageCacheManager.swift */; };
		4056D5791BE8B14E0076B970 /* AssetsIndetifier.swift in Sources */ = {isa = PBXBuildFile; fileRef = 4056D5781BE8B14E0076B970 /* AssetsIndetifier.swift */; };
		4056D57B1BE8B4F30076B970 /* Fonts.swift in Sources */ = {isa = PBXBuildFile; fileRef = 4056D57A1BE8B4F30076B970 /* Fonts.swift */; };
		4056D57C1BE8D1790076B970 /* MessageComposeViewController.swift in Sources */ = {isa = PBXBuildFile; fileRef = 351E8EC01BE36B1500690669 /* MessageComposeViewController.swift */; };
		4056D57D1BE8D1C80076B970 /* BaseViewController.swift in Sources */ = {isa = PBXBuildFile; fileRef = 351E8EC21BE36E8C00690669 /* BaseViewController.swift */; };
		4056D57E1BE8D1F00076B970 /* ComposerRecipientsTableViewCell.swift in Sources */ = {isa = PBXBuildFile; fileRef = 351E8EC41BE36FC800690669 /* ComposerRecipientsTableViewCell.swift */; };
		4056D5801BE8D49D0076B970 /* AuthorListModel.swift in Sources */ = {isa = PBXBuildFile; fileRef = 4056D57F1BE8D49D0076B970 /* AuthorListModel.swift */; };
		4056D5821BE8D5050076B970 /* SearchAuthorQueryModel.swift in Sources */ = {isa = PBXBuildFile; fileRef = 4056D5811BE8D5050076B970 /* SearchAuthorQueryModel.swift */; };
		4056D5841BE8E7AC0076B970 /* AuthorModel.swift in Sources */ = {isa = PBXBuildFile; fileRef = 4056D5831BE8E7AC0076B970 /* AuthorModel.swift */; };
		4056D5861BE8E8B20076B970 /* SearchCategoryQueryModel.swift in Sources */ = {isa = PBXBuildFile; fileRef = 4056D5851BE8E8B20076B970 /* SearchCategoryQueryModel.swift */; };
		4056D5881BE8E8E50076B970 /* SearchStringModel.swift in Sources */ = {isa = PBXBuildFile; fileRef = 4056D5871BE8E8E50076B970 /* SearchStringModel.swift */; };
		4056D58A1BE903FD0076B970 /* TagModel.swift in Sources */ = {isa = PBXBuildFile; fileRef = 4056D5891BE903FD0076B970 /* TagModel.swift */; };
		405A29891BE6B21A0024ADA9 /* JSONMapper.swift in Sources */ = {isa = PBXBuildFile; fileRef = 405A29801BE6B21A0024ADA9 /* JSONMapper.swift */; };
		405A298A1BE6B21A0024ADA9 /* JSONValueConvertible.swift in Sources */ = {isa = PBXBuildFile; fileRef = 405A29811BE6B21A0024ADA9 /* JSONValueConvertible.swift */; };
		405A298B1BE6B21A0024ADA9 /* JSONValueConvertibleExtensions.swift in Sources */ = {isa = PBXBuildFile; fileRef = 405A29821BE6B21A0024ADA9 /* JSONValueConvertibleExtensions.swift */; };
		405A298C1BE6B21A0024ADA9 /* KeyValueCodable.swift in Sources */ = {isa = PBXBuildFile; fileRef = 405A29831BE6B21A0024ADA9 /* KeyValueCodable.swift */; };
		405A298D1BE6B21A0024ADA9 /* Mappable.swift in Sources */ = {isa = PBXBuildFile; fileRef = 405A29841BE6B21A0024ADA9 /* Mappable.swift */; };
		405A298E1BE6B21A0024ADA9 /* PropertyDescriptor.swift in Sources */ = {isa = PBXBuildFile; fileRef = 405A29851BE6B21A0024ADA9 /* PropertyDescriptor.swift */; };
		405A298F1BE6B21A0024ADA9 /* ValueTransformer.swift in Sources */ = {isa = PBXBuildFile; fileRef = 405A29861BE6B21A0024ADA9 /* ValueTransformer.swift */; };
		405A29901BE6B21A0024ADA9 /* RequestBuilder.swift in Sources */ = {isa = PBXBuildFile; fileRef = 405A29871BE6B21A0024ADA9 /* RequestBuilder.swift */; };
		405A29911BE6B21A0024ADA9 /* URLParametersSerializer.swift in Sources */ = {isa = PBXBuildFile; fileRef = 405A29881BE6B21A0024ADA9 /* URLParametersSerializer.swift */; };
		405A29931BE6B2710024ADA9 /* TokenModel.swift in Sources */ = {isa = PBXBuildFile; fileRef = 405A29921BE6B2710024ADA9 /* TokenModel.swift */; };
		405A29951BE6B2800024ADA9 /* BaseModel.swift in Sources */ = {isa = PBXBuildFile; fileRef = 405A29941BE6B2800024ADA9 /* BaseModel.swift */; };
		405F72B41C08538100E60BE9 /* MessageSummaryModel.swift in Sources */ = {isa = PBXBuildFile; fileRef = 405F72B31C08538100E60BE9 /* MessageSummaryModel.swift */; };
		407778AE1C03778E00E02BEA /* Greeting.swift in Sources */ = {isa = PBXBuildFile; fileRef = 407778AD1C03778E00E02BEA /* Greeting.swift */; };
		407778B01C037C6500E02BEA /* GreetingManager.swift in Sources */ = {isa = PBXBuildFile; fileRef = 407778AF1C037C6500E02BEA /* GreetingManager.swift */; };
		4077E6F51BF9FD32006FAFB1 /* SwipeableTableViewCell.swift in Sources */ = {isa = PBXBuildFile; fileRef = 4077E6F41BF9FD32006FAFB1 /* SwipeableTableViewCell.swift */; };
		407A7DA41BE778BD006A9DB0 /* ServerErrorModel.swift in Sources */ = {isa = PBXBuildFile; fileRef = 407A7DA31BE778BD006A9DB0 /* ServerErrorModel.swift */; };
		407A7DA61BE77D67006A9DB0 /* NewsModel.swift in Sources */ = {isa = PBXBuildFile; fileRef = 407A7DA51BE77D67006A9DB0 /* NewsModel.swift */; };
		407A7DA81BE77D75006A9DB0 /* ListModel.swift in Sources */ = {isa = PBXBuildFile; fileRef = 407A7DA71BE77D75006A9DB0 /* ListModel.swift */; };
		407A7DAA1BE77D85006A9DB0 /* NewsListModel.swift in Sources */ = {isa = PBXBuildFile; fileRef = 407A7DA91BE77D85006A9DB0 /* NewsListModel.swift */; };
		4080B7E01BF2333600965749 /* PageListModel.swift in Sources */ = {isa = PBXBuildFile; fileRef = 4080B7DF1BF2333600965749 /* PageListModel.swift */; };
		408C22C91BF0B7CC00DA25A3 /* Autocompletable.swift in Sources */ = {isa = PBXBuildFile; fileRef = 408C22C81BF0B7CC00DA25A3 /* Autocompletable.swift */; };
		408C22CD1BF0C75400DA25A3 /* UserProfileTableViewCell.swift in Sources */ = {isa = PBXBuildFile; fileRef = 408C22CB1BF0C75400DA25A3 /* UserProfileTableViewCell.swift */; };
		408C22CE1BF0C75400DA25A3 /* UserProfileTableViewCell.xib in Resources */ = {isa = PBXBuildFile; fileRef = 408C22CC1BF0C75400DA25A3 /* UserProfileTableViewCell.xib */; };
		408C22D01BF1070D00DA25A3 /* UserProfileListModel.swift in Sources */ = {isa = PBXBuildFile; fileRef = 408C22CF1BF1070D00DA25A3 /* UserProfileListModel.swift */; };
		40C5612D1BEBA024005BAAED /* PlaceholderedTextView.swift in Sources */ = {isa = PBXBuildFile; fileRef = 40C5612C1BEBA024005BAAED /* PlaceholderedTextView.swift */; };
		40C5612F1BEBBF82005BAAED /* ResizableTableViewCell.swift in Sources */ = {isa = PBXBuildFile; fileRef = 40C5612E1BEBBF82005BAAED /* ResizableTableViewCell.swift */; };
		40EA82001BCFA3360029228F /* AppDelegate.swift in Sources */ = {isa = PBXBuildFile; fileRef = 40EA81FF1BCFA3360029228F /* AppDelegate.swift */; };
		40EA82051BCFA3360029228F /* Main.storyboard in Resources */ = {isa = PBXBuildFile; fileRef = 40EA82031BCFA3360029228F /* Main.storyboard */; };
		40EA820A1BCFA3360029228F /* LaunchScreen.storyboard in Resources */ = {isa = PBXBuildFile; fileRef = 40EA82081BCFA3360029228F /* LaunchScreen.storyboard */; };
		40EA82151BCFB8E10029228F /* Assets.xcassets in Resources */ = {isa = PBXBuildFile; fileRef = 40EA82131BCFB8E10029228F /* Assets.xcassets */; };
		40EA822B1BCFC4760029228F /* OPENSANS-BOLD.TTF in Resources */ = {isa = PBXBuildFile; fileRef = 40EA82211BCFC4760029228F /* OPENSANS-BOLD.TTF */; };
		40EA822C1BCFC4760029228F /* OPENSANS-BOLDITALIC.TTF in Resources */ = {isa = PBXBuildFile; fileRef = 40EA82221BCFC4760029228F /* OPENSANS-BOLDITALIC.TTF */; };
		40EA822D1BCFC4760029228F /* OPENSANS-EXTRABOLD.TTF in Resources */ = {isa = PBXBuildFile; fileRef = 40EA82231BCFC4760029228F /* OPENSANS-EXTRABOLD.TTF */; };
		40EA822E1BCFC4760029228F /* OPENSANS-EXTRABOLDITALIC.TTF in Resources */ = {isa = PBXBuildFile; fileRef = 40EA82241BCFC4760029228F /* OPENSANS-EXTRABOLDITALIC.TTF */; };
		40EA822F1BCFC4760029228F /* OPENSANS-ITALIC.TTF in Resources */ = {isa = PBXBuildFile; fileRef = 40EA82251BCFC4760029228F /* OPENSANS-ITALIC.TTF */; };
		40EA82301BCFC4760029228F /* OPENSANS-LIGHT.TTF in Resources */ = {isa = PBXBuildFile; fileRef = 40EA82261BCFC4760029228F /* OPENSANS-LIGHT.TTF */; };
		40EA82311BCFC4760029228F /* OPENSANS-SEMIBOLD.TTF in Resources */ = {isa = PBXBuildFile; fileRef = 40EA82271BCFC4760029228F /* OPENSANS-SEMIBOLD.TTF */; };
		40EA82321BCFC4760029228F /* OPENSANS-SEMIBOLDITALIC.TTF in Resources */ = {isa = PBXBuildFile; fileRef = 40EA82281BCFC4760029228F /* OPENSANS-SEMIBOLDITALIC.TTF */; };
		40EA82331BCFC4760029228F /* OPENSANS.TTF in Resources */ = {isa = PBXBuildFile; fileRef = 40EA82291BCFC4760029228F /* OPENSANS.TTF */; };
		40EA82341BCFC4760029228F /* OPENSANSLIGHT-ITALIC.TTF in Resources */ = {isa = PBXBuildFile; fileRef = 40EA822A1BCFC4760029228F /* OPENSANSLIGHT-ITALIC.TTF */; };
		40EA82371BCFC8A40029228F /* AppColors.swift in Sources */ = {isa = PBXBuildFile; fileRef = 40EA82361BCFC8A40029228F /* AppColors.swift */; };
		40EA823F1BCFCCBE0029228F /* Extensions.swift in Sources */ = {isa = PBXBuildFile; fileRef = 40EA823C1BCFCCBE0029228F /* Extensions.swift */; };
		40EA82471BCFCD690029228F /* TabsContainerView.swift in Sources */ = {isa = PBXBuildFile; fileRef = 40EA82461BCFCD690029228F /* TabsContainerView.swift */; };
		40EA824B1BCFCD720029228F /* TabBarButton.swift in Sources */ = {isa = PBXBuildFile; fileRef = 40EA82491BCFCD720029228F /* TabBarButton.swift */; };
		40EA824C1BCFCD720029228F /* TabBarButton.xib in Resources */ = {isa = PBXBuildFile; fileRef = 40EA824A1BCFCD720029228F /* TabBarButton.xib */; };
		40EA824E1BCFCDEC0029228F /* TabBarControllerSegue.swift in Sources */ = {isa = PBXBuildFile; fileRef = 40EA824D1BCFCDEC0029228F /* TabBarControllerSegue.swift */; };
		40EA82501BCFCE120029228F /* TabBarController.swift in Sources */ = {isa = PBXBuildFile; fileRef = 40EA824F1BCFCE120029228F /* TabBarController.swift */; };
		40EA82521BCFD05F0029228F /* DashboardViewController.swift in Sources */ = {isa = PBXBuildFile; fileRef = 40EA82511BCFD05F0029228F /* DashboardViewController.swift */; };
		40EA82541BCFD06F0029228F /* NewsViewController.swift in Sources */ = {isa = PBXBuildFile; fileRef = 40EA82531BCFD06F0029228F /* NewsViewController.swift */; };
		40EA82561BCFD07B0029228F /* MessagesViewController.swift in Sources */ = {isa = PBXBuildFile; fileRef = 40EA82551BCFD07B0029228F /* MessagesViewController.swift */; };
		40EA82581BCFD09A0029228F /* TrainingViewController.swift in Sources */ = {isa = PBXBuildFile; fileRef = 40EA82571BCFD09A0029228F /* TrainingViewController.swift */; };
/* End PBXBuildFile section */

/* Begin PBXContainerItemProxy section */
		4018CD691C04571A007648E2 /* PBXContainerItemProxy */ = {
			isa = PBXContainerItemProxy;
			containerPortal = 40EA81F41BCFA3360029228F /* Project object */;
			proxyType = 1;
			remoteGlobalIDString = 40EA81FB1BCFA3360029228F;
			remoteInfo = iTacit;
		};
/* End PBXContainerItemProxy section */

/* Begin PBXFileReference section */
		293D3388661F1E0C3B0C7FF9 /* MessageSearchQueryModel.swift */ = {isa = PBXFileReference; fileEncoding = 4; lastKnownFileType = sourcecode.swift; path = MessageSearchQueryModel.swift; sourceTree = "<group>"; };
		293D3D8D5FB143EB07670E7E /* MessageModel.swift */ = {isa = PBXFileReference; fileEncoding = 4; lastKnownFileType = sourcecode.swift; path = MessageModel.swift; sourceTree = "<group>"; };
		293D3EDD221DE1D0BEFA736D /* MessageListModel.swift */ = {isa = PBXFileReference; fileEncoding = 4; lastKnownFileType = sourcecode.swift; path = MessageListModel.swift; sourceTree = "<group>"; };
		293D3FA48E72707523A5E49C /* MessageCategory.swift */ = {isa = PBXFileReference; fileEncoding = 4; lastKnownFileType = sourcecode.swift; path = MessageCategory.swift; sourceTree = "<group>"; };
		350644C21BD7783300D51D5C /* ListHeaderView.swift */ = {isa = PBXFileReference; fileEncoding = 4; lastKnownFileType = sourcecode.swift; path = ListHeaderView.swift; sourceTree = "<group>"; };
		350644C51BD7788400D51D5C /* ListHeaderView.xib */ = {isa = PBXFileReference; fileEncoding = 4; lastKnownFileType = file.xib; path = ListHeaderView.xib; sourceTree = "<group>"; };
		350644C71BD784A800D51D5C /* DateHeaderView.swift */ = {isa = PBXFileReference; fileEncoding = 4; lastKnownFileType = sourcecode.swift; path = DateHeaderView.swift; sourceTree = "<group>"; };
		350644C91BD784B300D51D5C /* DateHeaderView.xib */ = {isa = PBXFileReference; fileEncoding = 4; lastKnownFileType = file.xib; path = DateHeaderView.xib; sourceTree = "<group>"; };
		350943631C070FCF0032CD8A /* LoginTableViewController.swift */ = {isa = PBXFileReference; fileEncoding = 4; lastKnownFileType = sourcecode.swift; path = LoginTableViewController.swift; sourceTree = "<group>"; };
		350943671C0732880032CD8A /* LogoTableViewCell.swift */ = {isa = PBXFileReference; fileEncoding = 4; lastKnownFileType = sourcecode.swift; path = LogoTableViewCell.swift; sourceTree = "<group>"; };
		350943691C0739430032CD8A /* InputTableViewCell.swift */ = {isa = PBXFileReference; fileEncoding = 4; lastKnownFileType = sourcecode.swift; path = InputTableViewCell.swift; sourceTree = "<group>"; };
		3509436B1C0744480032CD8A /* RememberMeTableViewCell.swift */ = {isa = PBXFileReference; fileEncoding = 4; lastKnownFileType = sourcecode.swift; path = RememberMeTableViewCell.swift; sourceTree = "<group>"; };
		3509436D1C07466C0032CD8A /* SignInTableViewCell.swift */ = {isa = PBXFileReference; fileEncoding = 4; lastKnownFileType = sourcecode.swift; path = SignInTableViewCell.swift; sourceTree = "<group>"; };
		3509436F1C074E180032CD8A /* LoginUserTableViewCell.swift */ = {isa = PBXFileReference; fileEncoding = 4; lastKnownFileType = sourcecode.swift; path = LoginUserTableViewCell.swift; sourceTree = "<group>"; };
		3516FFA21BE7940000865EB9 /* ComposerReadDateTableViewCell.swift */ = {isa = PBXFileReference; fileEncoding = 4; lastKnownFileType = sourcecode.swift; path = ComposerReadDateTableViewCell.swift; sourceTree = "<group>"; };
		351793021C05E065001191E1 /* OwnUserProfileQueryModel.swift */ = {isa = PBXFileReference; fileEncoding = 4; lastKnownFileType = sourcecode.swift; path = OwnUserProfileQueryModel.swift; sourceTree = "<group>"; };
		351E8EC01BE36B1500690669 /* MessageComposeViewController.swift */ = {isa = PBXFileReference; fileEncoding = 4; lastKnownFileType = sourcecode.swift; path = MessageComposeViewController.swift; sourceTree = "<group>"; };
		351E8EC21BE36E8C00690669 /* BaseViewController.swift */ = {isa = PBXFileReference; fileEncoding = 4; lastKnownFileType = sourcecode.swift; path = BaseViewController.swift; sourceTree = "<group>"; };
		351E8EC41BE36FC800690669 /* ComposerRecipientsTableViewCell.swift */ = {isa = PBXFileReference; fileEncoding = 4; lastKnownFileType = sourcecode.swift; path = ComposerRecipientsTableViewCell.swift; sourceTree = "<group>"; };
		351E8EC71BE3700F00690669 /* ComposerTopicTableViewCell.swift */ = {isa = PBXFileReference; fileEncoding = 4; lastKnownFileType = sourcecode.swift; path = ComposerTopicTableViewCell.swift; sourceTree = "<group>"; };
		351E8ECB1BE3C2AC00690669 /* ComposerBodyTableViewCell.swift */ = {isa = PBXFileReference; fileEncoding = 4; lastKnownFileType = sourcecode.swift; path = ComposerBodyTableViewCell.swift; sourceTree = "<group>"; };
		352B52941BFB47910060C34B /* ReplyListModel.swift */ = {isa = PBXFileReference; fileEncoding = 4; lastKnownFileType = sourcecode.swift; path = ReplyListModel.swift; sourceTree = "<group>"; };
		3532472E1BEC9DA000733B1A /* AddRecipientHeaderView.swift */ = {isa = PBXFileReference; fileEncoding = 4; lastKnownFileType = sourcecode.swift; path = AddRecipientHeaderView.swift; sourceTree = "<group>"; };
		353247301BEC9DAC00733B1A /* AddRecipientHeaderView.xib */ = {isa = PBXFileReference; fileEncoding = 4; lastKnownFileType = file.xib; path = AddRecipientHeaderView.xib; sourceTree = "<group>"; };
		353C04FA1BE2490F00C92352 /* LocalizationService.swift */ = {isa = PBXFileReference; fileEncoding = 4; lastKnownFileType = sourcecode.swift; path = LocalizationService.swift; sourceTree = "<group>"; };
		353C04FF1BE253BF00C92352 /* en */ = {isa = PBXFileReference; lastKnownFileType = text.plist.strings; name = en; path = en.lproj/Localizable.strings; sourceTree = "<group>"; };
		353C05011BE253D900C92352 /* fr */ = {isa = PBXFileReference; lastKnownFileType = text.plist.strings; name = fr; path = fr.lproj/LaunchScreen.strings; sourceTree = "<group>"; };
		353C05021BE253D900C92352 /* fr */ = {isa = PBXFileReference; lastKnownFileType = text.plist.strings; name = fr; path = fr.lproj/Main.strings; sourceTree = "<group>"; };
		353C05031BE253D900C92352 /* fr */ = {isa = PBXFileReference; lastKnownFileType = text.plist.strings; name = fr; path = fr.lproj/Localizable.strings; sourceTree = "<group>"; };
		353C05041BE25D0800C92352 /* MainTabBarController.swift */ = {isa = PBXFileReference; fileEncoding = 4; lastKnownFileType = sourcecode.swift; path = MainTabBarController.swift; sourceTree = "<group>"; };
		355FF06D1BDF697B0070B600 /* SearchNewsQueryModel.swift */ = {isa = PBXFileReference; fileEncoding = 4; lastKnownFileType = sourcecode.swift; path = SearchNewsQueryModel.swift; sourceTree = "<group>"; };
		35610F5C1BF4BAB6007BE698 /* MessageDetailViewController.swift */ = {isa = PBXFileReference; fileEncoding = 4; lastKnownFileType = sourcecode.swift; path = MessageDetailViewController.swift; sourceTree = "<group>"; };
		3563B9971BD117BE009BE696 /* UserTableViewCell.swift */ = {isa = PBXFileReference; fileEncoding = 4; lastKnownFileType = sourcecode.swift; path = UserTableViewCell.swift; sourceTree = "<group>"; };
		3563B9991BD11B43009BE696 /* NewsDetailViewController.swift */ = {isa = PBXFileReference; fileEncoding = 4; lastKnownFileType = sourcecode.swift; path = NewsDetailViewController.swift; sourceTree = "<group>"; };
		3563B99D1BD12889009BE696 /* ImageTableViewCell.swift */ = {isa = PBXFileReference; fileEncoding = 4; lastKnownFileType = sourcecode.swift; path = ImageTableViewCell.swift; sourceTree = "<group>"; };
		3563B99F1BD12CCB009BE696 /* TitleTableViewCell.swift */ = {isa = PBXFileReference; fileEncoding = 4; lastKnownFileType = sourcecode.swift; path = TitleTableViewCell.swift; sourceTree = "<group>"; };
		3563B9A11BD12E40009BE696 /* DescriptionTableViewCell.swift */ = {isa = PBXFileReference; fileEncoding = 4; lastKnownFileType = sourcecode.swift; path = DescriptionTableViewCell.swift; sourceTree = "<group>"; };
		3563B9A31BD12FAE009BE696 /* HashtagAndTimeTableViewCell.swift */ = {isa = PBXFileReference; fileEncoding = 4; lastKnownFileType = sourcecode.swift; path = HashtagAndTimeTableViewCell.swift; sourceTree = "<group>"; };
		35690C691BF9D5F3006055EB /* MessageTableViewCell.swift */ = {isa = PBXFileReference; fileEncoding = 4; lastKnownFileType = sourcecode.swift; path = MessageTableViewCell.swift; sourceTree = "<group>"; };
		3584F0EF1BEB48CC00AB20B2 /* ComposeReportsHeaderView.swift */ = {isa = PBXFileReference; fileEncoding = 4; lastKnownFileType = sourcecode.swift; path = ComposeReportsHeaderView.swift; sourceTree = "<group>"; };
		3584F0F11BEB48DD00AB20B2 /* ComposeReportsHeaderView.xib */ = {isa = PBXFileReference; fileEncoding = 4; lastKnownFileType = file.xib; path = ComposeReportsHeaderView.xib; sourceTree = "<group>"; };
		3591D00F1BEA085500AE4884 /* KeychainWrapper.swift */ = {isa = PBXFileReference; fileEncoding = 4; lastKnownFileType = sourcecode.swift; path = KeychainWrapper.swift; sourceTree = "<group>"; };
		35A349891BF5E6C100CD0DEB /* MessageDetailCommentTableViewCell.swift */ = {isa = PBXFileReference; fileEncoding = 4; lastKnownFileType = sourcecode.swift; path = MessageDetailCommentTableViewCell.swift; sourceTree = "<group>"; };
		35AF6F1D1BFB518D00600B6F /* SearchReplyListModel.swift */ = {isa = PBXFileReference; fileEncoding = 4; lastKnownFileType = sourcecode.swift; path = SearchReplyListModel.swift; sourceTree = "<group>"; };
		35D6EA361BEBA2D20084559B /* AddRecipientViewController.swift */ = {isa = PBXFileReference; fileEncoding = 4; lastKnownFileType = sourcecode.swift; path = AddRecipientViewController.swift; sourceTree = "<group>"; };
		35DDBEB81BF3700F00791F79 /* ReplayViewController.swift */ = {isa = PBXFileReference; fileEncoding = 4; lastKnownFileType = sourcecode.swift; path = ReplayViewController.swift; sourceTree = "<group>"; };
		35DDBEBA1BF3951D00791F79 /* CreateReplyModel.swift */ = {isa = PBXFileReference; fileEncoding = 4; lastKnownFileType = sourcecode.swift; path = CreateReplyModel.swift; sourceTree = "<group>"; };
		35E560B31C0370B800F26C70 /* MyProfileViewController.swift */ = {isa = PBXFileReference; fileEncoding = 4; lastKnownFileType = sourcecode.swift; path = MyProfileViewController.swift; sourceTree = "<group>"; };
		35E775D41BFDE9AA000A0BA7 /* MessageCreateReplyModel.swift */ = {isa = PBXFileReference; fileEncoding = 4; lastKnownFileType = sourcecode.swift; path = MessageCreateReplyModel.swift; sourceTree = "<group>"; };
		35EE4E961BE89CBD00740A03 /* NewMessageModel.swift */ = {isa = PBXFileReference; fileEncoding = 4; lastKnownFileType = sourcecode.swift; path = NewMessageModel.swift; sourceTree = "<group>"; };
		35EE4E981BE8DDD400740A03 /* CategoriesListModel.swift */ = {isa = PBXFileReference; fileEncoding = 4; lastKnownFileType = sourcecode.swift; path = CategoriesListModel.swift; sourceTree = "<group>"; };
		35FAAE921BFB2DAD0006B915 /* ReplyModel.swift */ = {isa = PBXFileReference; fileEncoding = 4; lastKnownFileType = sourcecode.swift; path = ReplyModel.swift; sourceTree = "<group>"; };
		35FF25DE1BECF62600B1D734 /* BusinessUnitModel.swift */ = {isa = PBXFileReference; fileEncoding = 4; lastKnownFileType = sourcecode.swift; path = BusinessUnitModel.swift; sourceTree = "<group>"; };
		35FF25E01BECF93C00B1D734 /* BusinessUnitListModel.swift */ = {isa = PBXFileReference; fileEncoding = 4; lastKnownFileType = sourcecode.swift; path = BusinessUnitListModel.swift; sourceTree = "<group>"; };
		35FF25E21BECFAB300B1D734 /* JobClassificationModel.swift */ = {isa = PBXFileReference; fileEncoding = 4; lastKnownFileType = sourcecode.swift; path = JobClassificationModel.swift; sourceTree = "<group>"; };
		35FF25E41BECFBDC00B1D734 /* JobClassificationListModel.swift */ = {isa = PBXFileReference; fileEncoding = 4; lastKnownFileType = sourcecode.swift; path = JobClassificationListModel.swift; sourceTree = "<group>"; };
		35FF25E61BECFDF400B1D734 /* PermissionGroupsModel.swift */ = {isa = PBXFileReference; fileEncoding = 4; lastKnownFileType = sourcecode.swift; path = PermissionGroupsModel.swift; sourceTree = "<group>"; };
		35FF25E81BECFE6300B1D734 /* PermissionGroupsListModel.swift */ = {isa = PBXFileReference; fileEncoding = 4; lastKnownFileType = sourcecode.swift; path = PermissionGroupsListModel.swift; sourceTree = "<group>"; };
		3DD1FF311BE39FC0005C4339 /* NewsCategoryModel.swift */ = {isa = PBXFileReference; fileEncoding = 4; lastKnownFileType = sourcecode.swift; path = NewsCategoryModel.swift; sourceTree = "<group>"; };
		3DEFA79C1BD5040A00596A2B /* FilterNewsViewController.swift */ = {isa = PBXFileReference; fileEncoding = 4; lastKnownFileType = sourcecode.swift; path = FilterNewsViewController.swift; sourceTree = "<group>"; };
		3DEFA79E1BD5056E00596A2B /* DatePickerTableViewCell.swift */ = {isa = PBXFileReference; fileEncoding = 4; lastKnownFileType = sourcecode.swift; path = DatePickerTableViewCell.swift; sourceTree = "<group>"; };
		3DEFA7A01BD50B7100596A2B /* CategoryTableViewCell.swift */ = {isa = PBXFileReference; fileEncoding = 4; lastKnownFileType = sourcecode.swift; path = CategoryTableViewCell.swift; sourceTree = "<group>"; };
		400327D41BE817FC00D2BEAE /* UserProfileModel.swift */ = {isa = PBXFileReference; fileEncoding = 4; lastKnownFileType = sourcecode.swift; path = UserProfileModel.swift; sourceTree = "<group>"; };
		4012FFAE1BF5D4CE002B1711 /* SeparatorView.swift */ = {isa = PBXFileReference; fileEncoding = 4; lastKnownFileType = sourcecode.swift; path = SeparatorView.swift; sourceTree = "<group>"; };
		4012FFB21BF62EA1002B1711 /* MessageCategoryCollectionViewCell.swift */ = {isa = PBXFileReference; fileEncoding = 4; lastKnownFileType = sourcecode.swift; path = MessageCategoryCollectionViewCell.swift; sourceTree = "<group>"; };
		4014E4EB1BD0FD4F00837B3E /* NewsTableViewCell.swift */ = {isa = PBXFileReference; fileEncoding = 4; lastKnownFileType = sourcecode.swift; path = NewsTableViewCell.swift; sourceTree = "<group>"; };
		4015F86F1BFB23720030927E /* RoleModel.swift */ = {isa = PBXFileReference; fileEncoding = 4; lastKnownFileType = sourcecode.swift; path = RoleModel.swift; sourceTree = "<group>"; };
		4015F8711BFB27BB0030927E /* RoleListModel.swift */ = {isa = PBXFileReference; fileEncoding = 4; lastKnownFileType = sourcecode.swift; path = RoleListModel.swift; sourceTree = "<group>"; };
		4015F8731BFB40C60030927E /* BaseMessageModel.swift */ = {isa = PBXFileReference; fileEncoding = 4; lastKnownFileType = sourcecode.swift; path = BaseMessageModel.swift; sourceTree = "<group>"; };
		4015F8761BFB88ED0030927E /* RecipientsCountModel.swift */ = {isa = PBXFileReference; fileEncoding = 4; lastKnownFileType = sourcecode.swift; path = RecipientsCountModel.swift; sourceTree = "<group>"; };
		4018CD641C045719007648E2 /* iTacitTests.xctest */ = {isa = PBXFileReference; explicitFileType = wrapper.cfbundle; includeInIndex = 0; path = iTacitTests.xctest; sourceTree = BUILT_PRODUCTS_DIR; };
		4018CD661C04571A007648E2 /* iTacitTests.swift */ = {isa = PBXFileReference; lastKnownFileType = sourcecode.swift; path = iTacitTests.swift; sourceTree = "<group>"; };
		4018CD681C04571A007648E2 /* Info.plist */ = {isa = PBXFileReference; lastKnownFileType = text.plist.xml; path = Info.plist; sourceTree = "<group>"; };
		4018CD6E1C04575D007648E2 /* GreetingTests.swift */ = {isa = PBXFileReference; fileEncoding = 4; lastKnownFileType = sourcecode.swift; path = GreetingTests.swift; sourceTree = "<group>"; };
		4018CD701C049816007648E2 /* ActivityFeedTableViewCell.swift */ = {isa = PBXFileReference; fileEncoding = 4; lastKnownFileType = sourcecode.swift; path = ActivityFeedTableViewCell.swift; sourceTree = "<group>"; };
		4018CD731C04BB91007648E2 /* RemoteImageTableViewCell.swift */ = {isa = PBXFileReference; fileEncoding = 4; lastKnownFileType = sourcecode.swift; path = RemoteImageTableViewCell.swift; sourceTree = "<group>"; };
		4018CD751C04C440007648E2 /* ActivityReplyModel.swift */ = {isa = PBXFileReference; fileEncoding = 4; lastKnownFileType = sourcecode.swift; path = ActivityReplyModel.swift; sourceTree = "<group>"; };
		4018CD781C04C924007648E2 /* ActivityMessageModel.swift */ = {isa = PBXFileReference; fileEncoding = 4; lastKnownFileType = sourcecode.swift; path = ActivityMessageModel.swift; sourceTree = "<group>"; };
		4027C05F1C06094700E114A1 /* SharedStorage.swift */ = {isa = PBXFileReference; fileEncoding = 4; lastKnownFileType = sourcecode.swift; path = SharedStorage.swift; sourceTree = "<group>"; };
		4028C2F01BFDFA2A007A2939 /* RecipientsViewController.swift */ = {isa = PBXFileReference; fileEncoding = 4; lastKnownFileType = sourcecode.swift; path = RecipientsViewController.swift; sourceTree = "<group>"; };
		4028C2F21BFE1024007A2939 /* RecipientModel.swift */ = {isa = PBXFileReference; fileEncoding = 4; lastKnownFileType = sourcecode.swift; path = RecipientModel.swift; sourceTree = "<group>"; };
		4028C2F41BFE132E007A2939 /* RecipientListModel.swift */ = {isa = PBXFileReference; fileEncoding = 4; lastKnownFileType = sourcecode.swift; path = RecipientListModel.swift; sourceTree = "<group>"; };
		4028C2F61BFE1FAF007A2939 /* RecipientSearchQuery.swift */ = {isa = PBXFileReference; fileEncoding = 4; lastKnownFileType = sourcecode.swift; path = RecipientSearchQuery.swift; sourceTree = "<group>"; };
		402B633D1BEDFC2300372201 /* TimeAgoExtension.swift */ = {isa = PBXFileReference; fileEncoding = 4; lastKnownFileType = sourcecode.swift; path = TimeAgoExtension.swift; sourceTree = "<group>"; };
		402F3D3F1BFF1640003C00C0 /* PagingViewController.swift */ = {isa = PBXFileReference; fileEncoding = 4; lastKnownFileType = sourcecode.swift; path = PagingViewController.swift; sourceTree = "<group>"; };
		402F3D411BFF6546003C00C0 /* ShowMoreTextView.swift */ = {isa = PBXFileReference; fileEncoding = 4; lastKnownFileType = sourcecode.swift; path = ShowMoreTextView.swift; sourceTree = "<group>"; };
		40317D291C06FFEB003321F4 /* BannerModel.swift */ = {isa = PBXFileReference; fileEncoding = 4; lastKnownFileType = sourcecode.swift; path = BannerModel.swift; sourceTree = "<group>"; };
		40317D2B1C070242003321F4 /* BannerListModel.swift */ = {isa = PBXFileReference; fileEncoding = 4; lastKnownFileType = sourcecode.swift; path = BannerListModel.swift; sourceTree = "<group>"; };
		40317D301C0741DD003321F4 /* BannerViewController.swift */ = {isa = PBXFileReference; fileEncoding = 4; lastKnownFileType = sourcecode.swift; path = BannerViewController.swift; sourceTree = "<group>"; };
		40317D321C0750B9003321F4 /* ActivityFeedModel.swift */ = {isa = PBXFileReference; fileEncoding = 4; lastKnownFileType = sourcecode.swift; path = ActivityFeedModel.swift; sourceTree = "<group>"; };
		40440DAD1BDBCC9C00FADF6E /* InputCollectionViewCell.swift */ = {isa = PBXFileReference; fileEncoding = 4; lastKnownFileType = sourcecode.swift; path = InputCollectionViewCell.swift; sourceTree = "<group>"; };
		40440DAE1BDBCC9C00FADF6E /* InputCollectionViewCell.xib */ = {isa = PBXFileReference; fileEncoding = 4; lastKnownFileType = file.xib; path = InputCollectionViewCell.xib; sourceTree = "<group>"; };
		40440DB01BDBCC9C00FADF6E /* TextCollectionViewCell.swift */ = {isa = PBXFileReference; fileEncoding = 4; lastKnownFileType = sourcecode.swift; path = TextCollectionViewCell.swift; sourceTree = "<group>"; };
		40440DB11BDBCC9C00FADF6E /* TextCollectionViewCell.xib */ = {isa = PBXFileReference; fileEncoding = 4; lastKnownFileType = file.xib; path = TextCollectionViewCell.xib; sourceTree = "<group>"; };
		40440DB71BDBCCA200FADF6E /* AutocompletionTableViewCell.swift */ = {isa = PBXFileReference; fileEncoding = 4; lastKnownFileType = sourcecode.swift; path = AutocompletionTableViewCell.swift; sourceTree = "<group>"; };
		40440DB81BDBCCA200FADF6E /* AutocompletionTableViewCell.xib */ = {isa = PBXFileReference; fileEncoding = 4; lastKnownFileType = file.xib; path = AutocompletionTableViewCell.xib; sourceTree = "<group>"; };
		40440DBB1BDBCD0E00FADF6E /* CollectionViewLeftAlignedFlowLayout.swift */ = {isa = PBXFileReference; fileEncoding = 4; lastKnownFileType = sourcecode.swift; path = CollectionViewLeftAlignedFlowLayout.swift; sourceTree = "<group>"; };
		40440DBD1BDBCDDE00FADF6E /* ExtendedTextField.swift */ = {isa = PBXFileReference; fileEncoding = 4; lastKnownFileType = sourcecode.swift; path = ExtendedTextField.swift; sourceTree = "<group>"; };
		40440DC01BDBCE2F00FADF6E /* TagSearchControl.swift */ = {isa = PBXFileReference; fileEncoding = 4; lastKnownFileType = sourcecode.swift; path = TagSearchControl.swift; sourceTree = "<group>"; };
		40440DC11BDBCE2F00FADF6E /* TagSearchControl.xib */ = {isa = PBXFileReference; fileEncoding = 4; lastKnownFileType = file.xib; path = TagSearchControl.xib; sourceTree = "<group>"; };
		40440DC21BDBCE2F00FADF6E /* TagTextField.swift */ = {isa = PBXFileReference; fileEncoding = 4; lastKnownFileType = sourcecode.swift; path = TagTextField.swift; sourceTree = "<group>"; };
		4056D5761BE89B290076B970 /* ImageCacheManager.swift */ = {isa = PBXFileReference; fileEncoding = 4; lastKnownFileType = sourcecode.swift; path = ImageCacheManager.swift; sourceTree = "<group>"; };
		4056D5781BE8B14E0076B970 /* AssetsIndetifier.swift */ = {isa = PBXFileReference; fileEncoding = 4; lastKnownFileType = sourcecode.swift; path = AssetsIndetifier.swift; sourceTree = "<group>"; };
		4056D57A1BE8B4F30076B970 /* Fonts.swift */ = {isa = PBXFileReference; fileEncoding = 4; lastKnownFileType = sourcecode.swift; path = Fonts.swift; sourceTree = "<group>"; };
		4056D57F1BE8D49D0076B970 /* AuthorListModel.swift */ = {isa = PBXFileReference; fileEncoding = 4; lastKnownFileType = sourcecode.swift; path = AuthorListModel.swift; sourceTree = "<group>"; };
		4056D5811BE8D5050076B970 /* SearchAuthorQueryModel.swift */ = {isa = PBXFileReference; fileEncoding = 4; lastKnownFileType = sourcecode.swift; path = SearchAuthorQueryModel.swift; sourceTree = "<group>"; };
		4056D5831BE8E7AC0076B970 /* AuthorModel.swift */ = {isa = PBXFileReference; fileEncoding = 4; lastKnownFileType = sourcecode.swift; path = AuthorModel.swift; sourceTree = "<group>"; };
		4056D5851BE8E8B20076B970 /* SearchCategoryQueryModel.swift */ = {isa = PBXFileReference; fileEncoding = 4; lastKnownFileType = sourcecode.swift; path = SearchCategoryQueryModel.swift; sourceTree = "<group>"; };
		4056D5871BE8E8E50076B970 /* SearchStringModel.swift */ = {isa = PBXFileReference; fileEncoding = 4; lastKnownFileType = sourcecode.swift; path = SearchStringModel.swift; sourceTree = "<group>"; };
		4056D5891BE903FD0076B970 /* TagModel.swift */ = {isa = PBXFileReference; fileEncoding = 4; lastKnownFileType = sourcecode.swift; path = TagModel.swift; sourceTree = "<group>"; };
		405A29801BE6B21A0024ADA9 /* JSONMapper.swift */ = {isa = PBXFileReference; fileEncoding = 4; lastKnownFileType = sourcecode.swift; path = JSONMapper.swift; sourceTree = "<group>"; };
		405A29811BE6B21A0024ADA9 /* JSONValueConvertible.swift */ = {isa = PBXFileReference; fileEncoding = 4; lastKnownFileType = sourcecode.swift; path = JSONValueConvertible.swift; sourceTree = "<group>"; };
		405A29821BE6B21A0024ADA9 /* JSONValueConvertibleExtensions.swift */ = {isa = PBXFileReference; fileEncoding = 4; lastKnownFileType = sourcecode.swift; path = JSONValueConvertibleExtensions.swift; sourceTree = "<group>"; };
		405A29831BE6B21A0024ADA9 /* KeyValueCodable.swift */ = {isa = PBXFileReference; fileEncoding = 4; lastKnownFileType = sourcecode.swift; path = KeyValueCodable.swift; sourceTree = "<group>"; };
		405A29841BE6B21A0024ADA9 /* Mappable.swift */ = {isa = PBXFileReference; fileEncoding = 4; lastKnownFileType = sourcecode.swift; path = Mappable.swift; sourceTree = "<group>"; };
		405A29851BE6B21A0024ADA9 /* PropertyDescriptor.swift */ = {isa = PBXFileReference; fileEncoding = 4; lastKnownFileType = sourcecode.swift; path = PropertyDescriptor.swift; sourceTree = "<group>"; };
		405A29861BE6B21A0024ADA9 /* ValueTransformer.swift */ = {isa = PBXFileReference; fileEncoding = 4; lastKnownFileType = sourcecode.swift; path = ValueTransformer.swift; sourceTree = "<group>"; };
		405A29871BE6B21A0024ADA9 /* RequestBuilder.swift */ = {isa = PBXFileReference; fileEncoding = 4; lastKnownFileType = sourcecode.swift; path = RequestBuilder.swift; sourceTree = "<group>"; };
		405A29881BE6B21A0024ADA9 /* URLParametersSerializer.swift */ = {isa = PBXFileReference; fileEncoding = 4; lastKnownFileType = sourcecode.swift; path = URLParametersSerializer.swift; sourceTree = "<group>"; };
		405A29921BE6B2710024ADA9 /* TokenModel.swift */ = {isa = PBXFileReference; fileEncoding = 4; lastKnownFileType = sourcecode.swift; path = TokenModel.swift; sourceTree = "<group>"; };
		405A29941BE6B2800024ADA9 /* BaseModel.swift */ = {isa = PBXFileReference; fileEncoding = 4; lastKnownFileType = sourcecode.swift; path = BaseModel.swift; sourceTree = "<group>"; };
		405F72B31C08538100E60BE9 /* MessageSummaryModel.swift */ = {isa = PBXFileReference; fileEncoding = 4; lastKnownFileType = sourcecode.swift; path = MessageSummaryModel.swift; sourceTree = "<group>"; };
		407778AD1C03778E00E02BEA /* Greeting.swift */ = {isa = PBXFileReference; fileEncoding = 4; lastKnownFileType = sourcecode.swift; path = Greeting.swift; sourceTree = "<group>"; };
		407778AF1C037C6500E02BEA /* GreetingManager.swift */ = {isa = PBXFileReference; fileEncoding = 4; lastKnownFileType = sourcecode.swift; path = GreetingManager.swift; sourceTree = "<group>"; };
		4077E6F41BF9FD32006FAFB1 /* SwipeableTableViewCell.swift */ = {isa = PBXFileReference; fileEncoding = 4; lastKnownFileType = sourcecode.swift; path = SwipeableTableViewCell.swift; sourceTree = "<group>"; };
		407A7DA31BE778BD006A9DB0 /* ServerErrorModel.swift */ = {isa = PBXFileReference; fileEncoding = 4; lastKnownFileType = sourcecode.swift; path = ServerErrorModel.swift; sourceTree = "<group>"; };
		407A7DA51BE77D67006A9DB0 /* NewsModel.swift */ = {isa = PBXFileReference; fileEncoding = 4; lastKnownFileType = sourcecode.swift; path = NewsModel.swift; sourceTree = "<group>"; };
		407A7DA71BE77D75006A9DB0 /* ListModel.swift */ = {isa = PBXFileReference; fileEncoding = 4; lastKnownFileType = sourcecode.swift; path = ListModel.swift; sourceTree = "<group>"; };
		407A7DA91BE77D85006A9DB0 /* NewsListModel.swift */ = {isa = PBXFileReference; fileEncoding = 4; lastKnownFileType = sourcecode.swift; path = NewsListModel.swift; sourceTree = "<group>"; };
		4080B7DF1BF2333600965749 /* PageListModel.swift */ = {isa = PBXFileReference; fileEncoding = 4; lastKnownFileType = sourcecode.swift; path = PageListModel.swift; sourceTree = "<group>"; };
		408C22C81BF0B7CC00DA25A3 /* Autocompletable.swift */ = {isa = PBXFileReference; fileEncoding = 4; lastKnownFileType = sourcecode.swift; path = Autocompletable.swift; sourceTree = "<group>"; };
		408C22CB1BF0C75400DA25A3 /* UserProfileTableViewCell.swift */ = {isa = PBXFileReference; fileEncoding = 4; lastKnownFileType = sourcecode.swift; path = UserProfileTableViewCell.swift; sourceTree = "<group>"; };
		408C22CC1BF0C75400DA25A3 /* UserProfileTableViewCell.xib */ = {isa = PBXFileReference; fileEncoding = 4; lastKnownFileType = file.xib; path = UserProfileTableViewCell.xib; sourceTree = "<group>"; };
		408C22CF1BF1070D00DA25A3 /* UserProfileListModel.swift */ = {isa = PBXFileReference; fileEncoding = 4; lastKnownFileType = sourcecode.swift; path = UserProfileListModel.swift; sourceTree = "<group>"; };
		40C5612C1BEBA024005BAAED /* PlaceholderedTextView.swift */ = {isa = PBXFileReference; fileEncoding = 4; lastKnownFileType = sourcecode.swift; path = PlaceholderedTextView.swift; sourceTree = "<group>"; };
		40C5612E1BEBBF82005BAAED /* ResizableTableViewCell.swift */ = {isa = PBXFileReference; fileEncoding = 4; lastKnownFileType = sourcecode.swift; path = ResizableTableViewCell.swift; sourceTree = "<group>"; };
		40EA81FC1BCFA3360029228F /* iTacit.app */ = {isa = PBXFileReference; explicitFileType = wrapper.application; includeInIndex = 0; path = iTacit.app; sourceTree = BUILT_PRODUCTS_DIR; };
		40EA81FF1BCFA3360029228F /* AppDelegate.swift */ = {isa = PBXFileReference; lastKnownFileType = sourcecode.swift; path = AppDelegate.swift; sourceTree = "<group>"; };
		40EA82041BCFA3360029228F /* Base */ = {isa = PBXFileReference; lastKnownFileType = file.storyboard; name = Base; path = Base.lproj/Main.storyboard; sourceTree = "<group>"; };
		40EA82091BCFA3360029228F /* Base */ = {isa = PBXFileReference; lastKnownFileType = file.storyboard; name = Base; path = Base.lproj/LaunchScreen.storyboard; sourceTree = "<group>"; };
		40EA82131BCFB8E10029228F /* Assets.xcassets */ = {isa = PBXFileReference; lastKnownFileType = folder.assetcatalog; path = Assets.xcassets; sourceTree = "<group>"; };
		40EA82141BCFB8E10029228F /* Info.plist */ = {isa = PBXFileReference; fileEncoding = 4; lastKnownFileType = text.plist.xml; path = Info.plist; sourceTree = "<group>"; };
		40EA82211BCFC4760029228F /* OPENSANS-BOLD.TTF */ = {isa = PBXFileReference; lastKnownFileType = file; path = "OPENSANS-BOLD.TTF"; sourceTree = "<group>"; };
		40EA82221BCFC4760029228F /* OPENSANS-BOLDITALIC.TTF */ = {isa = PBXFileReference; lastKnownFileType = file; path = "OPENSANS-BOLDITALIC.TTF"; sourceTree = "<group>"; };
		40EA82231BCFC4760029228F /* OPENSANS-EXTRABOLD.TTF */ = {isa = PBXFileReference; lastKnownFileType = file; path = "OPENSANS-EXTRABOLD.TTF"; sourceTree = "<group>"; };
		40EA82241BCFC4760029228F /* OPENSANS-EXTRABOLDITALIC.TTF */ = {isa = PBXFileReference; lastKnownFileType = file; path = "OPENSANS-EXTRABOLDITALIC.TTF"; sourceTree = "<group>"; };
		40EA82251BCFC4760029228F /* OPENSANS-ITALIC.TTF */ = {isa = PBXFileReference; lastKnownFileType = file; path = "OPENSANS-ITALIC.TTF"; sourceTree = "<group>"; };
		40EA82261BCFC4760029228F /* OPENSANS-LIGHT.TTF */ = {isa = PBXFileReference; lastKnownFileType = file; path = "OPENSANS-LIGHT.TTF"; sourceTree = "<group>"; };
		40EA82271BCFC4760029228F /* OPENSANS-SEMIBOLD.TTF */ = {isa = PBXFileReference; lastKnownFileType = file; path = "OPENSANS-SEMIBOLD.TTF"; sourceTree = "<group>"; };
		40EA82281BCFC4760029228F /* OPENSANS-SEMIBOLDITALIC.TTF */ = {isa = PBXFileReference; lastKnownFileType = file; path = "OPENSANS-SEMIBOLDITALIC.TTF"; sourceTree = "<group>"; };
		40EA82291BCFC4760029228F /* OPENSANS.TTF */ = {isa = PBXFileReference; lastKnownFileType = file; path = OPENSANS.TTF; sourceTree = "<group>"; };
		40EA822A1BCFC4760029228F /* OPENSANSLIGHT-ITALIC.TTF */ = {isa = PBXFileReference; lastKnownFileType = file; path = "OPENSANSLIGHT-ITALIC.TTF"; sourceTree = "<group>"; };
		40EA82361BCFC8A40029228F /* AppColors.swift */ = {isa = PBXFileReference; fileEncoding = 4; lastKnownFileType = sourcecode.swift; path = AppColors.swift; sourceTree = "<group>"; };
		40EA823C1BCFCCBE0029228F /* Extensions.swift */ = {isa = PBXFileReference; fileEncoding = 4; lastKnownFileType = sourcecode.swift; path = Extensions.swift; sourceTree = "<group>"; };
		40EA82461BCFCD690029228F /* TabsContainerView.swift */ = {isa = PBXFileReference; fileEncoding = 4; lastKnownFileType = sourcecode.swift; path = TabsContainerView.swift; sourceTree = "<group>"; };
		40EA82491BCFCD720029228F /* TabBarButton.swift */ = {isa = PBXFileReference; fileEncoding = 4; lastKnownFileType = sourcecode.swift; path = TabBarButton.swift; sourceTree = "<group>"; };
		40EA824A1BCFCD720029228F /* TabBarButton.xib */ = {isa = PBXFileReference; fileEncoding = 4; lastKnownFileType = file.xib; path = TabBarButton.xib; sourceTree = "<group>"; };
		40EA824D1BCFCDEC0029228F /* TabBarControllerSegue.swift */ = {isa = PBXFileReference; fileEncoding = 4; lastKnownFileType = sourcecode.swift; path = TabBarControllerSegue.swift; sourceTree = "<group>"; };
		40EA824F1BCFCE120029228F /* TabBarController.swift */ = {isa = PBXFileReference; fileEncoding = 4; lastKnownFileType = sourcecode.swift; path = TabBarController.swift; sourceTree = "<group>"; };
		40EA82511BCFD05F0029228F /* DashboardViewController.swift */ = {isa = PBXFileReference; fileEncoding = 4; lastKnownFileType = sourcecode.swift; path = DashboardViewController.swift; sourceTree = "<group>"; };
		40EA82531BCFD06F0029228F /* NewsViewController.swift */ = {isa = PBXFileReference; fileEncoding = 4; lastKnownFileType = sourcecode.swift; path = NewsViewController.swift; sourceTree = "<group>"; };
		40EA82551BCFD07B0029228F /* MessagesViewController.swift */ = {isa = PBXFileReference; fileEncoding = 4; lastKnownFileType = sourcecode.swift; path = MessagesViewController.swift; sourceTree = "<group>"; };
		40EA82571BCFD09A0029228F /* TrainingViewController.swift */ = {isa = PBXFileReference; fileEncoding = 4; lastKnownFileType = sourcecode.swift; path = TrainingViewController.swift; sourceTree = "<group>"; };
/* End PBXFileReference section */

/* Begin PBXFrameworksBuildPhase section */
		4018CD611C045719007648E2 /* Frameworks */ = {
			isa = PBXFrameworksBuildPhase;
			buildActionMask = 2147483647;
			files = (
			);
			runOnlyForDeploymentPostprocessing = 0;
		};
		40EA81F91BCFA3360029228F /* Frameworks */ = {
			isa = PBXFrameworksBuildPhase;
			buildActionMask = 2147483647;
			files = (
			);
			runOnlyForDeploymentPostprocessing = 0;
		};
/* End PBXFrameworksBuildPhase section */

/* Begin PBXGroup section */
		350644C41BD7783D00D51D5C /* HeaderViews */ = {
			isa = PBXGroup;
			children = (
				350644C71BD784A800D51D5C /* DateHeaderView.swift */,
				350644C91BD784B300D51D5C /* DateHeaderView.xib */,
				350644C21BD7783300D51D5C /* ListHeaderView.swift */,
				350644C51BD7788400D51D5C /* ListHeaderView.xib */,
				3584F0EF1BEB48CC00AB20B2 /* ComposeReportsHeaderView.swift */,
				3584F0F11BEB48DD00AB20B2 /* ComposeReportsHeaderView.xib */,
				3532472E1BEC9DA000733B1A /* AddRecipientHeaderView.swift */,
				353247301BEC9DAC00733B1A /* AddRecipientHeaderView.xib */,
			);
			path = HeaderViews;
			sourceTree = "<group>";
		};
		350943651C070FD50032CD8A /* Login Flow */ = {
			isa = PBXGroup;
			children = (
				350943631C070FCF0032CD8A /* LoginTableViewController.swift */,
			);
			name = "Login Flow";
			sourceTree = "<group>";
		};
		350943661C0731C10032CD8A /* Login Flow */ = {
			isa = PBXGroup;
			children = (
				350943671C0732880032CD8A /* LogoTableViewCell.swift */,
				350943691C0739430032CD8A /* InputTableViewCell.swift */,
				3509436B1C0744480032CD8A /* RememberMeTableViewCell.swift */,
				3509436D1C07466C0032CD8A /* SignInTableViewCell.swift */,
				3509436F1C074E180032CD8A /* LoginUserTableViewCell.swift */,
			);
			name = "Login Flow";
			sourceTree = "<group>";
		};
		351E8EC61BE36FCD00690669 /* MailComposerTableViewCells */ = {
			isa = PBXGroup;
			children = (
				351E8EC41BE36FC800690669 /* ComposerRecipientsTableViewCell.swift */,
				351E8EC71BE3700F00690669 /* ComposerTopicTableViewCell.swift */,
				3516FFA21BE7940000865EB9 /* ComposerReadDateTableViewCell.swift */,
				351E8ECB1BE3C2AC00690669 /* ComposerBodyTableViewCell.swift */,
			);
			name = MailComposerTableViewCells;
			sourceTree = "<group>";
		};
		4015F8751BFB410B0030927E /* Organization Models */ = {
			isa = PBXGroup;
			children = (
				35FF25DE1BECF62600B1D734 /* BusinessUnitModel.swift */,
				35FF25E01BECF93C00B1D734 /* BusinessUnitListModel.swift */,
				35FF25E21BECFAB300B1D734 /* JobClassificationModel.swift */,
				35FF25E41BECFBDC00B1D734 /* JobClassificationListModel.swift */,
				35FF25E61BECFDF400B1D734 /* PermissionGroupsModel.swift */,
				35FF25E81BECFE6300B1D734 /* PermissionGroupsListModel.swift */,
				4015F86F1BFB23720030927E /* RoleModel.swift */,
				4015F8711BFB27BB0030927E /* RoleListModel.swift */,
			);
			name = "Organization Models";
			sourceTree = "<group>";
		};
		4018CD651C04571A007648E2 /* iTacitTests */ = {
			isa = PBXGroup;
			children = (
				4018CD6E1C04575D007648E2 /* GreetingTests.swift */,
				4018CD661C04571A007648E2 /* iTacitTests.swift */,
				4018CD681C04571A007648E2 /* Info.plist */,
			);
			path = iTacitTests;
			sourceTree = "<group>";
		};
		4018CD721C04BB65007648E2 /* Base Cells */ = {
			isa = PBXGroup;
			children = (
				4018CD731C04BB91007648E2 /* RemoteImageTableViewCell.swift */,
			);
			name = "Base Cells";
			sourceTree = "<group>";
		};
		401938571BF33D810030212F /* News Flow */ = {
			isa = PBXGroup;
			children = (
				40EA82531BCFD06F0029228F /* NewsViewController.swift */,
				3563B9991BD11B43009BE696 /* NewsDetailViewController.swift */,
				3DEFA79C1BD5040A00596A2B /* FilterNewsViewController.swift */,
			);
			name = "News Flow";
			sourceTree = "<group>";
		};
		401938581BF33D910030212F /* Messages Flow */ = {
			isa = PBXGroup;
			children = (
				40EA82551BCFD07B0029228F /* MessagesViewController.swift */,
				35610F5C1BF4BAB6007BE698 /* MessageDetailViewController.swift */,
				351E8EC01BE36B1500690669 /* MessageComposeViewController.swift */,
				35D6EA361BEBA2D20084559B /* AddRecipientViewController.swift */,
				35DDBEB81BF3700F00791F79 /* ReplayViewController.swift */,
				4028C2F01BFDFA2A007A2939 /* RecipientsViewController.swift */,
			);
			name = "Messages Flow";
			sourceTree = "<group>";
		};
		401938591BF33D9A0030212F /* Training Flow */ = {
			isa = PBXGroup;
			children = (
				40EA82571BCFD09A0029228F /* TrainingViewController.swift */,
			);
			name = "Training Flow";
			sourceTree = "<group>";
		};
		4019385A1BF33DAF0030212F /* Dashboard Flow */ = {
			isa = PBXGroup;
			children = (
				35E560B31C0370B800F26C70 /* MyProfileViewController.swift */,
				40EA82511BCFD05F0029228F /* DashboardViewController.swift */,
				40317D301C0741DD003321F4 /* BannerViewController.swift */,
			);
			name = "Dashboard Flow";
			sourceTree = "<group>";
		};
		4019385B1BF33DE70030212F /* Tab Bar Controller */ = {
			isa = PBXGroup;
			children = (
				40EA824F1BCFCE120029228F /* TabBarController.swift */,
				353C05041BE25D0800C92352 /* MainTabBarController.swift */,
			);
			name = "Tab Bar Controller";
			sourceTree = "<group>";
		};
		4019385C1BF354FB0030212F /* News Flow Models */ = {
			isa = PBXGroup;
			children = (
				407A7DA51BE77D67006A9DB0 /* NewsModel.swift */,
				407A7DA91BE77D85006A9DB0 /* NewsListModel.swift */,
				355FF06D1BDF697B0070B600 /* SearchNewsQueryModel.swift */,
				4056D5831BE8E7AC0076B970 /* AuthorModel.swift */,
				4056D57F1BE8D49D0076B970 /* AuthorListModel.swift */,
				4056D5811BE8D5050076B970 /* SearchAuthorQueryModel.swift */,
				3DD1FF311BE39FC0005C4339 /* NewsCategoryModel.swift */,
				35EE4E981BE8DDD400740A03 /* CategoriesListModel.swift */,
				4056D5851BE8E8B20076B970 /* SearchCategoryQueryModel.swift */,
			);
			name = "News Flow Models";
			sourceTree = "<group>";
		};
		4019385D1BF3609E0030212F /* Messages Flow Models */ = {
			isa = PBXGroup;
			children = (
				4015F8731BFB40C60030927E /* BaseMessageModel.swift */,
				35EE4E961BE89CBD00740A03 /* NewMessageModel.swift */,
				293D3D8D5FB143EB07670E7E /* MessageModel.swift */,
				293D3EDD221DE1D0BEFA736D /* MessageListModel.swift */,
				35DDBEBA1BF3951D00791F79 /* CreateReplyModel.swift */,
				293D3388661F1E0C3B0C7FF9 /* MessageSearchQueryModel.swift */,
				4015F8761BFB88ED0030927E /* RecipientsCountModel.swift */,
				35FAAE921BFB2DAD0006B915 /* ReplyModel.swift */,
				352B52941BFB47910060C34B /* ReplyListModel.swift */,
				35AF6F1D1BFB518D00600B6F /* SearchReplyListModel.swift */,
				4028C2F21BFE1024007A2939 /* RecipientModel.swift */,
				4028C2F41BFE132E007A2939 /* RecipientListModel.swift */,
				4028C2F61BFE1FAF007A2939 /* RecipientSearchQuery.swift */,
				35E775D41BFDE9AA000A0BA7 /* MessageCreateReplyModel.swift */,
				293D3FA48E72707523A5E49C /* MessageCategory.swift */,
				405F72B31C08538100E60BE9 /* MessageSummaryModel.swift */,
			);
			name = "Messages Flow Models";
			sourceTree = "<group>";
		};
		4019385E1BF361070030212F /* Base Models */ = {
			isa = PBXGroup;
			children = (
				405A29941BE6B2800024ADA9 /* BaseModel.swift */,
				407A7DA71BE77D75006A9DB0 /* ListModel.swift */,
				4080B7DF1BF2333600965749 /* PageListModel.swift */,
				4056D5871BE8E8E50076B970 /* SearchStringModel.swift */,
			);
			name = "Base Models";
			sourceTree = "<group>";
		};
		40317D2D1C070328003321F4 /* Dashboard Flow Models */ = {
			isa = PBXGroup;
			children = (
				4018CD751C04C440007648E2 /* ActivityReplyModel.swift */,
				4018CD781C04C924007648E2 /* ActivityMessageModel.swift */,
				40317D291C06FFEB003321F4 /* BannerModel.swift */,
				40317D2B1C070242003321F4 /* BannerListModel.swift */,
				40317D321C0750B9003321F4 /* ActivityFeedModel.swift */,
			);
			name = "Dashboard Flow Models";
			sourceTree = "<group>";
		};
		40440DAB1BDBCC9C00FADF6E /* CollectionViewCells */ = {
			isa = PBXGroup;
			children = (
				40440DAC1BDBCC9C00FADF6E /* InputCollectionViewCell */,
				40440DAF1BDBCC9C00FADF6E /* TextCollectionViewCell */,
				4012FFB21BF62EA1002B1711 /* MessageCategoryCollectionViewCell.swift */,
			);
			path = CollectionViewCells;
			sourceTree = "<group>";
		};
		40440DAC1BDBCC9C00FADF6E /* InputCollectionViewCell */ = {
			isa = PBXGroup;
			children = (
				40440DAD1BDBCC9C00FADF6E /* InputCollectionViewCell.swift */,
				40440DAE1BDBCC9C00FADF6E /* InputCollectionViewCell.xib */,
			);
			path = InputCollectionViewCell;
			sourceTree = "<group>";
		};
		40440DAF1BDBCC9C00FADF6E /* TextCollectionViewCell */ = {
			isa = PBXGroup;
			children = (
				40440DB01BDBCC9C00FADF6E /* TextCollectionViewCell.swift */,
				40440DB11BDBCC9C00FADF6E /* TextCollectionViewCell.xib */,
			);
			path = TextCollectionViewCell;
			sourceTree = "<group>";
		};
		40440DB61BDBCCA200FADF6E /* AutocompletionTableViewCell */ = {
			isa = PBXGroup;
			children = (
				40440DB71BDBCCA200FADF6E /* AutocompletionTableViewCell.swift */,
				40440DB81BDBCCA200FADF6E /* AutocompletionTableViewCell.xib */,
			);
			path = AutocompletionTableViewCell;
			sourceTree = "<group>";
		};
		40440DBF1BDBCE2F00FADF6E /* TagSearchControl */ = {
			isa = PBXGroup;
			children = (
				40440DC01BDBCE2F00FADF6E /* TagSearchControl.swift */,
				40440DC11BDBCE2F00FADF6E /* TagSearchControl.xib */,
			);
			path = TagSearchControl;
			sourceTree = "<group>";
		};
		405A297F1BE6B21A0024ADA9 /* Mapping */ = {
			isa = PBXGroup;
			children = (
				405A29801BE6B21A0024ADA9 /* JSONMapper.swift */,
				405A29811BE6B21A0024ADA9 /* JSONValueConvertible.swift */,
				405A29821BE6B21A0024ADA9 /* JSONValueConvertibleExtensions.swift */,
				405A29831BE6B21A0024ADA9 /* KeyValueCodable.swift */,
				405A29841BE6B21A0024ADA9 /* Mappable.swift */,
				405A29851BE6B21A0024ADA9 /* PropertyDescriptor.swift */,
				405A29861BE6B21A0024ADA9 /* ValueTransformer.swift */,
			);
			path = Mapping;
			sourceTree = "<group>";
		};
		408C22C71BF0B7AC00DA25A3 /* Protocols */ = {
			isa = PBXGroup;
			children = (
				408C22C81BF0B7CC00DA25A3 /* Autocompletable.swift */,
			);
			path = Protocols;
			sourceTree = "<group>";
		};
		408C22CA1BF0C73A00DA25A3 /* UserProfileTableViewCell */ = {
			isa = PBXGroup;
			children = (
				408C22CB1BF0C75400DA25A3 /* UserProfileTableViewCell.swift */,
				408C22CC1BF0C75400DA25A3 /* UserProfileTableViewCell.xib */,
			);
			path = UserProfileTableViewCell;
			sourceTree = "<group>";
		};
		40EA81F31BCFA3360029228F = {
			isa = PBXGroup;
			children = (
				40EA81FE1BCFA3360029228F /* iTacit */,
				4018CD651C04571A007648E2 /* iTacitTests */,
				40EA81FD1BCFA3360029228F /* Products */,
			);
			sourceTree = "<group>";
		};
		40EA81FD1BCFA3360029228F /* Products */ = {
			isa = PBXGroup;
			children = (
				40EA81FC1BCFA3360029228F /* iTacit.app */,
				4018CD641C045719007648E2 /* iTacitTests.xctest */,
			);
			name = Products;
			sourceTree = "<group>";
		};
		40EA81FE1BCFA3360029228F /* iTacit */ = {
			isa = PBXGroup;
			children = (
				40EA82351BCFC8710029228F /* Utils */,
				408C22C71BF0B7AC00DA25A3 /* Protocols */,
				40EA823A1BCFCCBE0029228F /* Classes */,
				40EA821B1BCFC40C0029228F /* Model */,
				40EA821E1BCFC40C0029228F /* Views */,
				40EA82171BCFC40C0029228F /* Controllers */,
				40EA82201BCFC4170029228F /* Storyboard */,
				40EA821C1BCFC40C0029228F /* Resources */,
				40EA82121BCFB8E10029228F /* Supporting Files */,
			);
			path = iTacit;
			sourceTree = "<group>";
		};
		40EA82121BCFB8E10029228F /* Supporting Files */ = {
			isa = PBXGroup;
			children = (
				40EA81FF1BCFA3360029228F /* AppDelegate.swift */,
				40EA82131BCFB8E10029228F /* Assets.xcassets */,
				40EA82141BCFB8E10029228F /* Info.plist */,
			);
			path = "Supporting Files";
			sourceTree = "<group>";
		};
		40EA82171BCFC40C0029228F /* Controllers */ = {
			isa = PBXGroup;
			children = (
				351E8EC21BE36E8C00690669 /* BaseViewController.swift */,
				402F3D3F1BFF1640003C00C0 /* PagingViewController.swift */,
				4019385B1BF33DE70030212F /* Tab Bar Controller */,
				4019385A1BF33DAF0030212F /* Dashboard Flow */,
				401938571BF33D810030212F /* News Flow */,
				401938581BF33D910030212F /* Messages Flow */,
				401938591BF33D9A0030212F /* Training Flow */,
				350943651C070FD50032CD8A /* Login Flow */,
			);
			path = Controllers;
			sourceTree = "<group>";
		};
		40EA821B1BCFC40C0029228F /* Model */ = {
			isa = PBXGroup;
			children = (
				407778AD1C03778E00E02BEA /* Greeting.swift */,
				4056D5891BE903FD0076B970 /* TagModel.swift */,
				407A7DA31BE778BD006A9DB0 /* ServerErrorModel.swift */,
				405A29921BE6B2710024ADA9 /* TokenModel.swift */,
				400327D41BE817FC00D2BEAE /* UserProfileModel.swift */,
				408C22CF1BF1070D00DA25A3 /* UserProfileListModel.swift */,
				351793021C05E065001191E1 /* OwnUserProfileQueryModel.swift */,
				40317D2D1C070328003321F4 /* Dashboard Flow Models */,
				4019385E1BF361070030212F /* Base Models */,
				4019385C1BF354FB0030212F /* News Flow Models */,
				4019385D1BF3609E0030212F /* Messages Flow Models */,
				4015F8751BFB410B0030927E /* Organization Models */,
			);
			path = Model;
			sourceTree = "<group>";
		};
		40EA821C1BCFC40C0029228F /* Resources */ = {
			isa = PBXGroup;
			children = (
				40EA821D1BCFC40C0029228F /* Fonts */,
				353C05001BE253BF00C92352 /* Localizable.strings */,
			);
			path = Resources;
			sourceTree = "<group>";
		};
		40EA821D1BCFC40C0029228F /* Fonts */ = {
			isa = PBXGroup;
			children = (
				40EA82211BCFC4760029228F /* OPENSANS-BOLD.TTF */,
				40EA82221BCFC4760029228F /* OPENSANS-BOLDITALIC.TTF */,
				40EA82231BCFC4760029228F /* OPENSANS-EXTRABOLD.TTF */,
				40EA82241BCFC4760029228F /* OPENSANS-EXTRABOLDITALIC.TTF */,
				40EA82251BCFC4760029228F /* OPENSANS-ITALIC.TTF */,
				40EA82261BCFC4760029228F /* OPENSANS-LIGHT.TTF */,
				40EA82271BCFC4760029228F /* OPENSANS-SEMIBOLD.TTF */,
				40EA82281BCFC4760029228F /* OPENSANS-SEMIBOLDITALIC.TTF */,
				40EA82291BCFC4760029228F /* OPENSANS.TTF */,
				40EA822A1BCFC4760029228F /* OPENSANSLIGHT-ITALIC.TTF */,
			);
			path = Fonts;
			sourceTree = "<group>";
		};
		40EA821E1BCFC40C0029228F /* Views */ = {
			isa = PBXGroup;
			children = (
				40EA82401BCFCCEA0029228F /* Cells */,
				40EA82451BCFCD150029228F /* Controls */,
				40EA82441BCFCCEA0029228F /* DirectSubclasses */,
				350644C41BD7783D00D51D5C /* HeaderViews */,
			);
			path = Views;
			sourceTree = "<group>";
		};
		40EA82201BCFC4170029228F /* Storyboard */ = {
			isa = PBXGroup;
			children = (
				40EA82031BCFA3360029228F /* Main.storyboard */,
				40EA82081BCFA3360029228F /* LaunchScreen.storyboard */,
			);
			path = Storyboard;
			sourceTree = "<group>";
		};
		40EA82351BCFC8710029228F /* Utils */ = {
			isa = PBXGroup;
			children = (
				40EA82361BCFC8A40029228F /* AppColors.swift */,
			);
			path = Utils;
			sourceTree = "<group>";
		};
		40EA823A1BCFCCBE0029228F /* Classes */ = {
			isa = PBXGroup;
			children = (
				3591D00F1BEA085500AE4884 /* KeychainWrapper.swift */,
				405A297F1BE6B21A0024ADA9 /* Mapping */,
				40EA823B1BCFCCBE0029228F /* Extensions */,
				40EA823D1BCFCCBE0029228F /* Managers */,
				40EA823E1BCFCCBE0029228F /* Segues */,
				405A29881BE6B21A0024ADA9 /* URLParametersSerializer.swift */,
				405A29871BE6B21A0024ADA9 /* RequestBuilder.swift */,
				40440DBB1BDBCD0E00FADF6E /* CollectionViewLeftAlignedFlowLayout.swift */,
				353C04FA1BE2490F00C92352 /* LocalizationService.swift */,
				4056D5781BE8B14E0076B970 /* AssetsIndetifier.swift */,
				4056D57A1BE8B4F30076B970 /* Fonts.swift */,
			);
			path = Classes;
			sourceTree = "<group>";
		};
		40EA823B1BCFCCBE0029228F /* Extensions */ = {
			isa = PBXGroup;
			children = (
				402B633D1BEDFC2300372201 /* TimeAgoExtension.swift */,
				40EA823C1BCFCCBE0029228F /* Extensions.swift */,
			);
			path = Extensions;
			sourceTree = "<group>";
		};
		40EA823D1BCFCCBE0029228F /* Managers */ = {
			isa = PBXGroup;
			children = (
				4056D5761BE89B290076B970 /* ImageCacheManager.swift */,
				407778AF1C037C6500E02BEA /* GreetingManager.swift */,
				4027C05F1C06094700E114A1 /* SharedStorage.swift */,
			);
			path = Managers;
			sourceTree = "<group>";
		};
		40EA823E1BCFCCBE0029228F /* Segues */ = {
			isa = PBXGroup;
			children = (
				40EA824D1BCFCDEC0029228F /* TabBarControllerSegue.swift */,
			);
			path = Segues;
			sourceTree = "<group>";
		};
		40EA82401BCFCCEA0029228F /* Cells */ = {
			isa = PBXGroup;
			children = (
				40440DAB1BDBCC9C00FADF6E /* CollectionViewCells */,
				40EA82421BCFCCEA0029228F /* TableViewCells */,
			);
			path = Cells;
			sourceTree = "<group>";
		};
		40EA82421BCFCCEA0029228F /* TableViewCells */ = {
			isa = PBXGroup;
			children = (
				4018CD721C04BB65007648E2 /* Base Cells */,
				350943661C0731C10032CD8A /* Login Flow */,
				4077E6F41BF9FD32006FAFB1 /* SwipeableTableViewCell.swift */,
				408C22CA1BF0C73A00DA25A3 /* UserProfileTableViewCell */,
				351E8EC61BE36FCD00690669 /* MailComposerTableViewCells */,
				40440DB61BDBCCA200FADF6E /* AutocompletionTableViewCell */,
				35690C691BF9D5F3006055EB /* MessageTableViewCell.swift */,
				3DEFA7A01BD50B7100596A2B /* CategoryTableViewCell.swift */,
				3DEFA79E1BD5056E00596A2B /* DatePickerTableViewCell.swift */,
				3563B9A11BD12E40009BE696 /* DescriptionTableViewCell.swift */,
				3563B9A31BD12FAE009BE696 /* HashtagAndTimeTableViewCell.swift */,
				3563B99D1BD12889009BE696 /* ImageTableViewCell.swift */,
				4014E4EB1BD0FD4F00837B3E /* NewsTableViewCell.swift */,
				3563B99F1BD12CCB009BE696 /* TitleTableViewCell.swift */,
				3563B9971BD117BE009BE696 /* UserTableViewCell.swift */,
				40C5612E1BEBBF82005BAAED /* ResizableTableViewCell.swift */,
				35A349891BF5E6C100CD0DEB /* MessageDetailCommentTableViewCell.swift */,
				4018CD701C049816007648E2 /* ActivityFeedTableViewCell.swift */,
			);
			path = TableViewCells;
			sourceTree = "<group>";
		};
		40EA82441BCFCCEA0029228F /* DirectSubclasses */ = {
			isa = PBXGroup;
			children = (
				402F3D411BFF6546003C00C0 /* ShowMoreTextView.swift */,
				40C5612C1BEBA024005BAAED /* PlaceholderedTextView.swift */,
				40440DBD1BDBCDDE00FADF6E /* ExtendedTextField.swift */,
				40EA82461BCFCD690029228F /* TabsContainerView.swift */,
				4012FFAE1BF5D4CE002B1711 /* SeparatorView.swift */,
			);
			path = DirectSubclasses;
			sourceTree = "<group>";
		};
		40EA82451BCFCD150029228F /* Controls */ = {
			isa = PBXGroup;
			children = (
				40EA82481BCFCD720029228F /* TabBarButton */,
				40440DBF1BDBCE2F00FADF6E /* TagSearchControl */,
				40440DC21BDBCE2F00FADF6E /* TagTextField.swift */,
			);
			path = Controls;
			sourceTree = "<group>";
		};
		40EA82481BCFCD720029228F /* TabBarButton */ = {
			isa = PBXGroup;
			children = (
				40EA82491BCFCD720029228F /* TabBarButton.swift */,
				40EA824A1BCFCD720029228F /* TabBarButton.xib */,
			);
			path = TabBarButton;
			sourceTree = "<group>";
		};
/* End PBXGroup section */

/* Begin PBXNativeTarget section */
		4018CD631C045719007648E2 /* iTacitTests */ = {
			isa = PBXNativeTarget;
			buildConfigurationList = 4018CD6D1C04571A007648E2 /* Build configuration list for PBXNativeTarget "iTacitTests" */;
			buildPhases = (
				4018CD601C045719007648E2 /* Sources */,
				4018CD611C045719007648E2 /* Frameworks */,
				4018CD621C045719007648E2 /* Resources */,
			);
			buildRules = (
			);
			dependencies = (
				4018CD6A1C04571A007648E2 /* PBXTargetDependency */,
			);
			name = iTacitTests;
			productName = iTacitTests;
			productReference = 4018CD641C045719007648E2 /* iTacitTests.xctest */;
			productType = "com.apple.product-type.bundle.unit-test";
		};
		40EA81FB1BCFA3360029228F /* iTacit */ = {
			isa = PBXNativeTarget;
			buildConfigurationList = 40EA820E1BCFA3360029228F /* Build configuration list for PBXNativeTarget "iTacit" */;
			buildPhases = (
				40EA81F81BCFA3360029228F /* Sources */,
				40EA81F91BCFA3360029228F /* Frameworks */,
				40EA81FA1BCFA3360029228F /* Resources */,
			);
			buildRules = (
			);
			dependencies = (
			);
			name = iTacit;
			productName = iTacit;
			productReference = 40EA81FC1BCFA3360029228F /* iTacit.app */;
			productType = "com.apple.product-type.application";
		};
/* End PBXNativeTarget section */

/* Begin PBXProject section */
		40EA81F41BCFA3360029228F /* Project object */ = {
			isa = PBXProject;
			attributes = {
				LastSwiftUpdateCheck = 0710;
				LastUpgradeCheck = 0700;
				ORGANIZATIONNAME = iTacit;
				TargetAttributes = {
					4018CD631C045719007648E2 = {
						CreatedOnToolsVersion = 7.1.1;
						TestTargetID = 40EA81FB1BCFA3360029228F;
					};
					40EA81FB1BCFA3360029228F = {
						CreatedOnToolsVersion = 7.0.1;
					};
				};
			};
			buildConfigurationList = 40EA81F71BCFA3360029228F /* Build configuration list for PBXProject "iTacit" */;
			compatibilityVersion = "Xcode 3.2";
			developmentRegion = English;
			hasScannedForEncodings = 0;
			knownRegions = (
				en,
				Base,
				fr,
			);
			mainGroup = 40EA81F31BCFA3360029228F;
			productRefGroup = 40EA81FD1BCFA3360029228F /* Products */;
			projectDirPath = "";
			projectRoot = "";
			targets = (
				40EA81FB1BCFA3360029228F /* iTacit */,
				4018CD631C045719007648E2 /* iTacitTests */,
			);
		};
/* End PBXProject section */

/* Begin PBXResourcesBuildPhase section */
		4018CD621C045719007648E2 /* Resources */ = {
			isa = PBXResourcesBuildPhase;
			buildActionMask = 2147483647;
			files = (
			);
			runOnlyForDeploymentPostprocessing = 0;
		};
		40EA81FA1BCFA3360029228F /* Resources */ = {
			isa = PBXResourcesBuildPhase;
			buildActionMask = 2147483647;
			files = (
				40EA822E1BCFC4760029228F /* OPENSANS-EXTRABOLDITALIC.TTF in Resources */,
				40EA82341BCFC4760029228F /* OPENSANSLIGHT-ITALIC.TTF in Resources */,
				40440DBA1BDBCCA200FADF6E /* AutocompletionTableViewCell.xib in Resources */,
				40EA82301BCFC4760029228F /* OPENSANS-LIGHT.TTF in Resources */,
				350644C61BD7788400D51D5C /* ListHeaderView.xib in Resources */,
				40EA824C1BCFCD720029228F /* TabBarButton.xib in Resources */,
				40EA822F1BCFC4760029228F /* OPENSANS-ITALIC.TTF in Resources */,
				40EA82331BCFC4760029228F /* OPENSANS.TTF in Resources */,
				40EA820A1BCFA3360029228F /* LaunchScreen.storyboard in Resources */,
				40EA82151BCFB8E10029228F /* Assets.xcassets in Resources */,
				40EA822B1BCFC4760029228F /* OPENSANS-BOLD.TTF in Resources */,
				40440DC41BDBCE2F00FADF6E /* TagSearchControl.xib in Resources */,
				40EA822D1BCFC4760029228F /* OPENSANS-EXTRABOLD.TTF in Resources */,
				353C04FE1BE253BF00C92352 /* Localizable.strings in Resources */,
				40EA82051BCFA3360029228F /* Main.storyboard in Resources */,
				350644CA1BD784B300D51D5C /* DateHeaderView.xib in Resources */,
				40440DB51BDBCC9C00FADF6E /* TextCollectionViewCell.xib in Resources */,
				40EA82311BCFC4760029228F /* OPENSANS-SEMIBOLD.TTF in Resources */,
				408C22CE1BF0C75400DA25A3 /* UserProfileTableViewCell.xib in Resources */,
				353247311BEC9DAC00733B1A /* AddRecipientHeaderView.xib in Resources */,
				3584F0F21BEB48DD00AB20B2 /* ComposeReportsHeaderView.xib in Resources */,
				40EA822C1BCFC4760029228F /* OPENSANS-BOLDITALIC.TTF in Resources */,
				40EA82321BCFC4760029228F /* OPENSANS-SEMIBOLDITALIC.TTF in Resources */,
				40440DB31BDBCC9C00FADF6E /* InputCollectionViewCell.xib in Resources */,
			);
			runOnlyForDeploymentPostprocessing = 0;
		};
/* End PBXResourcesBuildPhase section */

/* Begin PBXSourcesBuildPhase section */
		4018CD601C045719007648E2 /* Sources */ = {
			isa = PBXSourcesBuildPhase;
			buildActionMask = 2147483647;
			files = (
				4018CD6F1C04575D007648E2 /* GreetingTests.swift in Sources */,
				4018CD671C04571A007648E2 /* iTacitTests.swift in Sources */,
			);
			runOnlyForDeploymentPostprocessing = 0;
		};
		40EA81F81BCFA3360029228F /* Sources */ = {
			isa = PBXSourcesBuildPhase;
			buildActionMask = 2147483647;
			files = (
				407A7DA61BE77D67006A9DB0 /* NewsModel.swift in Sources */,
				40C5612D1BEBA024005BAAED /* PlaceholderedTextView.swift in Sources */,
				4056D5801BE8D49D0076B970 /* AuthorListModel.swift in Sources */,
				405A298C1BE6B21A0024ADA9 /* KeyValueCodable.swift in Sources */,
				408C22CD1BF0C75400DA25A3 /* UserProfileTableViewCell.swift in Sources */,
				405A29931BE6B2710024ADA9 /* TokenModel.swift in Sources */,
				407A7DAA1BE77D85006A9DB0 /* NewsListModel.swift in Sources */,
				40317D2A1C06FFEB003321F4 /* BannerModel.swift in Sources */,
				4018CD741C04BB91007648E2 /* RemoteImageTableViewCell.swift in Sources */,
				40440DB91BDBCCA200FADF6E /* AutocompletionTableViewCell.swift in Sources */,
				4028C2F31BFE1024007A2939 /* RecipientModel.swift in Sources */,
				3584F0F01BEB48CC00AB20B2 /* ComposeReportsHeaderView.swift in Sources */,
				407A7DA41BE778BD006A9DB0 /* ServerErrorModel.swift in Sources */,
				4056D5821BE8D5050076B970 /* SearchAuthorQueryModel.swift in Sources */,
				402B633E1BEDFC2300372201 /* TimeAgoExtension.swift in Sources */,
				400327D51BE817FC00D2BEAE /* UserProfileModel.swift in Sources */,
				408C22D01BF1070D00DA25A3 /* UserProfileListModel.swift in Sources */,
				40EA82561BCFD07B0029228F /* MessagesViewController.swift in Sources */,
				4056D57E1BE8D1F00076B970 /* ComposerRecipientsTableViewCell.swift in Sources */,
				353C05051BE25D0800C92352 /* MainTabBarController.swift in Sources */,
				352B52951BFB47910060C34B /* ReplyListModel.swift in Sources */,
				35FF25E31BECFAB300B1D734 /* JobClassificationModel.swift in Sources */,
				40EA824E1BCFCDEC0029228F /* TabBarControllerSegue.swift in Sources */,
				405A29891BE6B21A0024ADA9 /* JSONMapper.swift in Sources */,
				3DEFA79D1BD5040A00596A2B /* FilterNewsViewController.swift in Sources */,
				4015F8721BFB27BB0030927E /* RoleListModel.swift in Sources */,
				405A29901BE6B21A0024ADA9 /* RequestBuilder.swift in Sources */,
				35EE4E991BE8DDD400740A03 /* CategoriesListModel.swift in Sources */,
				40440DBE1BDBCDDE00FADF6E /* ExtendedTextField.swift in Sources */,
				402F3D401BFF1640003C00C0 /* PagingViewController.swift in Sources */,
				4014E4EC1BD0FD4F00837B3E /* NewsTableViewCell.swift in Sources */,
				40EA82501BCFCE120029228F /* TabBarController.swift in Sources */,
				35E560B41C0370B800F26C70 /* MyProfileViewController.swift in Sources */,
				351E8ECC1BE3C2AC00690669 /* ComposerBodyTableViewCell.swift in Sources */,
				351793031C05E065001191E1 /* OwnUserProfileQueryModel.swift in Sources */,
				408C22C91BF0B7CC00DA25A3 /* Autocompletable.swift in Sources */,
				40440DB41BDBCC9C00FADF6E /* TextCollectionViewCell.swift in Sources */,
				3563B9A21BD12E40009BE696 /* DescriptionTableViewCell.swift in Sources */,
				4056D57C1BE8D1790076B970 /* MessageComposeViewController.swift in Sources */,
				3563B9981BD117BE009BE696 /* UserTableViewCell.swift in Sources */,
				40440DB21BDBCC9C00FADF6E /* InputCollectionViewCell.swift in Sources */,
				35FF25DF1BECF62600B1D734 /* BusinessUnitModel.swift in Sources */,
				351E8EC81BE3700F00690669 /* ComposerTopicTableViewCell.swift in Sources */,
				4015F8741BFB40C60030927E /* BaseMessageModel.swift in Sources */,
				4056D5861BE8E8B20076B970 /* SearchCategoryQueryModel.swift in Sources */,
				40EA82471BCFCD690029228F /* TabsContainerView.swift in Sources */,
				405A29951BE6B2800024ADA9 /* BaseModel.swift in Sources */,
				40EA82371BCFC8A40029228F /* AppColors.swift in Sources */,
				3509436E1C07466C0032CD8A /* SignInTableViewCell.swift in Sources */,
				40EA82001BCFA3360029228F /* AppDelegate.swift in Sources */,
				35DDBEB91BF3700F00791F79 /* ReplayViewController.swift in Sources */,
				353C04FB1BE2490F00C92352 /* LocalizationService.swift in Sources */,
				40EA823F1BCFCCBE0029228F /* Extensions.swift in Sources */,
				350943681C0732880032CD8A /* LogoTableViewCell.swift in Sources */,
				405A29911BE6B21A0024ADA9 /* URLParametersSerializer.swift in Sources */,
				3DEFA7A11BD50B7100596A2B /* CategoryTableViewCell.swift in Sources */,
				40EA82541BCFD06F0029228F /* NewsViewController.swift in Sources */,
				40440DC31BDBCE2F00FADF6E /* TagSearchControl.swift in Sources */,
				35FF25E51BECFBDC00B1D734 /* JobClassificationListModel.swift in Sources */,
				3509436C1C0744480032CD8A /* RememberMeTableViewCell.swift in Sources */,
				35FF25E11BECF93C00B1D734 /* BusinessUnitListModel.swift in Sources */,
				3516FFA31BE7940000865EB9 /* ComposerReadDateTableViewCell.swift in Sources */,
				3563B9A01BD12CCB009BE696 /* TitleTableViewCell.swift in Sources */,
				35D6EA371BEBA2D20084559B /* AddRecipientViewController.swift in Sources */,
				350644C81BD784A800D51D5C /* DateHeaderView.swift in Sources */,
				4056D58A1BE903FD0076B970 /* TagModel.swift in Sources */,
				405F72B41C08538100E60BE9 /* MessageSummaryModel.swift in Sources */,
				4056D5841BE8E7AC0076B970 /* AuthorModel.swift in Sources */,
				4018CD761C04C440007648E2 /* ActivityReplyModel.swift in Sources */,
				355FF06E1BDF697B0070B600 /* SearchNewsQueryModel.swift in Sources */,
				350943701C074E180032CD8A /* LoginUserTableViewCell.swift in Sources */,
				3591D0101BEA085500AE4884 /* KeychainWrapper.swift in Sources */,
				35610F5D1BF4BAB6007BE698 /* MessageDetailViewController.swift in Sources */,
				407778B01C037C6500E02BEA /* GreetingManager.swift in Sources */,
				3563B99A1BD11B43009BE696 /* NewsDetailViewController.swift in Sources */,
				4056D57D1BE8D1C80076B970 /* BaseViewController.swift in Sources */,
				4018CD711C049816007648E2 /* ActivityFeedTableViewCell.swift in Sources */,
				4015F8771BFB88ED0030927E /* RecipientsCountModel.swift in Sources */,
				4012FFB31BF62EA1002B1711 /* MessageCategoryCollectionViewCell.swift in Sources */,
				405A298A1BE6B21A0024ADA9 /* JSONValueConvertible.swift in Sources */,
				405A298E1BE6B21A0024ADA9 /* PropertyDescriptor.swift in Sources */,
				35E775D51BFDE9AA000A0BA7 /* MessageCreateReplyModel.swift in Sources */,
				35EE4E971BE89CBD00740A03 /* NewMessageModel.swift in Sources */,
				35A3498A1BF5E6C100CD0DEB /* MessageDetailCommentTableViewCell.swift in Sources */,
				40440DBC1BDBCD0E00FADF6E /* CollectionViewLeftAlignedFlowLayout.swift in Sources */,
				350943641C070FCF0032CD8A /* LoginTableViewController.swift in Sources */,
				35AF6F1E1BFB518D00600B6F /* SearchReplyListModel.swift in Sources */,
				405A298D1BE6B21A0024ADA9 /* Mappable.swift in Sources */,
				3532472F1BEC9DA000733B1A /* AddRecipientHeaderView.swift in Sources */,
				4015F8701BFB23720030927E /* RoleModel.swift in Sources */,
				35FF25E71BECFDF400B1D734 /* PermissionGroupsModel.swift in Sources */,
				407778AE1C03778E00E02BEA /* Greeting.swift in Sources */,
				40EA824B1BCFCD720029228F /* TabBarButton.swift in Sources */,
				405A298F1BE6B21A0024ADA9 /* ValueTransformer.swift in Sources */,
				40EA82581BCFD09A0029228F /* TrainingViewController.swift in Sources */,
				4056D5881BE8E8E50076B970 /* SearchStringModel.swift in Sources */,
				4018CD791C04C924007648E2 /* ActivityMessageModel.swift in Sources */,
				3563B9A41BD12FAE009BE696 /* HashtagAndTimeTableViewCell.swift in Sources */,
				4012FFAF1BF5D4CE002B1711 /* SeparatorView.swift in Sources */,
				3509436A1C0739430032CD8A /* InputTableViewCell.swift in Sources */,
				3DD1FF321BE39FC0005C4339 /* NewsCategoryModel.swift in Sources */,
				4056D5771BE89B290076B970 /* ImageCacheManager.swift in Sources */,
				40317D2C1C070242003321F4 /* BannerListModel.swift in Sources */,
				40317D331C0750B9003321F4 /* ActivityFeedModel.swift in Sources */,
				35DDBEBB1BF3951D00791F79 /* CreateReplyModel.swift in Sources */,
				40317D311C0741DD003321F4 /* BannerViewController.swift in Sources */,
				40EA82521BCFD05F0029228F /* DashboardViewController.swift in Sources */,
				35FF25E91BECFE6300B1D734 /* PermissionGroupsListModel.swift in Sources */,
				3563B99E1BD1288A009BE696 /* ImageTableViewCell.swift in Sources */,
				4027C0601C06094700E114A1 /* SharedStorage.swift in Sources */,
				3DEFA79F1BD5056E00596A2B /* DatePickerTableViewCell.swift in Sources */,
				402F3D421BFF6546003C00C0 /* ShowMoreTextView.swift in Sources */,
				4080B7E01BF2333600965749 /* PageListModel.swift in Sources */,
				4028C2F51BFE132E007A2939 /* RecipientListModel.swift in Sources */,
				4028C2F71BFE1FAF007A2939 /* RecipientSearchQuery.swift in Sources */,
				40440DC51BDBCE2F00FADF6E /* TagTextField.swift in Sources */,
				4056D5791BE8B14E0076B970 /* AssetsIndetifier.swift in Sources */,
				40C5612F1BEBBF82005BAAED /* ResizableTableViewCell.swift in Sources */,
				405A298B1BE6B21A0024ADA9 /* JSONValueConvertibleExtensions.swift in Sources */,
				350644C31BD7783300D51D5C /* ListHeaderView.swift in Sources */,
				4056D57B1BE8B4F30076B970 /* Fonts.swift in Sources */,
				4077E6F51BF9FD32006FAFB1 /* SwipeableTableViewCell.swift in Sources */,
				407A7DA81BE77D75006A9DB0 /* ListModel.swift in Sources */,
				35690C6B1BF9D5F3006055EB /* MessageTableViewCell.swift in Sources */,
				293D30E21666773A722BAD04 /* MessageModel.swift in Sources */,
				293D3D16DC673B329BDD8E7E /* MessageListModel.swift in Sources */,
				35FAAE931BFB2DAD0006B915 /* ReplyModel.swift in Sources */,
				293D3169AA27E45448B8D05C /* MessageSearchQueryModel.swift in Sources */,
				293D3854460CEF2AB74371C6 /* MessageCategory.swift in Sources */,
				4028C2F11BFDFA2A007A2939 /* RecipientsViewController.swift in Sources */,
			);
			runOnlyForDeploymentPostprocessing = 0;
		};
/* End PBXSourcesBuildPhase section */

/* Begin PBXTargetDependency section */
		4018CD6A1C04571A007648E2 /* PBXTargetDependency */ = {
			isa = PBXTargetDependency;
			target = 40EA81FB1BCFA3360029228F /* iTacit */;
			targetProxy = 4018CD691C04571A007648E2 /* PBXContainerItemProxy */;
		};
/* End PBXTargetDependency section */

/* Begin PBXVariantGroup section */
		353C05001BE253BF00C92352 /* Localizable.strings */ = {
			isa = PBXVariantGroup;
			children = (
				353C04FF1BE253BF00C92352 /* en */,
				353C05031BE253D900C92352 /* fr */,
			);
			name = Localizable.strings;
			sourceTree = "<group>";
		};
		40EA82031BCFA3360029228F /* Main.storyboard */ = {
			isa = PBXVariantGroup;
			children = (
				40EA82041BCFA3360029228F /* Base */,
				353C05021BE253D900C92352 /* fr */,
			);
			name = Main.storyboard;
			path = .;
			sourceTree = "<group>";
		};
		40EA82081BCFA3360029228F /* LaunchScreen.storyboard */ = {
			isa = PBXVariantGroup;
			children = (
				40EA82091BCFA3360029228F /* Base */,
				353C05011BE253D900C92352 /* fr */,
			);
			name = LaunchScreen.storyboard;
			path = .;
			sourceTree = "<group>";
		};
/* End PBXVariantGroup section */

/* Begin XCBuildConfiguration section */
		4018CD6B1C04571A007648E2 /* Debug */ = {
			isa = XCBuildConfiguration;
			buildSettings = {
				BUNDLE_LOADER = "$(TEST_HOST)";
				INFOPLIST_FILE = iTacitTests/Info.plist;
				IPHONEOS_DEPLOYMENT_TARGET = 9.1;
				LD_RUNPATH_SEARCH_PATHS = "$(inherited) @executable_path/Frameworks @loader_path/Frameworks";
				PRODUCT_BUNDLE_IDENTIFIER = com.ITacit.iTacitTests;
				PRODUCT_NAME = "$(TARGET_NAME)";
				TEST_HOST = "$(BUILT_PRODUCTS_DIR)/iTacit.app/iTacit";
			};
			name = Debug;
		};
		4018CD6C1C04571A007648E2 /* Release */ = {
			isa = XCBuildConfiguration;
			buildSettings = {
				BUNDLE_LOADER = "$(TEST_HOST)";
				INFOPLIST_FILE = iTacitTests/Info.plist;
				IPHONEOS_DEPLOYMENT_TARGET = 9.1;
				LD_RUNPATH_SEARCH_PATHS = "$(inherited) @executable_path/Frameworks @loader_path/Frameworks";
				PRODUCT_BUNDLE_IDENTIFIER = com.ITacit.iTacitTests;
				PRODUCT_NAME = "$(TARGET_NAME)";
				TEST_HOST = "$(BUILT_PRODUCTS_DIR)/iTacit.app/iTacit";
			};
			name = Release;
		};
		40EA820C1BCFA3360029228F /* Debug */ = {
			isa = XCBuildConfiguration;
			buildSettings = {
				ALWAYS_SEARCH_USER_PATHS = NO;
				CLANG_CXX_LANGUAGE_STANDARD = "gnu++0x";
				CLANG_CXX_LIBRARY = "libc++";
				CLANG_ENABLE_MODULES = YES;
				CLANG_ENABLE_OBJC_ARC = YES;
				CLANG_WARN_BOOL_CONVERSION = YES;
				CLANG_WARN_CONSTANT_CONVERSION = YES;
				CLANG_WARN_DIRECT_OBJC_ISA_USAGE = YES_ERROR;
				CLANG_WARN_EMPTY_BODY = YES;
				CLANG_WARN_ENUM_CONVERSION = YES;
				CLANG_WARN_INT_CONVERSION = YES;
				CLANG_WARN_OBJC_ROOT_CLASS = YES_ERROR;
				CLANG_WARN_UNREACHABLE_CODE = YES;
				CLANG_WARN__DUPLICATE_METHOD_MATCH = YES;
				"CODE_SIGN_IDENTITY[sdk=iphoneos*]" = "iPhone Developer";
				COPY_PHASE_STRIP = NO;
				DEBUG_INFORMATION_FORMAT = dwarf;
				ENABLE_STRICT_OBJC_MSGSEND = YES;
				ENABLE_TESTABILITY = YES;
				GCC_C_LANGUAGE_STANDARD = gnu99;
				GCC_DYNAMIC_NO_PIC = NO;
				GCC_NO_COMMON_BLOCKS = YES;
				GCC_OPTIMIZATION_LEVEL = 0;
				GCC_PREPROCESSOR_DEFINITIONS = (
					"DEBUG=1",
					"$(inherited)",
				);
				GCC_WARN_64_TO_32_BIT_CONVERSION = YES;
				GCC_WARN_ABOUT_RETURN_TYPE = YES_ERROR;
				GCC_WARN_UNDECLARED_SELECTOR = YES;
				GCC_WARN_UNINITIALIZED_AUTOS = YES_AGGRESSIVE;
				GCC_WARN_UNUSED_FUNCTION = YES;
				GCC_WARN_UNUSED_VARIABLE = YES;
				IPHONEOS_DEPLOYMENT_TARGET = 8.0;
				MTL_ENABLE_DEBUG_INFO = YES;
				ONLY_ACTIVE_ARCH = YES;
				SDKROOT = iphoneos;
				SWIFT_OPTIMIZATION_LEVEL = "-Onone";
				TARGETED_DEVICE_FAMILY = "1,2";
			};
			name = Debug;
		};
		40EA820D1BCFA3360029228F /* Release */ = {
			isa = XCBuildConfiguration;
			buildSettings = {
				ALWAYS_SEARCH_USER_PATHS = NO;
				CLANG_CXX_LANGUAGE_STANDARD = "gnu++0x";
				CLANG_CXX_LIBRARY = "libc++";
				CLANG_ENABLE_MODULES = YES;
				CLANG_ENABLE_OBJC_ARC = YES;
				CLANG_WARN_BOOL_CONVERSION = YES;
				CLANG_WARN_CONSTANT_CONVERSION = YES;
				CLANG_WARN_DIRECT_OBJC_ISA_USAGE = YES_ERROR;
				CLANG_WARN_EMPTY_BODY = YES;
				CLANG_WARN_ENUM_CONVERSION = YES;
				CLANG_WARN_INT_CONVERSION = YES;
				CLANG_WARN_OBJC_ROOT_CLASS = YES_ERROR;
				CLANG_WARN_UNREACHABLE_CODE = YES;
				CLANG_WARN__DUPLICATE_METHOD_MATCH = YES;
				"CODE_SIGN_IDENTITY[sdk=iphoneos*]" = "iPhone Developer";
				COPY_PHASE_STRIP = NO;
				DEBUG_INFORMATION_FORMAT = "dwarf-with-dsym";
				ENABLE_NS_ASSERTIONS = NO;
				ENABLE_STRICT_OBJC_MSGSEND = YES;
				GCC_C_LANGUAGE_STANDARD = gnu99;
				GCC_NO_COMMON_BLOCKS = YES;
				GCC_WARN_64_TO_32_BIT_CONVERSION = YES;
				GCC_WARN_ABOUT_RETURN_TYPE = YES_ERROR;
				GCC_WARN_UNDECLARED_SELECTOR = YES;
				GCC_WARN_UNINITIALIZED_AUTOS = YES_AGGRESSIVE;
				GCC_WARN_UNUSED_FUNCTION = YES;
				GCC_WARN_UNUSED_VARIABLE = YES;
				IPHONEOS_DEPLOYMENT_TARGET = 8.0;
				MTL_ENABLE_DEBUG_INFO = NO;
				SDKROOT = iphoneos;
				TARGETED_DEVICE_FAMILY = "1,2";
				VALIDATE_PRODUCT = YES;
			};
			name = Release;
		};
		40EA820F1BCFA3360029228F /* Debug */ = {
			isa = XCBuildConfiguration;
			buildSettings = {
				ASSETCATALOG_COMPILER_APPICON_NAME = AppIcon;
				CODE_SIGN_IDENTITY = "iPhone Developer";
				"CODE_SIGN_IDENTITY[sdk=iphoneos*]" = "iPhone Developer";
				INFOPLIST_FILE = "$(SRCROOT)/iTacit/Supporting Files/Info.plist";
				LD_RUNPATH_SEARCH_PATHS = "$(inherited) @executable_path/Frameworks";
				PRODUCT_BUNDLE_IDENTIFIER = com.iTacit.iTacit;
				PRODUCT_NAME = "$(TARGET_NAME)";
				PROVISIONING_PROFILE = "";
				TARGETED_DEVICE_FAMILY = "1,2";
			};
			name = Debug;
		};
		40EA82101BCFA3360029228F /* Release */ = {
			isa = XCBuildConfiguration;
			buildSettings = {
				ASSETCATALOG_COMPILER_APPICON_NAME = AppIcon;
				CODE_SIGN_IDENTITY = "iPhone Developer";
				"CODE_SIGN_IDENTITY[sdk=iphoneos*]" = "iPhone Developer";
				INFOPLIST_FILE = "$(SRCROOT)/iTacit/Supporting Files/Info.plist";
				LD_RUNPATH_SEARCH_PATHS = "$(inherited) @executable_path/Frameworks";
				PRODUCT_BUNDLE_IDENTIFIER = com.iTacit.iTacit;
				PRODUCT_NAME = "$(TARGET_NAME)";
				PROVISIONING_PROFILE = "";
				TARGETED_DEVICE_FAMILY = "1,2";
			};
			name = Release;
		};
/* End XCBuildConfiguration section */

/* Begin XCConfigurationList section */
		4018CD6D1C04571A007648E2 /* Build configuration list for PBXNativeTarget "iTacitTests" */ = {
			isa = XCConfigurationList;
			buildConfigurations = (
				4018CD6B1C04571A007648E2 /* Debug */,
				4018CD6C1C04571A007648E2 /* Release */,
			);
			defaultConfigurationIsVisible = 0;
			defaultConfigurationName = Release;
		};
		40EA81F71BCFA3360029228F /* Build configuration list for PBXProject "iTacit" */ = {
			isa = XCConfigurationList;
			buildConfigurations = (
				40EA820C1BCFA3360029228F /* Debug */,
				40EA820D1BCFA3360029228F /* Release */,
			);
			defaultConfigurationIsVisible = 0;
			defaultConfigurationName = Release;
		};
		40EA820E1BCFA3360029228F /* Build configuration list for PBXNativeTarget "iTacit" */ = {
			isa = XCConfigurationList;
			buildConfigurations = (
				40EA820F1BCFA3360029228F /* Debug */,
				40EA82101BCFA3360029228F /* Release */,
			);
			defaultConfigurationIsVisible = 0;
			defaultConfigurationName = Release;
		};
/* End XCConfigurationList section */
	};
	rootObject = 40EA81F41BCFA3360029228F /* Project object */;
}
