// !$*UTF8*$!
{
	archiveVersion = 1;
	classes = {
	};
	objectVersion = 46;
	objects = {

/* Begin PBXBuildFile section */
		350644C31BD7783300D51D5C /* ListHeaderView.swift in Sources */ = {isa = PBXBuildFile; fileRef = 350644C21BD7783300D51D5C /* ListHeaderView.swift */; };
		350644C61BD7788400D51D5C /* ListHeaderView.xib in Resources */ = {isa = PBXBuildFile; fileRef = 350644C51BD7788400D51D5C /* ListHeaderView.xib */; };
		350644C81BD784A800D51D5C /* DateHeaderView.swift in Sources */ = {isa = PBXBuildFile; fileRef = 350644C71BD784A800D51D5C /* DateHeaderView.swift */; };
		350644CA1BD784B300D51D5C /* DateHeaderView.xib in Resources */ = {isa = PBXBuildFile; fileRef = 350644C91BD784B300D51D5C /* DateHeaderView.xib */; };
		3516FFA11BE756BF00865EB9 /* MessageComposerFloatingView.swift in Sources */ = {isa = PBXBuildFile; fileRef = 3516FFA01BE756BF00865EB9 /* MessageComposerFloatingView.swift */; };
		3516FFA31BE7940000865EB9 /* ComposerRequestConfirmationCell.swift in Sources */ = {isa = PBXBuildFile; fileRef = 3516FFA21BE7940000865EB9 /* ComposerRequestConfirmationCell.swift */; };
		351E8EC81BE3700F00690669 /* ComposerTopicTableViewCell.swift in Sources */ = {isa = PBXBuildFile; fileRef = 351E8EC71BE3700F00690669 /* ComposerTopicTableViewCell.swift */; };
		351E8ECC1BE3C2AC00690669 /* ComposerBodyTableViewCell.swift in Sources */ = {isa = PBXBuildFile; fileRef = 351E8ECB1BE3C2AC00690669 /* ComposerBodyTableViewCell.swift */; };
		353C04FB1BE2490F00C92352 /* LocalizationService.swift in Sources */ = {isa = PBXBuildFile; fileRef = 353C04FA1BE2490F00C92352 /* LocalizationService.swift */; };
		353C04FE1BE253BF00C92352 /* Localizable.strings in Resources */ = {isa = PBXBuildFile; fileRef = 353C05001BE253BF00C92352 /* Localizable.strings */; };
		353C05051BE25D0800C92352 /* MainTabBarController.swift in Sources */ = {isa = PBXBuildFile; fileRef = 353C05041BE25D0800C92352 /* MainTabBarController.swift */; };
		355FF06E1BDF697B0070B600 /* SearchNewsQueryModel.swift in Sources */ = {isa = PBXBuildFile; fileRef = 355FF06D1BDF697B0070B600 /* SearchNewsQueryModel.swift */; };
		3563B9981BD117BE009BE696 /* UserTableViewCell.swift in Sources */ = {isa = PBXBuildFile; fileRef = 3563B9971BD117BE009BE696 /* UserTableViewCell.swift */; };
		3563B99A1BD11B43009BE696 /* NewsDetailViewController.swift in Sources */ = {isa = PBXBuildFile; fileRef = 3563B9991BD11B43009BE696 /* NewsDetailViewController.swift */; };
		3563B99C1BD11EE5009BE696 /* images.jpeg in Resources */ = {isa = PBXBuildFile; fileRef = 3563B99B1BD11EE5009BE696 /* images.jpeg */; };
		3563B99E1BD1288A009BE696 /* ImageTableViewCell.swift in Sources */ = {isa = PBXBuildFile; fileRef = 3563B99D1BD12889009BE696 /* ImageTableViewCell.swift */; };
		3563B9A01BD12CCB009BE696 /* TitleTableViewCell.swift in Sources */ = {isa = PBXBuildFile; fileRef = 3563B99F1BD12CCB009BE696 /* TitleTableViewCell.swift */; };
		3563B9A21BD12E40009BE696 /* DescriptionTableViewCell.swift in Sources */ = {isa = PBXBuildFile; fileRef = 3563B9A11BD12E40009BE696 /* DescriptionTableViewCell.swift */; };
		3563B9A41BD12FAE009BE696 /* HashtagAndTimeTableViewCell.swift in Sources */ = {isa = PBXBuildFile; fileRef = 3563B9A31BD12FAE009BE696 /* HashtagAndTimeTableViewCell.swift */; };
		356558DC1BEA4A41001E31D5 /* ComposerRecepientsViewController.swift in Sources */ = {isa = PBXBuildFile; fileRef = 356558DB1BEA4A41001E31D5 /* ComposerRecepientsViewController.swift */; };
		356558DE1BEA50DF001E31D5 /* UserRecepientTableViewCell.swift in Sources */ = {isa = PBXBuildFile; fileRef = 356558DD1BEA50DF001E31D5 /* UserRecepientTableViewCell.swift */; };
		3584F0F01BEB48CC00AB20B2 /* ComposeReportsHeaderView.swift in Sources */ = {isa = PBXBuildFile; fileRef = 3584F0EF1BEB48CC00AB20B2 /* ComposeReportsHeaderView.swift */; };
		3584F0F21BEB48DD00AB20B2 /* ComposeReportsHeaderView.xib in Resources */ = {isa = PBXBuildFile; fileRef = 3584F0F11BEB48DD00AB20B2 /* ComposeReportsHeaderView.xib */; };
		3591D0101BEA085500AE4884 /* KeychainWrapper.swift in Sources */ = {isa = PBXBuildFile; fileRef = 3591D00F1BEA085500AE4884 /* KeychainWrapper.swift */; };
		35EE4E971BE89CBD00740A03 /* NewMessageModel.swift in Sources */ = {isa = PBXBuildFile; fileRef = 35EE4E961BE89CBD00740A03 /* NewMessageModel.swift */; };
		35EE4E991BE8DDD400740A03 /* CategoriesListModel.swift in Sources */ = {isa = PBXBuildFile; fileRef = 35EE4E981BE8DDD400740A03 /* CategoriesListModel.swift */; };
		3D03534B1BE8F562009841F9 /* TimeAgoExtension.swift in Sources */ = {isa = PBXBuildFile; fileRef = 3D03534A1BE8F562009841F9 /* TimeAgoExtension.swift */; };
		3DD1FF321BE39FC0005C4339 /* NewsCategoryModel.swift in Sources */ = {isa = PBXBuildFile; fileRef = 3DD1FF311BE39FC0005C4339 /* NewsCategoryModel.swift */; };
		3DEFA79D1BD5040A00596A2B /* FilterNewsViewController.swift in Sources */ = {isa = PBXBuildFile; fileRef = 3DEFA79C1BD5040A00596A2B /* FilterNewsViewController.swift */; };
		3DEFA79F1BD5056E00596A2B /* DatePickerTableViewCell.swift in Sources */ = {isa = PBXBuildFile; fileRef = 3DEFA79E1BD5056E00596A2B /* DatePickerTableViewCell.swift */; };
		3DEFA7A11BD50B7100596A2B /* CategoryTableViewCell.swift in Sources */ = {isa = PBXBuildFile; fileRef = 3DEFA7A01BD50B7100596A2B /* CategoryTableViewCell.swift */; };
		400327D51BE817FC00D2BEAE /* UserProfileModel.swift in Sources */ = {isa = PBXBuildFile; fileRef = 400327D41BE817FC00D2BEAE /* UserProfileModel.swift */; };
		4014E4EC1BD0FD4F00837B3E /* NewsTableViewCell.swift in Sources */ = {isa = PBXBuildFile; fileRef = 4014E4EB1BD0FD4F00837B3E /* NewsTableViewCell.swift */; };
		40440DB21BDBCC9C00FADF6E /* InputCollectionViewCell.swift in Sources */ = {isa = PBXBuildFile; fileRef = 40440DAD1BDBCC9C00FADF6E /* InputCollectionViewCell.swift */; };
		40440DB31BDBCC9C00FADF6E /* InputCollectionViewCell.xib in Resources */ = {isa = PBXBuildFile; fileRef = 40440DAE1BDBCC9C00FADF6E /* InputCollectionViewCell.xib */; };
		40440DB41BDBCC9C00FADF6E /* TextCollectionViewCell.swift in Sources */ = {isa = PBXBuildFile; fileRef = 40440DB01BDBCC9C00FADF6E /* TextCollectionViewCell.swift */; };
		40440DB51BDBCC9C00FADF6E /* TextCollectionViewCell.xib in Resources */ = {isa = PBXBuildFile; fileRef = 40440DB11BDBCC9C00FADF6E /* TextCollectionViewCell.xib */; };
		40440DB91BDBCCA200FADF6E /* AutocompletionTableViewCell.swift in Sources */ = {isa = PBXBuildFile; fileRef = 40440DB71BDBCCA200FADF6E /* AutocompletionTableViewCell.swift */; };
		40440DBA1BDBCCA200FADF6E /* AutocompletionTableViewCell.xib in Resources */ = {isa = PBXBuildFile; fileRef = 40440DB81BDBCCA200FADF6E /* AutocompletionTableViewCell.xib */; };
		40440DBC1BDBCD0E00FADF6E /* CollectionViewLeftAlignedFlowLayout.swift in Sources */ = {isa = PBXBuildFile; fileRef = 40440DBB1BDBCD0E00FADF6E /* CollectionViewLeftAlignedFlowLayout.swift */; };
		40440DBE1BDBCDDE00FADF6E /* ExtendedTextField.swift in Sources */ = {isa = PBXBuildFile; fileRef = 40440DBD1BDBCDDE00FADF6E /* ExtendedTextField.swift */; };
		40440DC31BDBCE2F00FADF6E /* TagSearchControl.swift in Sources */ = {isa = PBXBuildFile; fileRef = 40440DC01BDBCE2F00FADF6E /* TagSearchControl.swift */; };
		40440DC41BDBCE2F00FADF6E /* TagSearchControl.xib in Resources */ = {isa = PBXBuildFile; fileRef = 40440DC11BDBCE2F00FADF6E /* TagSearchControl.xib */; };
		40440DC51BDBCE2F00FADF6E /* TagTextField.swift in Sources */ = {isa = PBXBuildFile; fileRef = 40440DC21BDBCE2F00FADF6E /* TagTextField.swift */; };
		4056D5771BE89B290076B970 /* ImageCacheManager.swift in Sources */ = {isa = PBXBuildFile; fileRef = 4056D5761BE89B290076B970 /* ImageCacheManager.swift */; };
		4056D5791BE8B14E0076B970 /* AssetsIndetifier.swift in Sources */ = {isa = PBXBuildFile; fileRef = 4056D5781BE8B14E0076B970 /* AssetsIndetifier.swift */; };
		4056D57B1BE8B4F30076B970 /* Fonts.swift in Sources */ = {isa = PBXBuildFile; fileRef = 4056D57A1BE8B4F30076B970 /* Fonts.swift */; };
		4056D57C1BE8D1790076B970 /* MessageComposeViewController.swift in Sources */ = {isa = PBXBuildFile; fileRef = 351E8EC01BE36B1500690669 /* MessageComposeViewController.swift */; };
		4056D57D1BE8D1C80076B970 /* BaseViewController.swift in Sources */ = {isa = PBXBuildFile; fileRef = 351E8EC21BE36E8C00690669 /* BaseViewController.swift */; };
		4056D57E1BE8D1F00076B970 /* ComposerToTableViewCell.swift in Sources */ = {isa = PBXBuildFile; fileRef = 351E8EC41BE36FC800690669 /* ComposerToTableViewCell.swift */; };
		4056D5801BE8D49D0076B970 /* AuthorListModel.swift in Sources */ = {isa = PBXBuildFile; fileRef = 4056D57F1BE8D49D0076B970 /* AuthorListModel.swift */; };
		4056D5821BE8D5050076B970 /* SearchAuthorQueryModel.swift in Sources */ = {isa = PBXBuildFile; fileRef = 4056D5811BE8D5050076B970 /* SearchAuthorQueryModel.swift */; };
		4056D5841BE8E7AC0076B970 /* AuthorModel.swift in Sources */ = {isa = PBXBuildFile; fileRef = 4056D5831BE8E7AC0076B970 /* AuthorModel.swift */; };
		4056D5861BE8E8B20076B970 /* SearchCategoryQueryModel.swift in Sources */ = {isa = PBXBuildFile; fileRef = 4056D5851BE8E8B20076B970 /* SearchCategoryQueryModel.swift */; };
		4056D5881BE8E8E50076B970 /* SearchStringModel.swift in Sources */ = {isa = PBXBuildFile; fileRef = 4056D5871BE8E8E50076B970 /* SearchStringModel.swift */; };
		4056D58A1BE903FD0076B970 /* TagModel.swift in Sources */ = {isa = PBXBuildFile; fileRef = 4056D5891BE903FD0076B970 /* TagModel.swift */; };
		405A29891BE6B21A0024ADA9 /* JSONMapper.swift in Sources */ = {isa = PBXBuildFile; fileRef = 405A29801BE6B21A0024ADA9 /* JSONMapper.swift */; };
		405A298A1BE6B21A0024ADA9 /* JSONValueConvertible.swift in Sources */ = {isa = PBXBuildFile; fileRef = 405A29811BE6B21A0024ADA9 /* JSONValueConvertible.swift */; };
		405A298B1BE6B21A0024ADA9 /* JSONValueConvertibleExtensions.swift in Sources */ = {isa = PBXBuildFile; fileRef = 405A29821BE6B21A0024ADA9 /* JSONValueConvertibleExtensions.swift */; };
		405A298C1BE6B21A0024ADA9 /* KeyValueCodable.swift in Sources */ = {isa = PBXBuildFile; fileRef = 405A29831BE6B21A0024ADA9 /* KeyValueCodable.swift */; };
		405A298D1BE6B21A0024ADA9 /* Mappable.swift in Sources */ = {isa = PBXBuildFile; fileRef = 405A29841BE6B21A0024ADA9 /* Mappable.swift */; };
		405A298E1BE6B21A0024ADA9 /* PropertyDescriptor.swift in Sources */ = {isa = PBXBuildFile; fileRef = 405A29851BE6B21A0024ADA9 /* PropertyDescriptor.swift */; };
		405A298F1BE6B21A0024ADA9 /* ValueTransformer.swift in Sources */ = {isa = PBXBuildFile; fileRef = 405A29861BE6B21A0024ADA9 /* ValueTransformer.swift */; };
		405A29901BE6B21A0024ADA9 /* RequestBuilder.swift in Sources */ = {isa = PBXBuildFile; fileRef = 405A29871BE6B21A0024ADA9 /* RequestBuilder.swift */; };
		405A29911BE6B21A0024ADA9 /* URLParametersSerializer.swift in Sources */ = {isa = PBXBuildFile; fileRef = 405A29881BE6B21A0024ADA9 /* URLParametersSerializer.swift */; };
		405A29931BE6B2710024ADA9 /* TokenModel.swift in Sources */ = {isa = PBXBuildFile; fileRef = 405A29921BE6B2710024ADA9 /* TokenModel.swift */; };
		405A29951BE6B2800024ADA9 /* BaseModel.swift in Sources */ = {isa = PBXBuildFile; fileRef = 405A29941BE6B2800024ADA9 /* BaseModel.swift */; };
		407A7DA41BE778BD006A9DB0 /* ServerErrorModel.swift in Sources */ = {isa = PBXBuildFile; fileRef = 407A7DA31BE778BD006A9DB0 /* ServerErrorModel.swift */; };
		407A7DA61BE77D67006A9DB0 /* NewsModel.swift in Sources */ = {isa = PBXBuildFile; fileRef = 407A7DA51BE77D67006A9DB0 /* NewsModel.swift */; };
		407A7DA81BE77D75006A9DB0 /* ListModel.swift in Sources */ = {isa = PBXBuildFile; fileRef = 407A7DA71BE77D75006A9DB0 /* ListModel.swift */; };
		407A7DAA1BE77D85006A9DB0 /* NewsListModel.swift in Sources */ = {isa = PBXBuildFile; fileRef = 407A7DA91BE77D85006A9DB0 /* NewsListModel.swift */; };
		40EA82001BCFA3360029228F /* AppDelegate.swift in Sources */ = {isa = PBXBuildFile; fileRef = 40EA81FF1BCFA3360029228F /* AppDelegate.swift */; };
		40EA82051BCFA3360029228F /* Main.storyboard in Resources */ = {isa = PBXBuildFile; fileRef = 40EA82031BCFA3360029228F /* Main.storyboard */; };
		40EA820A1BCFA3360029228F /* LaunchScreen.storyboard in Resources */ = {isa = PBXBuildFile; fileRef = 40EA82081BCFA3360029228F /* LaunchScreen.storyboard */; };
		40EA82151BCFB8E10029228F /* Assets.xcassets in Resources */ = {isa = PBXBuildFile; fileRef = 40EA82131BCFB8E10029228F /* Assets.xcassets */; };
		40EA822B1BCFC4760029228F /* OPENSANS-BOLD.TTF in Resources */ = {isa = PBXBuildFile; fileRef = 40EA82211BCFC4760029228F /* OPENSANS-BOLD.TTF */; };
		40EA822C1BCFC4760029228F /* OPENSANS-BOLDITALIC.TTF in Resources */ = {isa = PBXBuildFile; fileRef = 40EA82221BCFC4760029228F /* OPENSANS-BOLDITALIC.TTF */; };
		40EA822D1BCFC4760029228F /* OPENSANS-EXTRABOLD.TTF in Resources */ = {isa = PBXBuildFile; fileRef = 40EA82231BCFC4760029228F /* OPENSANS-EXTRABOLD.TTF */; };
		40EA822E1BCFC4760029228F /* OPENSANS-EXTRABOLDITALIC.TTF in Resources */ = {isa = PBXBuildFile; fileRef = 40EA82241BCFC4760029228F /* OPENSANS-EXTRABOLDITALIC.TTF */; };
		40EA822F1BCFC4760029228F /* OPENSANS-ITALIC.TTF in Resources */ = {isa = PBXBuildFile; fileRef = 40EA82251BCFC4760029228F /* OPENSANS-ITALIC.TTF */; };
		40EA82301BCFC4760029228F /* OPENSANS-LIGHT.TTF in Resources */ = {isa = PBXBuildFile; fileRef = 40EA82261BCFC4760029228F /* OPENSANS-LIGHT.TTF */; };
		40EA82311BCFC4760029228F /* OPENSANS-SEMIBOLD.TTF in Resources */ = {isa = PBXBuildFile; fileRef = 40EA82271BCFC4760029228F /* OPENSANS-SEMIBOLD.TTF */; };
		40EA82321BCFC4760029228F /* OPENSANS-SEMIBOLDITALIC.TTF in Resources */ = {isa = PBXBuildFile; fileRef = 40EA82281BCFC4760029228F /* OPENSANS-SEMIBOLDITALIC.TTF */; };
		40EA82331BCFC4760029228F /* OPENSANS.TTF in Resources */ = {isa = PBXBuildFile; fileRef = 40EA82291BCFC4760029228F /* OPENSANS.TTF */; };
		40EA82341BCFC4760029228F /* OPENSANSLIGHT-ITALIC.TTF in Resources */ = {isa = PBXBuildFile; fileRef = 40EA822A1BCFC4760029228F /* OPENSANSLIGHT-ITALIC.TTF */; };
		40EA82371BCFC8A40029228F /* AppColors.swift in Sources */ = {isa = PBXBuildFile; fileRef = 40EA82361BCFC8A40029228F /* AppColors.swift */; };
		40EA823F1BCFCCBE0029228F /* Extensions.swift in Sources */ = {isa = PBXBuildFile; fileRef = 40EA823C1BCFCCBE0029228F /* Extensions.swift */; };
		40EA82471BCFCD690029228F /* TabsContainerView.swift in Sources */ = {isa = PBXBuildFile; fileRef = 40EA82461BCFCD690029228F /* TabsContainerView.swift */; };
		40EA824B1BCFCD720029228F /* TabBarButton.swift in Sources */ = {isa = PBXBuildFile; fileRef = 40EA82491BCFCD720029228F /* TabBarButton.swift */; };
		40EA824C1BCFCD720029228F /* TabBarButton.xib in Resources */ = {isa = PBXBuildFile; fileRef = 40EA824A1BCFCD720029228F /* TabBarButton.xib */; };
		40EA824E1BCFCDEC0029228F /* TabBarControllerSegue.swift in Sources */ = {isa = PBXBuildFile; fileRef = 40EA824D1BCFCDEC0029228F /* TabBarControllerSegue.swift */; };
		40EA82501BCFCE120029228F /* TabBarController.swift in Sources */ = {isa = PBXBuildFile; fileRef = 40EA824F1BCFCE120029228F /* TabBarController.swift */; };
		40EA82521BCFD05F0029228F /* DashboardViewController.swift in Sources */ = {isa = PBXBuildFile; fileRef = 40EA82511BCFD05F0029228F /* DashboardViewController.swift */; };
		40EA82541BCFD06F0029228F /* NewsViewController.swift in Sources */ = {isa = PBXBuildFile; fileRef = 40EA82531BCFD06F0029228F /* NewsViewController.swift */; };
		40EA82561BCFD07B0029228F /* MessagesViewController.swift in Sources */ = {isa = PBXBuildFile; fileRef = 40EA82551BCFD07B0029228F /* MessagesViewController.swift */; };
		40EA82581BCFD09A0029228F /* TrainingViewController.swift in Sources */ = {isa = PBXBuildFile; fileRef = 40EA82571BCFD09A0029228F /* TrainingViewController.swift */; };
/* End PBXBuildFile section */

/* Begin PBXFileReference section */
		350644C21BD7783300D51D5C /* ListHeaderView.swift */ = {isa = PBXFileReference; fileEncoding = 4; lastKnownFileType = sourcecode.swift; path = ListHeaderView.swift; sourceTree = "<group>"; };
		350644C51BD7788400D51D5C /* ListHeaderView.xib */ = {isa = PBXFileReference; fileEncoding = 4; lastKnownFileType = file.xib; path = ListHeaderView.xib; sourceTree = "<group>"; };
		350644C71BD784A800D51D5C /* DateHeaderView.swift */ = {isa = PBXFileReference; fileEncoding = 4; lastKnownFileType = sourcecode.swift; path = DateHeaderView.swift; sourceTree = "<group>"; };
		350644C91BD784B300D51D5C /* DateHeaderView.xib */ = {isa = PBXFileReference; fileEncoding = 4; lastKnownFileType = file.xib; path = DateHeaderView.xib; sourceTree = "<group>"; };
		3516FFA01BE756BF00865EB9 /* MessageComposerFloatingView.swift */ = {isa = PBXFileReference; fileEncoding = 4; lastKnownFileType = sourcecode.swift; path = MessageComposerFloatingView.swift; sourceTree = "<group>"; };
		3516FFA21BE7940000865EB9 /* ComposerRequestConfirmationCell.swift */ = {isa = PBXFileReference; fileEncoding = 4; lastKnownFileType = sourcecode.swift; path = ComposerRequestConfirmationCell.swift; sourceTree = "<group>"; };
		351E8EC01BE36B1500690669 /* MessageComposeViewController.swift */ = {isa = PBXFileReference; fileEncoding = 4; lastKnownFileType = sourcecode.swift; path = MessageComposeViewController.swift; sourceTree = "<group>"; };
		351E8EC21BE36E8C00690669 /* BaseViewController.swift */ = {isa = PBXFileReference; fileEncoding = 4; lastKnownFileType = sourcecode.swift; path = BaseViewController.swift; sourceTree = "<group>"; };
		351E8EC41BE36FC800690669 /* ComposerToTableViewCell.swift */ = {isa = PBXFileReference; fileEncoding = 4; lastKnownFileType = sourcecode.swift; path = ComposerToTableViewCell.swift; sourceTree = "<group>"; };
		351E8EC71BE3700F00690669 /* ComposerTopicTableViewCell.swift */ = {isa = PBXFileReference; fileEncoding = 4; lastKnownFileType = sourcecode.swift; path = ComposerTopicTableViewCell.swift; sourceTree = "<group>"; };
		351E8ECB1BE3C2AC00690669 /* ComposerBodyTableViewCell.swift */ = {isa = PBXFileReference; fileEncoding = 4; lastKnownFileType = sourcecode.swift; path = ComposerBodyTableViewCell.swift; sourceTree = "<group>"; };
		353C04FA1BE2490F00C92352 /* LocalizationService.swift */ = {isa = PBXFileReference; fileEncoding = 4; lastKnownFileType = sourcecode.swift; path = LocalizationService.swift; sourceTree = "<group>"; };
		353C04FF1BE253BF00C92352 /* en */ = {isa = PBXFileReference; lastKnownFileType = text.plist.strings; name = en; path = en.lproj/Localizable.strings; sourceTree = "<group>"; };
		353C05011BE253D900C92352 /* fr */ = {isa = PBXFileReference; lastKnownFileType = text.plist.strings; name = fr; path = fr.lproj/LaunchScreen.strings; sourceTree = "<group>"; };
		353C05021BE253D900C92352 /* fr */ = {isa = PBXFileReference; lastKnownFileType = text.plist.strings; name = fr; path = fr.lproj/Main.strings; sourceTree = "<group>"; };
		353C05031BE253D900C92352 /* fr */ = {isa = PBXFileReference; lastKnownFileType = text.plist.strings; name = fr; path = fr.lproj/Localizable.strings; sourceTree = "<group>"; };
		353C05041BE25D0800C92352 /* MainTabBarController.swift */ = {isa = PBXFileReference; fileEncoding = 4; lastKnownFileType = sourcecode.swift; path = MainTabBarController.swift; sourceTree = "<group>"; };
		355FF06D1BDF697B0070B600 /* SearchNewsQueryModel.swift */ = {isa = PBXFileReference; fileEncoding = 4; lastKnownFileType = sourcecode.swift; path = SearchNewsQueryModel.swift; sourceTree = "<group>"; };
		3563B9971BD117BE009BE696 /* UserTableViewCell.swift */ = {isa = PBXFileReference; fileEncoding = 4; lastKnownFileType = sourcecode.swift; path = UserTableViewCell.swift; sourceTree = "<group>"; };
		3563B9991BD11B43009BE696 /* NewsDetailViewController.swift */ = {isa = PBXFileReference; fileEncoding = 4; lastKnownFileType = sourcecode.swift; path = NewsDetailViewController.swift; sourceTree = "<group>"; };
		3563B99B1BD11EE5009BE696 /* images.jpeg */ = {isa = PBXFileReference; lastKnownFileType = image.jpeg; path = images.jpeg; sourceTree = "<group>"; };
		3563B99D1BD12889009BE696 /* ImageTableViewCell.swift */ = {isa = PBXFileReference; fileEncoding = 4; lastKnownFileType = sourcecode.swift; path = ImageTableViewCell.swift; sourceTree = "<group>"; };
		3563B99F1BD12CCB009BE696 /* TitleTableViewCell.swift */ = {isa = PBXFileReference; fileEncoding = 4; lastKnownFileType = sourcecode.swift; path = TitleTableViewCell.swift; sourceTree = "<group>"; };
		3563B9A11BD12E40009BE696 /* DescriptionTableViewCell.swift */ = {isa = PBXFileReference; fileEncoding = 4; lastKnownFileType = sourcecode.swift; path = DescriptionTableViewCell.swift; sourceTree = "<group>"; };
		3563B9A31BD12FAE009BE696 /* HashtagAndTimeTableViewCell.swift */ = {isa = PBXFileReference; fileEncoding = 4; lastKnownFileType = sourcecode.swift; path = HashtagAndTimeTableViewCell.swift; sourceTree = "<group>"; };
		356558DB1BEA4A41001E31D5 /* ComposerRecepientsViewController.swift */ = {isa = PBXFileReference; fileEncoding = 4; lastKnownFileType = sourcecode.swift; path = ComposerRecepientsViewController.swift; sourceTree = "<group>"; };
		356558DD1BEA50DF001E31D5 /* UserRecepientTableViewCell.swift */ = {isa = PBXFileReference; fileEncoding = 4; lastKnownFileType = sourcecode.swift; path = UserRecepientTableViewCell.swift; sourceTree = "<group>"; };
		3584F0EF1BEB48CC00AB20B2 /* ComposeReportsHeaderView.swift */ = {isa = PBXFileReference; fileEncoding = 4; lastKnownFileType = sourcecode.swift; path = ComposeReportsHeaderView.swift; sourceTree = "<group>"; };
		3584F0F11BEB48DD00AB20B2 /* ComposeReportsHeaderView.xib */ = {isa = PBXFileReference; fileEncoding = 4; lastKnownFileType = file.xib; path = ComposeReportsHeaderView.xib; sourceTree = "<group>"; };
		3591D00F1BEA085500AE4884 /* KeychainWrapper.swift */ = {isa = PBXFileReference; fileEncoding = 4; lastKnownFileType = sourcecode.swift; path = KeychainWrapper.swift; sourceTree = "<group>"; };
		35EE4E961BE89CBD00740A03 /* NewMessageModel.swift */ = {isa = PBXFileReference; fileEncoding = 4; lastKnownFileType = sourcecode.swift; path = NewMessageModel.swift; sourceTree = "<group>"; };
		35EE4E981BE8DDD400740A03 /* CategoriesListModel.swift */ = {isa = PBXFileReference; fileEncoding = 4; lastKnownFileType = sourcecode.swift; path = CategoriesListModel.swift; sourceTree = "<group>"; };
		3D03534A1BE8F562009841F9 /* TimeAgoExtension.swift */ = {isa = PBXFileReference; fileEncoding = 4; lastKnownFileType = sourcecode.swift; path = TimeAgoExtension.swift; sourceTree = "<group>"; };
		3DD1FF311BE39FC0005C4339 /* NewsCategoryModel.swift */ = {isa = PBXFileReference; fileEncoding = 4; lastKnownFileType = sourcecode.swift; path = NewsCategoryModel.swift; sourceTree = "<group>"; };
		3DEFA79C1BD5040A00596A2B /* FilterNewsViewController.swift */ = {isa = PBXFileReference; fileEncoding = 4; lastKnownFileType = sourcecode.swift; path = FilterNewsViewController.swift; sourceTree = "<group>"; };
		3DEFA79E1BD5056E00596A2B /* DatePickerTableViewCell.swift */ = {isa = PBXFileReference; fileEncoding = 4; lastKnownFileType = sourcecode.swift; path = DatePickerTableViewCell.swift; sourceTree = "<group>"; };
		3DEFA7A01BD50B7100596A2B /* CategoryTableViewCell.swift */ = {isa = PBXFileReference; fileEncoding = 4; lastKnownFileType = sourcecode.swift; path = CategoryTableViewCell.swift; sourceTree = "<group>"; };
		400327D41BE817FC00D2BEAE /* UserProfileModel.swift */ = {isa = PBXFileReference; fileEncoding = 4; lastKnownFileType = sourcecode.swift; path = UserProfileModel.swift; sourceTree = "<group>"; };
		4014E4EB1BD0FD4F00837B3E /* NewsTableViewCell.swift */ = {isa = PBXFileReference; fileEncoding = 4; lastKnownFileType = sourcecode.swift; path = NewsTableViewCell.swift; sourceTree = "<group>"; };
		40440DAD1BDBCC9C00FADF6E /* InputCollectionViewCell.swift */ = {isa = PBXFileReference; fileEncoding = 4; lastKnownFileType = sourcecode.swift; path = InputCollectionViewCell.swift; sourceTree = "<group>"; };
		40440DAE1BDBCC9C00FADF6E /* InputCollectionViewCell.xib */ = {isa = PBXFileReference; fileEncoding = 4; lastKnownFileType = file.xib; path = InputCollectionViewCell.xib; sourceTree = "<group>"; };
		40440DB01BDBCC9C00FADF6E /* TextCollectionViewCell.swift */ = {isa = PBXFileReference; fileEncoding = 4; lastKnownFileType = sourcecode.swift; path = TextCollectionViewCell.swift; sourceTree = "<group>"; };
		40440DB11BDBCC9C00FADF6E /* TextCollectionViewCell.xib */ = {isa = PBXFileReference; fileEncoding = 4; lastKnownFileType = file.xib; path = TextCollectionViewCell.xib; sourceTree = "<group>"; };
		40440DB71BDBCCA200FADF6E /* AutocompletionTableViewCell.swift */ = {isa = PBXFileReference; fileEncoding = 4; lastKnownFileType = sourcecode.swift; path = AutocompletionTableViewCell.swift; sourceTree = "<group>"; };
		40440DB81BDBCCA200FADF6E /* AutocompletionTableViewCell.xib */ = {isa = PBXFileReference; fileEncoding = 4; lastKnownFileType = file.xib; path = AutocompletionTableViewCell.xib; sourceTree = "<group>"; };
		40440DBB1BDBCD0E00FADF6E /* CollectionViewLeftAlignedFlowLayout.swift */ = {isa = PBXFileReference; fileEncoding = 4; lastKnownFileType = sourcecode.swift; path = CollectionViewLeftAlignedFlowLayout.swift; sourceTree = "<group>"; };
		40440DBD1BDBCDDE00FADF6E /* ExtendedTextField.swift */ = {isa = PBXFileReference; fileEncoding = 4; lastKnownFileType = sourcecode.swift; path = ExtendedTextField.swift; sourceTree = "<group>"; };
		40440DC01BDBCE2F00FADF6E /* TagSearchControl.swift */ = {isa = PBXFileReference; fileEncoding = 4; lastKnownFileType = sourcecode.swift; path = TagSearchControl.swift; sourceTree = "<group>"; };
		40440DC11BDBCE2F00FADF6E /* TagSearchControl.xib */ = {isa = PBXFileReference; fileEncoding = 4; lastKnownFileType = file.xib; path = TagSearchControl.xib; sourceTree = "<group>"; };
		40440DC21BDBCE2F00FADF6E /* TagTextField.swift */ = {isa = PBXFileReference; fileEncoding = 4; lastKnownFileType = sourcecode.swift; path = TagTextField.swift; sourceTree = "<group>"; };
		4056D5761BE89B290076B970 /* ImageCacheManager.swift */ = {isa = PBXFileReference; fileEncoding = 4; lastKnownFileType = sourcecode.swift; path = ImageCacheManager.swift; sourceTree = "<group>"; };
		4056D5781BE8B14E0076B970 /* AssetsIndetifier.swift */ = {isa = PBXFileReference; fileEncoding = 4; lastKnownFileType = sourcecode.swift; path = AssetsIndetifier.swift; sourceTree = "<group>"; };
		4056D57A1BE8B4F30076B970 /* Fonts.swift */ = {isa = PBXFileReference; fileEncoding = 4; lastKnownFileType = sourcecode.swift; path = Fonts.swift; sourceTree = "<group>"; };
		4056D57F1BE8D49D0076B970 /* AuthorListModel.swift */ = {isa = PBXFileReference; fileEncoding = 4; lastKnownFileType = sourcecode.swift; path = AuthorListModel.swift; sourceTree = "<group>"; };
		4056D5811BE8D5050076B970 /* SearchAuthorQueryModel.swift */ = {isa = PBXFileReference; fileEncoding = 4; lastKnownFileType = sourcecode.swift; path = SearchAuthorQueryModel.swift; sourceTree = "<group>"; };
		4056D5831BE8E7AC0076B970 /* AuthorModel.swift */ = {isa = PBXFileReference; fileEncoding = 4; lastKnownFileType = sourcecode.swift; path = AuthorModel.swift; sourceTree = "<group>"; };
		4056D5851BE8E8B20076B970 /* SearchCategoryQueryModel.swift */ = {isa = PBXFileReference; fileEncoding = 4; lastKnownFileType = sourcecode.swift; path = SearchCategoryQueryModel.swift; sourceTree = "<group>"; };
		4056D5871BE8E8E50076B970 /* SearchStringModel.swift */ = {isa = PBXFileReference; fileEncoding = 4; lastKnownFileType = sourcecode.swift; path = SearchStringModel.swift; sourceTree = "<group>"; };
		4056D5891BE903FD0076B970 /* TagModel.swift */ = {isa = PBXFileReference; fileEncoding = 4; lastKnownFileType = sourcecode.swift; path = TagModel.swift; sourceTree = "<group>"; };
		405A29801BE6B21A0024ADA9 /* JSONMapper.swift */ = {isa = PBXFileReference; fileEncoding = 4; lastKnownFileType = sourcecode.swift; path = JSONMapper.swift; sourceTree = "<group>"; };
		405A29811BE6B21A0024ADA9 /* JSONValueConvertible.swift */ = {isa = PBXFileReference; fileEncoding = 4; lastKnownFileType = sourcecode.swift; path = JSONValueConvertible.swift; sourceTree = "<group>"; };
		405A29821BE6B21A0024ADA9 /* JSONValueConvertibleExtensions.swift */ = {isa = PBXFileReference; fileEncoding = 4; lastKnownFileType = sourcecode.swift; path = JSONValueConvertibleExtensions.swift; sourceTree = "<group>"; };
		405A29831BE6B21A0024ADA9 /* KeyValueCodable.swift */ = {isa = PBXFileReference; fileEncoding = 4; lastKnownFileType = sourcecode.swift; path = KeyValueCodable.swift; sourceTree = "<group>"; };
		405A29841BE6B21A0024ADA9 /* Mappable.swift */ = {isa = PBXFileReference; fileEncoding = 4; lastKnownFileType = sourcecode.swift; path = Mappable.swift; sourceTree = "<group>"; };
		405A29851BE6B21A0024ADA9 /* PropertyDescriptor.swift */ = {isa = PBXFileReference; fileEncoding = 4; lastKnownFileType = sourcecode.swift; path = PropertyDescriptor.swift; sourceTree = "<group>"; };
		405A29861BE6B21A0024ADA9 /* ValueTransformer.swift */ = {isa = PBXFileReference; fileEncoding = 4; lastKnownFileType = sourcecode.swift; path = ValueTransformer.swift; sourceTree = "<group>"; };
		405A29871BE6B21A0024ADA9 /* RequestBuilder.swift */ = {isa = PBXFileReference; fileEncoding = 4; lastKnownFileType = sourcecode.swift; path = RequestBuilder.swift; sourceTree = "<group>"; };
		405A29881BE6B21A0024ADA9 /* URLParametersSerializer.swift */ = {isa = PBXFileReference; fileEncoding = 4; lastKnownFileType = sourcecode.swift; path = URLParametersSerializer.swift; sourceTree = "<group>"; };
		405A29921BE6B2710024ADA9 /* TokenModel.swift */ = {isa = PBXFileReference; fileEncoding = 4; lastKnownFileType = sourcecode.swift; path = TokenModel.swift; sourceTree = "<group>"; };
		405A29941BE6B2800024ADA9 /* BaseModel.swift */ = {isa = PBXFileReference; fileEncoding = 4; lastKnownFileType = sourcecode.swift; path = BaseModel.swift; sourceTree = "<group>"; };
		407A7DA31BE778BD006A9DB0 /* ServerErrorModel.swift */ = {isa = PBXFileReference; fileEncoding = 4; lastKnownFileType = sourcecode.swift; path = ServerErrorModel.swift; sourceTree = "<group>"; };
		407A7DA51BE77D67006A9DB0 /* NewsModel.swift */ = {isa = PBXFileReference; fileEncoding = 4; lastKnownFileType = sourcecode.swift; path = NewsModel.swift; sourceTree = "<group>"; };
		407A7DA71BE77D75006A9DB0 /* ListModel.swift */ = {isa = PBXFileReference; fileEncoding = 4; lastKnownFileType = sourcecode.swift; path = ListModel.swift; sourceTree = "<group>"; };
		407A7DA91BE77D85006A9DB0 /* NewsListModel.swift */ = {isa = PBXFileReference; fileEncoding = 4; lastKnownFileType = sourcecode.swift; path = NewsListModel.swift; sourceTree = "<group>"; };
		40EA81FC1BCFA3360029228F /* iTacit.app */ = {isa = PBXFileReference; explicitFileType = wrapper.application; includeInIndex = 0; path = iTacit.app; sourceTree = BUILT_PRODUCTS_DIR; };
		40EA81FF1BCFA3360029228F /* AppDelegate.swift */ = {isa = PBXFileReference; lastKnownFileType = sourcecode.swift; path = AppDelegate.swift; sourceTree = "<group>"; };
		40EA82041BCFA3360029228F /* Base */ = {isa = PBXFileReference; lastKnownFileType = file.storyboard; name = Base; path = Base.lproj/Main.storyboard; sourceTree = "<group>"; };
		40EA82091BCFA3360029228F /* Base */ = {isa = PBXFileReference; lastKnownFileType = file.storyboard; name = Base; path = Base.lproj/LaunchScreen.storyboard; sourceTree = "<group>"; };
		40EA82131BCFB8E10029228F /* Assets.xcassets */ = {isa = PBXFileReference; lastKnownFileType = folder.assetcatalog; path = Assets.xcassets; sourceTree = "<group>"; };
		40EA82141BCFB8E10029228F /* Info.plist */ = {isa = PBXFileReference; fileEncoding = 4; lastKnownFileType = text.plist.xml; path = Info.plist; sourceTree = "<group>"; };
		40EA82211BCFC4760029228F /* OPENSANS-BOLD.TTF */ = {isa = PBXFileReference; lastKnownFileType = file; path = "OPENSANS-BOLD.TTF"; sourceTree = "<group>"; };
		40EA82221BCFC4760029228F /* OPENSANS-BOLDITALIC.TTF */ = {isa = PBXFileReference; lastKnownFileType = file; path = "OPENSANS-BOLDITALIC.TTF"; sourceTree = "<group>"; };
		40EA82231BCFC4760029228F /* OPENSANS-EXTRABOLD.TTF */ = {isa = PBXFileReference; lastKnownFileType = file; path = "OPENSANS-EXTRABOLD.TTF"; sourceTree = "<group>"; };
		40EA82241BCFC4760029228F /* OPENSANS-EXTRABOLDITALIC.TTF */ = {isa = PBXFileReference; lastKnownFileType = file; path = "OPENSANS-EXTRABOLDITALIC.TTF"; sourceTree = "<group>"; };
		40EA82251BCFC4760029228F /* OPENSANS-ITALIC.TTF */ = {isa = PBXFileReference; lastKnownFileType = file; path = "OPENSANS-ITALIC.TTF"; sourceTree = "<group>"; };
		40EA82261BCFC4760029228F /* OPENSANS-LIGHT.TTF */ = {isa = PBXFileReference; lastKnownFileType = file; path = "OPENSANS-LIGHT.TTF"; sourceTree = "<group>"; };
		40EA82271BCFC4760029228F /* OPENSANS-SEMIBOLD.TTF */ = {isa = PBXFileReference; lastKnownFileType = file; path = "OPENSANS-SEMIBOLD.TTF"; sourceTree = "<group>"; };
		40EA82281BCFC4760029228F /* OPENSANS-SEMIBOLDITALIC.TTF */ = {isa = PBXFileReference; lastKnownFileType = file; path = "OPENSANS-SEMIBOLDITALIC.TTF"; sourceTree = "<group>"; };
		40EA82291BCFC4760029228F /* OPENSANS.TTF */ = {isa = PBXFileReference; lastKnownFileType = file; path = OPENSANS.TTF; sourceTree = "<group>"; };
		40EA822A1BCFC4760029228F /* OPENSANSLIGHT-ITALIC.TTF */ = {isa = PBXFileReference; lastKnownFileType = file; path = "OPENSANSLIGHT-ITALIC.TTF"; sourceTree = "<group>"; };
		40EA82361BCFC8A40029228F /* AppColors.swift */ = {isa = PBXFileReference; fileEncoding = 4; lastKnownFileType = sourcecode.swift; path = AppColors.swift; sourceTree = "<group>"; };
		40EA823C1BCFCCBE0029228F /* Extensions.swift */ = {isa = PBXFileReference; fileEncoding = 4; lastKnownFileType = sourcecode.swift; path = Extensions.swift; sourceTree = "<group>"; };
		40EA82461BCFCD690029228F /* TabsContainerView.swift */ = {isa = PBXFileReference; fileEncoding = 4; lastKnownFileType = sourcecode.swift; path = TabsContainerView.swift; sourceTree = "<group>"; };
		40EA82491BCFCD720029228F /* TabBarButton.swift */ = {isa = PBXFileReference; fileEncoding = 4; lastKnownFileType = sourcecode.swift; path = TabBarButton.swift; sourceTree = "<group>"; };
		40EA824A1BCFCD720029228F /* TabBarButton.xib */ = {isa = PBXFileReference; fileEncoding = 4; lastKnownFileType = file.xib; path = TabBarButton.xib; sourceTree = "<group>"; };
		40EA824D1BCFCDEC0029228F /* TabBarControllerSegue.swift */ = {isa = PBXFileReference; fileEncoding = 4; lastKnownFileType = sourcecode.swift; path = TabBarControllerSegue.swift; sourceTree = "<group>"; };
		40EA824F1BCFCE120029228F /* TabBarController.swift */ = {isa = PBXFileReference; fileEncoding = 4; lastKnownFileType = sourcecode.swift; path = TabBarController.swift; sourceTree = "<group>"; };
		40EA82511BCFD05F0029228F /* DashboardViewController.swift */ = {isa = PBXFileReference; fileEncoding = 4; lastKnownFileType = sourcecode.swift; path = DashboardViewController.swift; sourceTree = "<group>"; };
		40EA82531BCFD06F0029228F /* NewsViewController.swift */ = {isa = PBXFileReference; fileEncoding = 4; lastKnownFileType = sourcecode.swift; path = NewsViewController.swift; sourceTree = "<group>"; };
		40EA82551BCFD07B0029228F /* MessagesViewController.swift */ = {isa = PBXFileReference; fileEncoding = 4; lastKnownFileType = sourcecode.swift; path = MessagesViewController.swift; sourceTree = "<group>"; };
		40EA82571BCFD09A0029228F /* TrainingViewController.swift */ = {isa = PBXFileReference; fileEncoding = 4; lastKnownFileType = sourcecode.swift; path = TrainingViewController.swift; sourceTree = "<group>"; };
/* End PBXFileReference section */

/* Begin PBXFrameworksBuildPhase section */
		40EA81F91BCFA3360029228F /* Frameworks */ = {
			isa = PBXFrameworksBuildPhase;
			buildActionMask = 2147483647;
			files = (
			);
			runOnlyForDeploymentPostprocessing = 0;
		};
/* End PBXFrameworksBuildPhase section */

/* Begin PBXGroup section */
		350644C41BD7783D00D51D5C /* HeaderViews */ = {
			isa = PBXGroup;
			children = (
				350644C71BD784A800D51D5C /* DateHeaderView.swift */,
				350644C91BD784B300D51D5C /* DateHeaderView.xib */,
				350644C21BD7783300D51D5C /* ListHeaderView.swift */,
				350644C51BD7788400D51D5C /* ListHeaderView.xib */,
				3584F0EF1BEB48CC00AB20B2 /* ComposeReportsHeaderView.swift */,
				3584F0F11BEB48DD00AB20B2 /* ComposeReportsHeaderView.xib */,
			);
			path = HeaderViews;
			sourceTree = "<group>";
		};
		351E8EC61BE36FCD00690669 /* MailComposerTableViewCells */ = {
			isa = PBXGroup;
			children = (
				351E8EC41BE36FC800690669 /* ComposerToTableViewCell.swift */,
				351E8EC71BE3700F00690669 /* ComposerTopicTableViewCell.swift */,
				351E8ECB1BE3C2AC00690669 /* ComposerBodyTableViewCell.swift */,
				3516FFA21BE7940000865EB9 /* ComposerRequestConfirmationCell.swift */,
			);
			name = MailComposerTableViewCells;
			sourceTree = "<group>";
		};
		40440DAB1BDBCC9C00FADF6E /* CollectionViewCells */ = {
			isa = PBXGroup;
			children = (
				40440DAC1BDBCC9C00FADF6E /* InputCollectionViewCell */,
				40440DAF1BDBCC9C00FADF6E /* TextCollectionViewCell */,
			);
			path = CollectionViewCells;
			sourceTree = "<group>";
		};
		40440DAC1BDBCC9C00FADF6E /* InputCollectionViewCell */ = {
			isa = PBXGroup;
			children = (
				40440DAD1BDBCC9C00FADF6E /* InputCollectionViewCell.swift */,
				40440DAE1BDBCC9C00FADF6E /* InputCollectionViewCell.xib */,
			);
			path = InputCollectionViewCell;
			sourceTree = "<group>";
		};
		40440DAF1BDBCC9C00FADF6E /* TextCollectionViewCell */ = {
			isa = PBXGroup;
			children = (
				40440DB01BDBCC9C00FADF6E /* TextCollectionViewCell.swift */,
				40440DB11BDBCC9C00FADF6E /* TextCollectionViewCell.xib */,
			);
			path = TextCollectionViewCell;
			sourceTree = "<group>";
		};
		40440DB61BDBCCA200FADF6E /* AutocompletionTableViewCell */ = {
			isa = PBXGroup;
			children = (
				40440DB71BDBCCA200FADF6E /* AutocompletionTableViewCell.swift */,
				40440DB81BDBCCA200FADF6E /* AutocompletionTableViewCell.xib */,
			);
			path = AutocompletionTableViewCell;
			sourceTree = "<group>";
		};
		40440DBF1BDBCE2F00FADF6E /* TagSearchControl */ = {
			isa = PBXGroup;
			children = (
				40440DC01BDBCE2F00FADF6E /* TagSearchControl.swift */,
				40440DC11BDBCE2F00FADF6E /* TagSearchControl.xib */,
			);
			path = TagSearchControl;
			sourceTree = "<group>";
		};
		405A297F1BE6B21A0024ADA9 /* Mapping */ = {
			isa = PBXGroup;
			children = (
				405A29801BE6B21A0024ADA9 /* JSONMapper.swift */,
				405A29811BE6B21A0024ADA9 /* JSONValueConvertible.swift */,
				405A29821BE6B21A0024ADA9 /* JSONValueConvertibleExtensions.swift */,
				405A29831BE6B21A0024ADA9 /* KeyValueCodable.swift */,
				405A29841BE6B21A0024ADA9 /* Mappable.swift */,
				405A29851BE6B21A0024ADA9 /* PropertyDescriptor.swift */,
				405A29861BE6B21A0024ADA9 /* ValueTransformer.swift */,
			);
			path = Mapping;
			sourceTree = "<group>";
		};
		40EA81F31BCFA3360029228F = {
			isa = PBXGroup;
			children = (
				40EA81FE1BCFA3360029228F /* iTacit */,
				40EA81FD1BCFA3360029228F /* Products */,
			);
			sourceTree = "<group>";
		};
		40EA81FD1BCFA3360029228F /* Products */ = {
			isa = PBXGroup;
			children = (
				40EA81FC1BCFA3360029228F /* iTacit.app */,
			);
			name = Products;
			sourceTree = "<group>";
		};
		40EA81FE1BCFA3360029228F /* iTacit */ = {
			isa = PBXGroup;
			children = (
				40EA82351BCFC8710029228F /* Utils */,
				40EA823A1BCFCCBE0029228F /* Classes */,
				40EA821B1BCFC40C0029228F /* Model */,
				40EA821E1BCFC40C0029228F /* Views */,
				40EA82171BCFC40C0029228F /* Controllers */,
				40EA82201BCFC4170029228F /* Storyboard */,
				40EA821C1BCFC40C0029228F /* Resources */,
				40EA82121BCFB8E10029228F /* Supporting Files */,
			);
			path = iTacit;
			sourceTree = "<group>";
		};
		40EA82121BCFB8E10029228F /* Supporting Files */ = {
			isa = PBXGroup;
			children = (
				40EA81FF1BCFA3360029228F /* AppDelegate.swift */,
				40EA82131BCFB8E10029228F /* Assets.xcassets */,
				40EA82141BCFB8E10029228F /* Info.plist */,
				3563B99B1BD11EE5009BE696 /* images.jpeg */,
			);
			path = "Supporting Files";
			sourceTree = "<group>";
		};
		40EA82171BCFC40C0029228F /* Controllers */ = {
			isa = PBXGroup;
			children = (
				351E8EC21BE36E8C00690669 /* BaseViewController.swift */,
				40EA824F1BCFCE120029228F /* TabBarController.swift */,
				353C05041BE25D0800C92352 /* MainTabBarController.swift */,
				40EA82511BCFD05F0029228F /* DashboardViewController.swift */,
				40EA82531BCFD06F0029228F /* NewsViewController.swift */,
				3563B9991BD11B43009BE696 /* NewsDetailViewController.swift */,
				3DEFA79C1BD5040A00596A2B /* FilterNewsViewController.swift */,
				40EA82551BCFD07B0029228F /* MessagesViewController.swift */,
				351E8EC01BE36B1500690669 /* MessageComposeViewController.swift */,
				40EA82571BCFD09A0029228F /* TrainingViewController.swift */,
				356558DB1BEA4A41001E31D5 /* ComposerRecepientsViewController.swift */,
			);
			path = Controllers;
			sourceTree = "<group>";
		};
		40EA821B1BCFC40C0029228F /* Model */ = {
			isa = PBXGroup;
			children = (
				35EE4E961BE89CBD00740A03 /* NewMessageModel.swift */,
				405A29941BE6B2800024ADA9 /* BaseModel.swift */,
				407A7DA31BE778BD006A9DB0 /* ServerErrorModel.swift */,
				405A29921BE6B2710024ADA9 /* TokenModel.swift */,
				407A7DA51BE77D67006A9DB0 /* NewsModel.swift */,
				407A7DA71BE77D75006A9DB0 /* ListModel.swift */,
				407A7DA91BE77D85006A9DB0 /* NewsListModel.swift */,
				400327D41BE817FC00D2BEAE /* UserProfileModel.swift */,
				355FF06D1BDF697B0070B600 /* SearchNewsQueryModel.swift */,
				4056D5831BE8E7AC0076B970 /* AuthorModel.swift */,
				4056D57F1BE8D49D0076B970 /* AuthorListModel.swift */,
				4056D5811BE8D5050076B970 /* SearchAuthorQueryModel.swift */,
				3DD1FF311BE39FC0005C4339 /* NewsCategoryModel.swift */,
				35EE4E981BE8DDD400740A03 /* CategoriesListModel.swift */,
				4056D5851BE8E8B20076B970 /* SearchCategoryQueryModel.swift */,
				4056D5871BE8E8E50076B970 /* SearchStringModel.swift */,
				4056D5891BE903FD0076B970 /* TagModel.swift */,
			);
			path = Model;
			sourceTree = "<group>";
		};
		40EA821C1BCFC40C0029228F /* Resources */ = {
			isa = PBXGroup;
			children = (
				40EA821D1BCFC40C0029228F /* Fonts */,
				353C05001BE253BF00C92352 /* Localizable.strings */,
			);
			path = Resources;
			sourceTree = "<group>";
		};
		40EA821D1BCFC40C0029228F /* Fonts */ = {
			isa = PBXGroup;
			children = (
				40EA82211BCFC4760029228F /* OPENSANS-BOLD.TTF */,
				40EA82221BCFC4760029228F /* OPENSANS-BOLDITALIC.TTF */,
				40EA82231BCFC4760029228F /* OPENSANS-EXTRABOLD.TTF */,
				40EA82241BCFC4760029228F /* OPENSANS-EXTRABOLDITALIC.TTF */,
				40EA82251BCFC4760029228F /* OPENSANS-ITALIC.TTF */,
				40EA82261BCFC4760029228F /* OPENSANS-LIGHT.TTF */,
				40EA82271BCFC4760029228F /* OPENSANS-SEMIBOLD.TTF */,
				40EA82281BCFC4760029228F /* OPENSANS-SEMIBOLDITALIC.TTF */,
				40EA82291BCFC4760029228F /* OPENSANS.TTF */,
				40EA822A1BCFC4760029228F /* OPENSANSLIGHT-ITALIC.TTF */,
			);
			path = Fonts;
			sourceTree = "<group>";
		};
		40EA821E1BCFC40C0029228F /* Views */ = {
			isa = PBXGroup;
			children = (
				40EA82401BCFCCEA0029228F /* Cells */,
				40EA82451BCFCD150029228F /* Controls */,
				40EA82441BCFCCEA0029228F /* DirectSubclasses */,
				350644C41BD7783D00D51D5C /* HeaderViews */,
				3516FFA01BE756BF00865EB9 /* MessageComposerFloatingView.swift */,
			);
			path = Views;
			sourceTree = "<group>";
		};
		40EA82201BCFC4170029228F /* Storyboard */ = {
			isa = PBXGroup;
			children = (
				40EA82031BCFA3360029228F /* Main.storyboard */,
				40EA82081BCFA3360029228F /* LaunchScreen.storyboard */,
			);
			path = Storyboard;
			sourceTree = "<group>";
		};
		40EA82351BCFC8710029228F /* Utils */ = {
			isa = PBXGroup;
			children = (
				3D03534A1BE8F562009841F9 /* TimeAgoExtension.swift */,
				40EA82361BCFC8A40029228F /* AppColors.swift */,
			);
			path = Utils;
			sourceTree = "<group>";
		};
		40EA823A1BCFCCBE0029228F /* Classes */ = {
			isa = PBXGroup;
			children = (
				3591D00F1BEA085500AE4884 /* KeychainWrapper.swift */,
				405A297F1BE6B21A0024ADA9 /* Mapping */,
				40EA823B1BCFCCBE0029228F /* Extensions */,
				40EA823D1BCFCCBE0029228F /* Managers */,
				40EA823E1BCFCCBE0029228F /* Segues */,
				405A29881BE6B21A0024ADA9 /* URLParametersSerializer.swift */,
				405A29871BE6B21A0024ADA9 /* RequestBuilder.swift */,
				40440DBB1BDBCD0E00FADF6E /* CollectionViewLeftAlignedFlowLayout.swift */,
				353C04FA1BE2490F00C92352 /* LocalizationService.swift */,
				4056D5781BE8B14E0076B970 /* AssetsIndetifier.swift */,
				4056D57A1BE8B4F30076B970 /* Fonts.swift */,
			);
			path = Classes;
			sourceTree = "<group>";
		};
		40EA823B1BCFCCBE0029228F /* Extensions */ = {
			isa = PBXGroup;
			children = (
				40EA823C1BCFCCBE0029228F /* Extensions.swift */,
			);
			path = Extensions;
			sourceTree = "<group>";
		};
		40EA823D1BCFCCBE0029228F /* Managers */ = {
			isa = PBXGroup;
			children = (
				4056D5761BE89B290076B970 /* ImageCacheManager.swift */,
			);
			path = Managers;
			sourceTree = "<group>";
		};
		40EA823E1BCFCCBE0029228F /* Segues */ = {
			isa = PBXGroup;
			children = (
				40EA824D1BCFCDEC0029228F /* TabBarControllerSegue.swift */,
			);
			path = Segues;
			sourceTree = "<group>";
		};
		40EA82401BCFCCEA0029228F /* Cells */ = {
			isa = PBXGroup;
			children = (
				40440DAB1BDBCC9C00FADF6E /* CollectionViewCells */,
				40EA82421BCFCCEA0029228F /* TableViewCells */,
			);
			path = Cells;
			sourceTree = "<group>";
		};
		40EA82421BCFCCEA0029228F /* TableViewCells */ = {
			isa = PBXGroup;
			children = (
				351E8EC61BE36FCD00690669 /* MailComposerTableViewCells */,
				40440DB61BDBCCA200FADF6E /* AutocompletionTableViewCell */,
				3DEFA7A01BD50B7100596A2B /* CategoryTableViewCell.swift */,
				3DEFA79E1BD5056E00596A2B /* DatePickerTableViewCell.swift */,
				3563B9A11BD12E40009BE696 /* DescriptionTableViewCell.swift */,
				3563B9A31BD12FAE009BE696 /* HashtagAndTimeTableViewCell.swift */,
				3563B99D1BD12889009BE696 /* ImageTableViewCell.swift */,
				4014E4EB1BD0FD4F00837B3E /* NewsTableViewCell.swift */,
				3563B99F1BD12CCB009BE696 /* TitleTableViewCell.swift */,
				3563B9971BD117BE009BE696 /* UserTableViewCell.swift */,
				356558DD1BEA50DF001E31D5 /* UserRecepientTableViewCell.swift */,
			);
			path = TableViewCells;
			sourceTree = "<group>";
		};
		40EA82441BCFCCEA0029228F /* DirectSubclasses */ = {
			isa = PBXGroup;
			children = (
				40440DBD1BDBCDDE00FADF6E /* ExtendedTextField.swift */,
				40EA82461BCFCD690029228F /* TabsContainerView.swift */,
			);
			path = DirectSubclasses;
			sourceTree = "<group>";
		};
		40EA82451BCFCD150029228F /* Controls */ = {
			isa = PBXGroup;
			children = (
				40EA82481BCFCD720029228F /* TabBarButton */,
				40440DBF1BDBCE2F00FADF6E /* TagSearchControl */,
				40440DC21BDBCE2F00FADF6E /* TagTextField.swift */,
			);
			path = Controls;
			sourceTree = "<group>";
		};
		40EA82481BCFCD720029228F /* TabBarButton */ = {
			isa = PBXGroup;
			children = (
				40EA82491BCFCD720029228F /* TabBarButton.swift */,
				40EA824A1BCFCD720029228F /* TabBarButton.xib */,
			);
			path = TabBarButton;
			sourceTree = "<group>";
		};
/* End PBXGroup section */

/* Begin PBXNativeTarget section */
		40EA81FB1BCFA3360029228F /* iTacit */ = {
			isa = PBXNativeTarget;
			buildConfigurationList = 40EA820E1BCFA3360029228F /* Build configuration list for PBXNativeTarget "iTacit" */;
			buildPhases = (
				40EA81F81BCFA3360029228F /* Sources */,
				40EA81F91BCFA3360029228F /* Frameworks */,
				40EA81FA1BCFA3360029228F /* Resources */,
			);
			buildRules = (
			);
			dependencies = (
			);
			name = iTacit;
			productName = iTacit;
			productReference = 40EA81FC1BCFA3360029228F /* iTacit.app */;
			productType = "com.apple.product-type.application";
		};
/* End PBXNativeTarget section */

/* Begin PBXProject section */
		40EA81F41BCFA3360029228F /* Project object */ = {
			isa = PBXProject;
			attributes = {
				LastUpgradeCheck = 0700;
				ORGANIZATIONNAME = iTacit;
				TargetAttributes = {
					40EA81FB1BCFA3360029228F = {
						CreatedOnToolsVersion = 7.0.1;
					};
				};
			};
			buildConfigurationList = 40EA81F71BCFA3360029228F /* Build configuration list for PBXProject "iTacit" */;
			compatibilityVersion = "Xcode 3.2";
			developmentRegion = English;
			hasScannedForEncodings = 0;
			knownRegions = (
				en,
				Base,
				fr,
			);
			mainGroup = 40EA81F31BCFA3360029228F;
			productRefGroup = 40EA81FD1BCFA3360029228F /* Products */;
			projectDirPath = "";
			projectRoot = "";
			targets = (
				40EA81FB1BCFA3360029228F /* iTacit */,
			);
		};
/* End PBXProject section */

/* Begin PBXResourcesBuildPhase section */
		40EA81FA1BCFA3360029228F /* Resources */ = {
			isa = PBXResourcesBuildPhase;
			buildActionMask = 2147483647;
			files = (
				40EA822E1BCFC4760029228F /* OPENSANS-EXTRABOLDITALIC.TTF in Resources */,
				40EA82341BCFC4760029228F /* OPENSANSLIGHT-ITALIC.TTF in Resources */,
				40440DBA1BDBCCA200FADF6E /* AutocompletionTableViewCell.xib in Resources */,
				40EA82301BCFC4760029228F /* OPENSANS-LIGHT.TTF in Resources */,
				350644C61BD7788400D51D5C /* ListHeaderView.xib in Resources */,
				40EA824C1BCFCD720029228F /* TabBarButton.xib in Resources */,
				40EA822F1BCFC4760029228F /* OPENSANS-ITALIC.TTF in Resources */,
				40EA82331BCFC4760029228F /* OPENSANS.TTF in Resources */,
				40EA820A1BCFA3360029228F /* LaunchScreen.storyboard in Resources */,
				40EA82151BCFB8E10029228F /* Assets.xcassets in Resources */,
				40EA822B1BCFC4760029228F /* OPENSANS-BOLD.TTF in Resources */,
				40440DC41BDBCE2F00FADF6E /* TagSearchControl.xib in Resources */,
				40EA822D1BCFC4760029228F /* OPENSANS-EXTRABOLD.TTF in Resources */,
				353C04FE1BE253BF00C92352 /* Localizable.strings in Resources */,
				40EA82051BCFA3360029228F /* Main.storyboard in Resources */,
				3563B99C1BD11EE5009BE696 /* images.jpeg in Resources */,
				350644CA1BD784B300D51D5C /* DateHeaderView.xib in Resources */,
				40440DB51BDBCC9C00FADF6E /* TextCollectionViewCell.xib in Resources */,
				40EA82311BCFC4760029228F /* OPENSANS-SEMIBOLD.TTF in Resources */,
				3584F0F21BEB48DD00AB20B2 /* ComposeReportsHeaderView.xib in Resources */,
				40EA822C1BCFC4760029228F /* OPENSANS-BOLDITALIC.TTF in Resources */,
				40EA82321BCFC4760029228F /* OPENSANS-SEMIBOLDITALIC.TTF in Resources */,
				40440DB31BDBCC9C00FADF6E /* InputCollectionViewCell.xib in Resources */,
			);
			runOnlyForDeploymentPostprocessing = 0;
		};
/* End PBXResourcesBuildPhase section */

/* Begin PBXSourcesBuildPhase section */
		40EA81F81BCFA3360029228F /* Sources */ = {
			isa = PBXSourcesBuildPhase;
			buildActionMask = 2147483647;
			files = (
				407A7DA61BE77D67006A9DB0 /* NewsModel.swift in Sources */,
				4056D5801BE8D49D0076B970 /* AuthorListModel.swift in Sources */,
				405A298C1BE6B21A0024ADA9 /* KeyValueCodable.swift in Sources */,
				405A29931BE6B2710024ADA9 /* TokenModel.swift in Sources */,
				407A7DAA1BE77D85006A9DB0 /* NewsListModel.swift in Sources */,
				40440DB91BDBCCA200FADF6E /* AutocompletionTableViewCell.swift in Sources */,
				3584F0F01BEB48CC00AB20B2 /* ComposeReportsHeaderView.swift in Sources */,
				407A7DA41BE778BD006A9DB0 /* ServerErrorModel.swift in Sources */,
				4056D5821BE8D5050076B970 /* SearchAuthorQueryModel.swift in Sources */,
				356558DE1BEA50DF001E31D5 /* UserRecepientTableViewCell.swift in Sources */,
				400327D51BE817FC00D2BEAE /* UserProfileModel.swift in Sources */,
				40EA82561BCFD07B0029228F /* MessagesViewController.swift in Sources */,
				4056D57E1BE8D1F00076B970 /* ComposerToTableViewCell.swift in Sources */,
				353C05051BE25D0800C92352 /* MainTabBarController.swift in Sources */,
				40EA824E1BCFCDEC0029228F /* TabBarControllerSegue.swift in Sources */,
				405A29891BE6B21A0024ADA9 /* JSONMapper.swift in Sources */,
				3DEFA79D1BD5040A00596A2B /* FilterNewsViewController.swift in Sources */,
				405A29901BE6B21A0024ADA9 /* RequestBuilder.swift in Sources */,
				35EE4E991BE8DDD400740A03 /* CategoriesListModel.swift in Sources */,
				40440DBE1BDBCDDE00FADF6E /* ExtendedTextField.swift in Sources */,
				4014E4EC1BD0FD4F00837B3E /* NewsTableViewCell.swift in Sources */,
				40EA82501BCFCE120029228F /* TabBarController.swift in Sources */,
				351E8ECC1BE3C2AC00690669 /* ComposerBodyTableViewCell.swift in Sources */,
				40440DB41BDBCC9C00FADF6E /* TextCollectionViewCell.swift in Sources */,
				3563B9A21BD12E40009BE696 /* DescriptionTableViewCell.swift in Sources */,
				4056D57C1BE8D1790076B970 /* MessageComposeViewController.swift in Sources */,
				3563B9981BD117BE009BE696 /* UserTableViewCell.swift in Sources */,
				40440DB21BDBCC9C00FADF6E /* InputCollectionViewCell.swift in Sources */,
				3D03534B1BE8F562009841F9 /* TimeAgoExtension.swift in Sources */,
				3516FFA11BE756BF00865EB9 /* MessageComposerFloatingView.swift in Sources */,
				351E8EC81BE3700F00690669 /* ComposerTopicTableViewCell.swift in Sources */,
				4056D5861BE8E8B20076B970 /* SearchCategoryQueryModel.swift in Sources */,
				40EA82471BCFCD690029228F /* TabsContainerView.swift in Sources */,
				405A29951BE6B2800024ADA9 /* BaseModel.swift in Sources */,
				40EA82371BCFC8A40029228F /* AppColors.swift in Sources */,
				40EA82001BCFA3360029228F /* AppDelegate.swift in Sources */,
				353C04FB1BE2490F00C92352 /* LocalizationService.swift in Sources */,
				40EA823F1BCFCCBE0029228F /* Extensions.swift in Sources */,
				405A29911BE6B21A0024ADA9 /* URLParametersSerializer.swift in Sources */,
				3DEFA7A11BD50B7100596A2B /* CategoryTableViewCell.swift in Sources */,
				40EA82541BCFD06F0029228F /* NewsViewController.swift in Sources */,
				40440DC31BDBCE2F00FADF6E /* TagSearchControl.swift in Sources */,
				3516FFA31BE7940000865EB9 /* ComposerRequestConfirmationCell.swift in Sources */,
				3563B9A01BD12CCB009BE696 /* TitleTableViewCell.swift in Sources */,
				350644C81BD784A800D51D5C /* DateHeaderView.swift in Sources */,
				4056D58A1BE903FD0076B970 /* TagModel.swift in Sources */,
				4056D5841BE8E7AC0076B970 /* AuthorModel.swift in Sources */,
				355FF06E1BDF697B0070B600 /* SearchNewsQueryModel.swift in Sources */,
				3591D0101BEA085500AE4884 /* KeychainWrapper.swift in Sources */,
				3563B99A1BD11B43009BE696 /* NewsDetailViewController.swift in Sources */,
				4056D57D1BE8D1C80076B970 /* BaseViewController.swift in Sources */,
				405A298A1BE6B21A0024ADA9 /* JSONValueConvertible.swift in Sources */,
				405A298E1BE6B21A0024ADA9 /* PropertyDescriptor.swift in Sources */,
				35EE4E971BE89CBD00740A03 /* NewMessageModel.swift in Sources */,
				356558DC1BEA4A41001E31D5 /* ComposerRecepientsViewController.swift in Sources */,
				40440DBC1BDBCD0E00FADF6E /* CollectionViewLeftAlignedFlowLayout.swift in Sources */,
				405A298D1BE6B21A0024ADA9 /* Mappable.swift in Sources */,
				40EA824B1BCFCD720029228F /* TabBarButton.swift in Sources */,
				405A298F1BE6B21A0024ADA9 /* ValueTransformer.swift in Sources */,
				40EA82581BCFD09A0029228F /* TrainingViewController.swift in Sources */,
				4056D5881BE8E8E50076B970 /* SearchStringModel.swift in Sources */,
				3563B9A41BD12FAE009BE696 /* HashtagAndTimeTableViewCell.swift in Sources */,
				3DD1FF321BE39FC0005C4339 /* NewsCategoryModel.swift in Sources */,
				4056D5771BE89B290076B970 /* ImageCacheManager.swift in Sources */,
				40EA82521BCFD05F0029228F /* DashboardViewController.swift in Sources */,
				3563B99E1BD1288A009BE696 /* ImageTableViewCell.swift in Sources */,
				3DEFA79F1BD5056E00596A2B /* DatePickerTableViewCell.swift in Sources */,
				40440DC51BDBCE2F00FADF6E /* TagTextField.swift in Sources */,
				4056D5791BE8B14E0076B970 /* AssetsIndetifier.swift in Sources */,
				405A298B1BE6B21A0024ADA9 /* JSONValueConvertibleExtensions.swift in Sources */,
				350644C31BD7783300D51D5C /* ListHeaderView.swift in Sources */,
				4056D57B1BE8B4F30076B970 /* Fonts.swift in Sources */,
				407A7DA81BE77D75006A9DB0 /* ListModel.swift in Sources */,
			);
			runOnlyForDeploymentPostprocessing = 0;
		};
/* End PBXSourcesBuildPhase section */

/* Begin PBXVariantGroup section */
		353C05001BE253BF00C92352 /* Localizable.strings */ = {
			isa = PBXVariantGroup;
			children = (
				353C04FF1BE253BF00C92352 /* en */,
				353C05031BE253D900C92352 /* fr */,
			);
			name = Localizable.strings;
			sourceTree = "<group>";
		};
		40EA82031BCFA3360029228F /* Main.storyboard */ = {
			isa = PBXVariantGroup;
			children = (
				40EA82041BCFA3360029228F /* Base */,
				353C05021BE253D900C92352 /* fr */,
			);
			name = Main.storyboard;
			path = .;
			sourceTree = "<group>";
		};
		40EA82081BCFA3360029228F /* LaunchScreen.storyboard */ = {
			isa = PBXVariantGroup;
			children = (
				40EA82091BCFA3360029228F /* Base */,
				353C05011BE253D900C92352 /* fr */,
			);
			name = LaunchScreen.storyboard;
			path = .;
			sourceTree = "<group>";
		};
/* End PBXVariantGroup section */

/* Begin XCBuildConfiguration section */
		40EA820C1BCFA3360029228F /* Debug */ = {
			isa = XCBuildConfiguration;
			buildSettings = {
				ALWAYS_SEARCH_USER_PATHS = NO;
				CLANG_CXX_LANGUAGE_STANDARD = "gnu++0x";
				CLANG_CXX_LIBRARY = "libc++";
				CLANG_ENABLE_MODULES = YES;
				CLANG_ENABLE_OBJC_ARC = YES;
				CLANG_WARN_BOOL_CONVERSION = YES;
				CLANG_WARN_CONSTANT_CONVERSION = YES;
				CLANG_WARN_DIRECT_OBJC_ISA_USAGE = YES_ERROR;
				CLANG_WARN_EMPTY_BODY = YES;
				CLANG_WARN_ENUM_CONVERSION = YES;
				CLANG_WARN_INT_CONVERSION = YES;
				CLANG_WARN_OBJC_ROOT_CLASS = YES_ERROR;
				CLANG_WARN_UNREACHABLE_CODE = YES;
				CLANG_WARN__DUPLICATE_METHOD_MATCH = YES;
				"CODE_SIGN_IDENTITY[sdk=iphoneos*]" = "iPhone Developer";
				COPY_PHASE_STRIP = NO;
				DEBUG_INFORMATION_FORMAT = dwarf;
				ENABLE_STRICT_OBJC_MSGSEND = YES;
				ENABLE_TESTABILITY = YES;
				GCC_C_LANGUAGE_STANDARD = gnu99;
				GCC_DYNAMIC_NO_PIC = NO;
				GCC_NO_COMMON_BLOCKS = YES;
				GCC_OPTIMIZATION_LEVEL = 0;
				GCC_PREPROCESSOR_DEFINITIONS = (
					"DEBUG=1",
					"$(inherited)",
				);
				GCC_WARN_64_TO_32_BIT_CONVERSION = YES;
				GCC_WARN_ABOUT_RETURN_TYPE = YES_ERROR;
				GCC_WARN_UNDECLARED_SELECTOR = YES;
				GCC_WARN_UNINITIALIZED_AUTOS = YES_AGGRESSIVE;
				GCC_WARN_UNUSED_FUNCTION = YES;
				GCC_WARN_UNUSED_VARIABLE = YES;
				IPHONEOS_DEPLOYMENT_TARGET = 8.0;
				MTL_ENABLE_DEBUG_INFO = YES;
				ONLY_ACTIVE_ARCH = YES;
				SDKROOT = iphoneos;
				SWIFT_OPTIMIZATION_LEVEL = "-Onone";
				TARGETED_DEVICE_FAMILY = "1,2";
			};
			name = Debug;
		};
		40EA820D1BCFA3360029228F /* Release */ = {
			isa = XCBuildConfiguration;
			buildSettings = {
				ALWAYS_SEARCH_USER_PATHS = NO;
				CLANG_CXX_LANGUAGE_STANDARD = "gnu++0x";
				CLANG_CXX_LIBRARY = "libc++";
				CLANG_ENABLE_MODULES = YES;
				CLANG_ENABLE_OBJC_ARC = YES;
				CLANG_WARN_BOOL_CONVERSION = YES;
				CLANG_WARN_CONSTANT_CONVERSION = YES;
				CLANG_WARN_DIRECT_OBJC_ISA_USAGE = YES_ERROR;
				CLANG_WARN_EMPTY_BODY = YES;
				CLANG_WARN_ENUM_CONVERSION = YES;
				CLANG_WARN_INT_CONVERSION = YES;
				CLANG_WARN_OBJC_ROOT_CLASS = YES_ERROR;
				CLANG_WARN_UNREACHABLE_CODE = YES;
				CLANG_WARN__DUPLICATE_METHOD_MATCH = YES;
				"CODE_SIGN_IDENTITY[sdk=iphoneos*]" = "iPhone Developer";
				COPY_PHASE_STRIP = NO;
				DEBUG_INFORMATION_FORMAT = "dwarf-with-dsym";
				ENABLE_NS_ASSERTIONS = NO;
				ENABLE_STRICT_OBJC_MSGSEND = YES;
				GCC_C_LANGUAGE_STANDARD = gnu99;
				GCC_NO_COMMON_BLOCKS = YES;
				GCC_WARN_64_TO_32_BIT_CONVERSION = YES;
				GCC_WARN_ABOUT_RETURN_TYPE = YES_ERROR;
				GCC_WARN_UNDECLARED_SELECTOR = YES;
				GCC_WARN_UNINITIALIZED_AUTOS = YES_AGGRESSIVE;
				GCC_WARN_UNUSED_FUNCTION = YES;
				GCC_WARN_UNUSED_VARIABLE = YES;
				IPHONEOS_DEPLOYMENT_TARGET = 8.0;
				MTL_ENABLE_DEBUG_INFO = NO;
				SDKROOT = iphoneos;
				TARGETED_DEVICE_FAMILY = "1,2";
				VALIDATE_PRODUCT = YES;
			};
			name = Release;
		};
		40EA820F1BCFA3360029228F /* Debug */ = {
			isa = XCBuildConfiguration;
			buildSettings = {
				ASSETCATALOG_COMPILER_APPICON_NAME = AppIcon;
				INFOPLIST_FILE = "$(SRCROOT)/iTacit/Supporting Files/Info.plist";
				LD_RUNPATH_SEARCH_PATHS = "$(inherited) @executable_path/Frameworks";
				PRODUCT_BUNDLE_IDENTIFIER = com.iTacit.iTacit;
				PRODUCT_NAME = "$(TARGET_NAME)";
				TARGETED_DEVICE_FAMILY = "1,2";
			};
			name = Debug;
		};
		40EA82101BCFA3360029228F /* Release */ = {
			isa = XCBuildConfiguration;
			buildSettings = {
				ASSETCATALOG_COMPILER_APPICON_NAME = AppIcon;
				INFOPLIST_FILE = "$(SRCROOT)/iTacit/Supporting Files/Info.plist";
				LD_RUNPATH_SEARCH_PATHS = "$(inherited) @executable_path/Frameworks";
				PRODUCT_BUNDLE_IDENTIFIER = com.iTacit.iTacit;
				PRODUCT_NAME = "$(TARGET_NAME)";
				TARGETED_DEVICE_FAMILY = "1,2";
			};
			name = Release;
		};
/* End XCBuildConfiguration section */

/* Begin XCConfigurationList section */
		40EA81F71BCFA3360029228F /* Build configuration list for PBXProject "iTacit" */ = {
			isa = XCConfigurationList;
			buildConfigurations = (
				40EA820C1BCFA3360029228F /* Debug */,
				40EA820D1BCFA3360029228F /* Release */,
			);
			defaultConfigurationIsVisible = 0;
			defaultConfigurationName = Release;
		};
		40EA820E1BCFA3360029228F /* Build configuration list for PBXNativeTarget "iTacit" */ = {
			isa = XCConfigurationList;
			buildConfigurations = (
				40EA820F1BCFA3360029228F /* Debug */,
				40EA82101BCFA3360029228F /* Release */,
			);
			defaultConfigurationIsVisible = 0;
			defaultConfigurationName = Release;
		};
/* End XCConfigurationList section */
	};
	rootObject = 40EA81F41BCFA3360029228F /* Project object */;
}
